// !$*UTF8*$!
{
	archiveVersion = 1;
	classes = {
	};
	objectVersion = 46;
	objects = {

/* Begin PBXAggregateTarget section */
		185C316F1E1F8E78002FC465 /* YUKitAggregate */ = {
			isa = PBXAggregateTarget;
			buildConfigurationList = 185C31701E1F8E78002FC465 /* Build configuration list for PBXAggregateTarget "YUKitAggregate" */;
			buildPhases = (
				185C31751E1F8E84002FC465 /* ShellScript */,
			);
			dependencies = (
				185C31741E1F8E82002FC465 /* PBXTargetDependency */,
			);
			name = YUKitAggregate;
			productName = YUKitAggregate;
		};
/* End PBXAggregateTarget section */

/* Begin PBXBuildFile section */
		183ABA011EEFD785005E17E7 /* NSArray+YU.h in Headers */ = {isa = PBXBuildFile; fileRef = 183AB9471EEFD785005E17E7 /* NSArray+YU.h */; };
		183ABA021EEFD785005E17E7 /* NSArray+YU.m in Sources */ = {isa = PBXBuildFile; fileRef = 183AB9481EEFD785005E17E7 /* NSArray+YU.m */; };
		183ABA031EEFD785005E17E7 /* NSAttributedString+YU.h in Headers */ = {isa = PBXBuildFile; fileRef = 183AB9491EEFD785005E17E7 /* NSAttributedString+YU.h */; };
		183ABA041EEFD785005E17E7 /* NSAttributedString+YU.m in Sources */ = {isa = PBXBuildFile; fileRef = 183AB94A1EEFD785005E17E7 /* NSAttributedString+YU.m */; };
		183ABA051EEFD785005E17E7 /* NSCalendar+YU.h in Headers */ = {isa = PBXBuildFile; fileRef = 183AB94B1EEFD785005E17E7 /* NSCalendar+YU.h */; };
		183ABA061EEFD785005E17E7 /* NSCalendar+YU.m in Sources */ = {isa = PBXBuildFile; fileRef = 183AB94C1EEFD785005E17E7 /* NSCalendar+YU.m */; };
		183ABA071EEFD785005E17E7 /* NSData+YU.h in Headers */ = {isa = PBXBuildFile; fileRef = 183AB94D1EEFD785005E17E7 /* NSData+YU.h */; };
		183ABA081EEFD785005E17E7 /* NSData+YU.m in Sources */ = {isa = PBXBuildFile; fileRef = 183AB94E1EEFD785005E17E7 /* NSData+YU.m */; };
		183ABA091EEFD785005E17E7 /* NSDate+YU.h in Headers */ = {isa = PBXBuildFile; fileRef = 183AB94F1EEFD785005E17E7 /* NSDate+YU.h */; };
		183ABA0A1EEFD785005E17E7 /* NSDate+YU.m in Sources */ = {isa = PBXBuildFile; fileRef = 183AB9501EEFD785005E17E7 /* NSDate+YU.m */; };
		183ABA0B1EEFD785005E17E7 /* NSDictionary+YU.h in Headers */ = {isa = PBXBuildFile; fileRef = 183AB9511EEFD785005E17E7 /* NSDictionary+YU.h */; };
		183ABA0C1EEFD785005E17E7 /* NSDictionary+YU.m in Sources */ = {isa = PBXBuildFile; fileRef = 183AB9521EEFD785005E17E7 /* NSDictionary+YU.m */; };
		183ABA0D1EEFD785005E17E7 /* NSError+YU.h in Headers */ = {isa = PBXBuildFile; fileRef = 183AB9531EEFD785005E17E7 /* NSError+YU.h */; };
		183ABA0E1EEFD785005E17E7 /* NSError+YU.m in Sources */ = {isa = PBXBuildFile; fileRef = 183AB9541EEFD785005E17E7 /* NSError+YU.m */; };
		183ABA0F1EEFD785005E17E7 /* NSFileManager+YU.h in Headers */ = {isa = PBXBuildFile; fileRef = 183AB9551EEFD785005E17E7 /* NSFileManager+YU.h */; };
		183ABA101EEFD785005E17E7 /* NSFileManager+YU.m in Sources */ = {isa = PBXBuildFile; fileRef = 183AB9561EEFD785005E17E7 /* NSFileManager+YU.m */; };
		183ABA111EEFD785005E17E7 /* NSNotificationCenter+YU.h in Headers */ = {isa = PBXBuildFile; fileRef = 183AB9571EEFD785005E17E7 /* NSNotificationCenter+YU.h */; };
		183ABA121EEFD785005E17E7 /* NSNotificationCenter+YU.m in Sources */ = {isa = PBXBuildFile; fileRef = 183AB9581EEFD785005E17E7 /* NSNotificationCenter+YU.m */; };
		183ABA131EEFD785005E17E7 /* NSNull+YU.h in Headers */ = {isa = PBXBuildFile; fileRef = 183AB9591EEFD785005E17E7 /* NSNull+YU.h */; };
		183ABA141EEFD785005E17E7 /* NSNull+YU.m in Sources */ = {isa = PBXBuildFile; fileRef = 183AB95A1EEFD785005E17E7 /* NSNull+YU.m */; };
		183ABA151EEFD785005E17E7 /* NSNumber+YU.h in Headers */ = {isa = PBXBuildFile; fileRef = 183AB95B1EEFD785005E17E7 /* NSNumber+YU.h */; };
		183ABA161EEFD785005E17E7 /* NSNumber+YU.m in Sources */ = {isa = PBXBuildFile; fileRef = 183AB95C1EEFD785005E17E7 /* NSNumber+YU.m */; };
		183ABA171EEFD785005E17E7 /* NSObject+YU.h in Headers */ = {isa = PBXBuildFile; fileRef = 183AB95D1EEFD785005E17E7 /* NSObject+YU.h */; };
		183ABA181EEFD785005E17E7 /* NSObject+YU.m in Sources */ = {isa = PBXBuildFile; fileRef = 183AB95E1EEFD785005E17E7 /* NSObject+YU.m */; };
		183ABA191EEFD785005E17E7 /* NSObject+YUFile.h in Headers */ = {isa = PBXBuildFile; fileRef = 183AB95F1EEFD785005E17E7 /* NSObject+YUFile.h */; };
		183ABA1A1EEFD785005E17E7 /* NSObject+YUFile.m in Sources */ = {isa = PBXBuildFile; fileRef = 183AB9601EEFD785005E17E7 /* NSObject+YUFile.m */; };
		183ABA1B1EEFD785005E17E7 /* NSObject+YUJSON.h in Headers */ = {isa = PBXBuildFile; fileRef = 183AB9611EEFD785005E17E7 /* NSObject+YUJSON.h */; };
		183ABA1C1EEFD785005E17E7 /* NSObject+YUJSON.m in Sources */ = {isa = PBXBuildFile; fileRef = 183AB9621EEFD785005E17E7 /* NSObject+YUJSON.m */; };
		183ABA1D1EEFD785005E17E7 /* NSObject+YULog.h in Headers */ = {isa = PBXBuildFile; fileRef = 183AB9631EEFD785005E17E7 /* NSObject+YULog.h */; };
		183ABA1E1EEFD785005E17E7 /* NSObject+YULog.m in Sources */ = {isa = PBXBuildFile; fileRef = 183AB9641EEFD785005E17E7 /* NSObject+YULog.m */; };
		183ABA1F1EEFD785005E17E7 /* NSObject+YURuntime.h in Headers */ = {isa = PBXBuildFile; fileRef = 183AB9651EEFD785005E17E7 /* NSObject+YURuntime.h */; };
		183ABA201EEFD785005E17E7 /* NSObject+YURuntime.m in Sources */ = {isa = PBXBuildFile; fileRef = 183AB9661EEFD785005E17E7 /* NSObject+YURuntime.m */; };
		183ABA211EEFD785005E17E7 /* NSString+YU.h in Headers */ = {isa = PBXBuildFile; fileRef = 183AB9671EEFD785005E17E7 /* NSString+YU.h */; };
		183ABA221EEFD785005E17E7 /* NSString+YU.m in Sources */ = {isa = PBXBuildFile; fileRef = 183AB9681EEFD785005E17E7 /* NSString+YU.m */; };
		183ABA231EEFD785005E17E7 /* NSString+YUCheck.h in Headers */ = {isa = PBXBuildFile; fileRef = 183AB9691EEFD785005E17E7 /* NSString+YUCheck.h */; };
		183ABA241EEFD785005E17E7 /* NSString+YUCheck.m in Sources */ = {isa = PBXBuildFile; fileRef = 183AB96A1EEFD785005E17E7 /* NSString+YUCheck.m */; };
		183ABA251EEFD785005E17E7 /* NSString+YUSize.h in Headers */ = {isa = PBXBuildFile; fileRef = 183AB96B1EEFD785005E17E7 /* NSString+YUSize.h */; };
		183ABA261EEFD785005E17E7 /* NSString+YUSize.m in Sources */ = {isa = PBXBuildFile; fileRef = 183AB96C1EEFD785005E17E7 /* NSString+YUSize.m */; };
		183ABA271EEFD785005E17E7 /* NSTimer+YU.h in Headers */ = {isa = PBXBuildFile; fileRef = 183AB96D1EEFD785005E17E7 /* NSTimer+YU.h */; };
		183ABA281EEFD785005E17E7 /* NSTimer+YU.m in Sources */ = {isa = PBXBuildFile; fileRef = 183AB96E1EEFD785005E17E7 /* NSTimer+YU.m */; };
		183ABA291EEFD785005E17E7 /* NSURL+YU.h in Headers */ = {isa = PBXBuildFile; fileRef = 183AB96F1EEFD785005E17E7 /* NSURL+YU.h */; };
		183ABA2A1EEFD785005E17E7 /* NSURL+YU.m in Sources */ = {isa = PBXBuildFile; fileRef = 183AB9701EEFD785005E17E7 /* NSURL+YU.m */; };
		183ABA2B1EEFD785005E17E7 /* AddressBook.h in Headers */ = {isa = PBXBuildFile; fileRef = 183AB9731EEFD785005E17E7 /* AddressBook.h */; };
		183ABA2C1EEFD785005E17E7 /* AddressBook.m in Sources */ = {isa = PBXBuildFile; fileRef = 183AB9741EEFD785005E17E7 /* AddressBook.m */; };
		183ABA2D1EEFD785005E17E7 /* AddressBookObj.h in Headers */ = {isa = PBXBuildFile; fileRef = 183AB9751EEFD785005E17E7 /* AddressBookObj.h */; };
		183ABA2E1EEFD785005E17E7 /* AddressBookObj.m in Sources */ = {isa = PBXBuildFile; fileRef = 183AB9761EEFD785005E17E7 /* AddressBookObj.m */; };
		183ABA311EEFD785005E17E7 /* YU_MapCoordinateConversion.cpp in Sources */ = {isa = PBXBuildFile; fileRef = 183AB97B1EEFD785005E17E7 /* YU_MapCoordinateConversion.cpp */; };
		183ABA321EEFD785005E17E7 /* YU_MapCoordinateConversion.h in Headers */ = {isa = PBXBuildFile; fileRef = 183AB97C1EEFD785005E17E7 /* YU_MapCoordinateConversion.h */; };
		183ABA331EEFD785005E17E7 /* YU_WGS84TOGCJ02.h in Headers */ = {isa = PBXBuildFile; fileRef = 183AB97D1EEFD785005E17E7 /* YU_WGS84TOGCJ02.h */; };
		183ABA341EEFD785005E17E7 /* YU_WGS84TOGCJ02.m in Sources */ = {isa = PBXBuildFile; fileRef = 183AB97E1EEFD785005E17E7 /* YU_WGS84TOGCJ02.m */; };
		183ABA351EEFD785005E17E7 /* TopLeftLabel.h in Headers */ = {isa = PBXBuildFile; fileRef = 183AB9801EEFD785005E17E7 /* TopLeftLabel.h */; };
		183ABA361EEFD785005E17E7 /* TopLeftLabel.m in Sources */ = {isa = PBXBuildFile; fileRef = 183AB9811EEFD785005E17E7 /* TopLeftLabel.m */; };
		183ABA371EEFD785005E17E7 /* YU_UserDefaults.h in Headers */ = {isa = PBXBuildFile; fileRef = 183AB9831EEFD785005E17E7 /* YU_UserDefaults.h */; };
		183ABA381EEFD785005E17E7 /* YU_UserDefaults.m in Sources */ = {isa = PBXBuildFile; fileRef = 183AB9841EEFD785005E17E7 /* YU_UserDefaults.m */; };
		183ABA391EEFD785005E17E7 /* YU_Device.h in Headers */ = {isa = PBXBuildFile; fileRef = 183AB9851EEFD785005E17E7 /* YU_Device.h */; };
		183ABA3A1EEFD785005E17E7 /* YU_Device.m in Sources */ = {isa = PBXBuildFile; fileRef = 183AB9861EEFD785005E17E7 /* YU_Device.m */; };
		183ABA3B1EEFD785005E17E7 /* YU_Singleton.h in Headers */ = {isa = PBXBuildFile; fileRef = 183AB9871EEFD785005E17E7 /* YU_Singleton.h */; };
		183ABA3C1EEFD785005E17E7 /* YU_SysInfo.h in Headers */ = {isa = PBXBuildFile; fileRef = 183AB9881EEFD785005E17E7 /* YU_SysInfo.h */; };
		183ABA3D1EEFD785005E17E7 /* YU_SysInfo.m in Sources */ = {isa = PBXBuildFile; fileRef = 183AB9891EEFD785005E17E7 /* YU_SysInfo.m */; };
		183ABA3E1EEFD785005E17E7 /* YU_System.h in Headers */ = {isa = PBXBuildFile; fileRef = 183AB98A1EEFD785005E17E7 /* YU_System.h */; };
		183ABA3F1EEFD785005E17E7 /* YU_System.m in Sources */ = {isa = PBXBuildFile; fileRef = 183AB98B1EEFD785005E17E7 /* YU_System.m */; };
		183ABA401EEFD785005E17E7 /* GCDGroup.h in Headers */ = {isa = PBXBuildFile; fileRef = 183AB98D1EEFD785005E17E7 /* GCDGroup.h */; };
		183ABA411EEFD785005E17E7 /* GCDGroup.m in Sources */ = {isa = PBXBuildFile; fileRef = 183AB98E1EEFD785005E17E7 /* GCDGroup.m */; };
		183ABA421EEFD785005E17E7 /* GCDMacros.h in Headers */ = {isa = PBXBuildFile; fileRef = 183AB98F1EEFD785005E17E7 /* GCDMacros.h */; };
		183ABA431EEFD785005E17E7 /* GCDObjC.h in Headers */ = {isa = PBXBuildFile; fileRef = 183AB9901EEFD785005E17E7 /* GCDObjC.h */; };
		183ABA441EEFD785005E17E7 /* GCDQueue.h in Headers */ = {isa = PBXBuildFile; fileRef = 183AB9911EEFD785005E17E7 /* GCDQueue.h */; };
		183ABA451EEFD785005E17E7 /* GCDQueue.m in Sources */ = {isa = PBXBuildFile; fileRef = 183AB9921EEFD785005E17E7 /* GCDQueue.m */; };
		183ABA461EEFD785005E17E7 /* GCDSemaphore.h in Headers */ = {isa = PBXBuildFile; fileRef = 183AB9931EEFD785005E17E7 /* GCDSemaphore.h */; };
		183ABA471EEFD785005E17E7 /* GCDSemaphore.m in Sources */ = {isa = PBXBuildFile; fileRef = 183AB9941EEFD785005E17E7 /* GCDSemaphore.m */; };
		183ABA481EEFD785005E17E7 /* GCDTimer.h in Headers */ = {isa = PBXBuildFile; fileRef = 183AB9951EEFD785005E17E7 /* GCDTimer.h */; };
		183ABA491EEFD785005E17E7 /* GCDTimer.m in Sources */ = {isa = PBXBuildFile; fileRef = 183AB9961EEFD785005E17E7 /* GCDTimer.m */; };
		183ABA4A1EEFD785005E17E7 /* YU_Foundation.h in Headers */ = {isa = PBXBuildFile; fileRef = 183AB9971EEFD785005E17E7 /* YU_Foundation.h */; };
		183ABA681EEFD785005E17E7 /* Readme.md in Sources */ = {isa = PBXBuildFile; fileRef = 183AB9BA1EEFD785005E17E7 /* Readme.md */; };
		183ABA691EEFD785005E17E7 /* UIAlertController+YU.h in Headers */ = {isa = PBXBuildFile; fileRef = 183AB9BD1EEFD785005E17E7 /* UIAlertController+YU.h */; };
		183ABA6A1EEFD785005E17E7 /* UIAlertController+YU.m in Sources */ = {isa = PBXBuildFile; fileRef = 183AB9BE1EEFD785005E17E7 /* UIAlertController+YU.m */; };
		183ABA6B1EEFD785005E17E7 /* UIAlertView+YU.h in Headers */ = {isa = PBXBuildFile; fileRef = 183AB9BF1EEFD785005E17E7 /* UIAlertView+YU.h */; };
		183ABA6C1EEFD785005E17E7 /* UIAlertView+YU.m in Sources */ = {isa = PBXBuildFile; fileRef = 183AB9C01EEFD785005E17E7 /* UIAlertView+YU.m */; };
		183ABA6D1EEFD785005E17E7 /* UIApplication+YUShare.h in Headers */ = {isa = PBXBuildFile; fileRef = 183AB9C11EEFD785005E17E7 /* UIApplication+YUShare.h */; };
		183ABA6E1EEFD785005E17E7 /* UIApplication+YUShare.m in Sources */ = {isa = PBXBuildFile; fileRef = 183AB9C21EEFD785005E17E7 /* UIApplication+YUShare.m */; };
		183ABA6F1EEFD785005E17E7 /* UIBarButtonItem+YU.h in Headers */ = {isa = PBXBuildFile; fileRef = 183AB9C31EEFD785005E17E7 /* UIBarButtonItem+YU.h */; };
		183ABA701EEFD785005E17E7 /* UIBarButtonItem+YU.m in Sources */ = {isa = PBXBuildFile; fileRef = 183AB9C41EEFD785005E17E7 /* UIBarButtonItem+YU.m */; };
		183ABA711EEFD785005E17E7 /* UIButton+YU.h in Headers */ = {isa = PBXBuildFile; fileRef = 183AB9C51EEFD785005E17E7 /* UIButton+YU.h */; };
		183ABA721EEFD785005E17E7 /* UIButton+YU.m in Sources */ = {isa = PBXBuildFile; fileRef = 183AB9C61EEFD785005E17E7 /* UIButton+YU.m */; };
		183ABA731EEFD785005E17E7 /* UIColor+YU.h in Headers */ = {isa = PBXBuildFile; fileRef = 183AB9C71EEFD785005E17E7 /* UIColor+YU.h */; };
		183ABA741EEFD785005E17E7 /* UIColor+YU.m in Sources */ = {isa = PBXBuildFile; fileRef = 183AB9C81EEFD785005E17E7 /* UIColor+YU.m */; };
		183ABA751EEFD785005E17E7 /* UIControl+YU.h in Headers */ = {isa = PBXBuildFile; fileRef = 183AB9C91EEFD785005E17E7 /* UIControl+YU.h */; };
		183ABA761EEFD785005E17E7 /* UIControl+YU.m in Sources */ = {isa = PBXBuildFile; fileRef = 183AB9CA1EEFD785005E17E7 /* UIControl+YU.m */; };
		183ABA771EEFD785005E17E7 /* UIImage+YU.h in Headers */ = {isa = PBXBuildFile; fileRef = 183AB9CB1EEFD785005E17E7 /* UIImage+YU.h */; };
		183ABA781EEFD785005E17E7 /* UIImage+YU.m in Sources */ = {isa = PBXBuildFile; fileRef = 183AB9CC1EEFD785005E17E7 /* UIImage+YU.m */; };
		183ABA791EEFD785005E17E7 /* UIImageView+YU.h in Headers */ = {isa = PBXBuildFile; fileRef = 183AB9CD1EEFD785005E17E7 /* UIImageView+YU.h */; };
		183ABA7A1EEFD785005E17E7 /* UIImageView+YU.m in Sources */ = {isa = PBXBuildFile; fileRef = 183AB9CE1EEFD785005E17E7 /* UIImageView+YU.m */; };
		183ABA7B1EEFD785005E17E7 /* UINavigationController+YU.h in Headers */ = {isa = PBXBuildFile; fileRef = 183AB9CF1EEFD785005E17E7 /* UINavigationController+YU.h */; };
		183ABA7C1EEFD785005E17E7 /* UINavigationController+YU.m in Sources */ = {isa = PBXBuildFile; fileRef = 183AB9D01EEFD785005E17E7 /* UINavigationController+YU.m */; };
		183ABA7D1EEFD785005E17E7 /* UIPasteboard+YU.h in Headers */ = {isa = PBXBuildFile; fileRef = 183AB9D11EEFD785005E17E7 /* UIPasteboard+YU.h */; };
		183ABA7E1EEFD785005E17E7 /* UIPasteboard+YU.m in Sources */ = {isa = PBXBuildFile; fileRef = 183AB9D21EEFD785005E17E7 /* UIPasteboard+YU.m */; };
		183ABA7F1EEFD785005E17E7 /* UIResponder+YU.h in Headers */ = {isa = PBXBuildFile; fileRef = 183AB9D31EEFD785005E17E7 /* UIResponder+YU.h */; };
		183ABA801EEFD785005E17E7 /* UIResponder+YU.m in Sources */ = {isa = PBXBuildFile; fileRef = 183AB9D41EEFD785005E17E7 /* UIResponder+YU.m */; };
		183ABA811EEFD785005E17E7 /* UIStoryboard+YU.h in Headers */ = {isa = PBXBuildFile; fileRef = 183AB9D51EEFD785005E17E7 /* UIStoryboard+YU.h */; };
		183ABA821EEFD785005E17E7 /* UIStoryboard+YU.m in Sources */ = {isa = PBXBuildFile; fileRef = 183AB9D61EEFD785005E17E7 /* UIStoryboard+YU.m */; };
		183ABA831EEFD785005E17E7 /* UITableView+YU.h in Headers */ = {isa = PBXBuildFile; fileRef = 183AB9D71EEFD785005E17E7 /* UITableView+YU.h */; };
		183ABA841EEFD785005E17E7 /* UITableView+YU.m in Sources */ = {isa = PBXBuildFile; fileRef = 183AB9D81EEFD785005E17E7 /* UITableView+YU.m */; };
		183ABA851EEFD785005E17E7 /* UITableViewCell+YU.h in Headers */ = {isa = PBXBuildFile; fileRef = 183AB9D91EEFD785005E17E7 /* UITableViewCell+YU.h */; };
		183ABA861EEFD785005E17E7 /* UITableViewCell+YU.m in Sources */ = {isa = PBXBuildFile; fileRef = 183AB9DA1EEFD785005E17E7 /* UITableViewCell+YU.m */; };
		183ABA871EEFD785005E17E7 /* UITableViewHeaderFooterView+YU.h in Headers */ = {isa = PBXBuildFile; fileRef = 183AB9DB1EEFD785005E17E7 /* UITableViewHeaderFooterView+YU.h */; };
		183ABA881EEFD785005E17E7 /* UITableViewHeaderFooterView+YU.m in Sources */ = {isa = PBXBuildFile; fileRef = 183AB9DC1EEFD785005E17E7 /* UITableViewHeaderFooterView+YU.m */; };
		183ABA891EEFD785005E17E7 /* UITextField+YU.h in Headers */ = {isa = PBXBuildFile; fileRef = 183AB9DD1EEFD785005E17E7 /* UITextField+YU.h */; };
		183ABA8A1EEFD785005E17E7 /* UITextField+YU.m in Sources */ = {isa = PBXBuildFile; fileRef = 183AB9DE1EEFD785005E17E7 /* UITextField+YU.m */; };
		183ABA8B1EEFD785005E17E7 /* UIView+YU.h in Headers */ = {isa = PBXBuildFile; fileRef = 183AB9DF1EEFD785005E17E7 /* UIView+YU.h */; };
		183ABA8C1EEFD785005E17E7 /* UIView+YU.m in Sources */ = {isa = PBXBuildFile; fileRef = 183AB9E01EEFD785005E17E7 /* UIView+YU.m */; };
		183ABA8D1EEFD785005E17E7 /* UIView+YUAnimation.h in Headers */ = {isa = PBXBuildFile; fileRef = 183AB9E11EEFD785005E17E7 /* UIView+YUAnimation.h */; };
		183ABA8E1EEFD785005E17E7 /* UIView+YUAnimation.m in Sources */ = {isa = PBXBuildFile; fileRef = 183AB9E21EEFD785005E17E7 /* UIView+YUAnimation.m */; };
		183ABA8F1EEFD785005E17E7 /* UIView+YUFrame.h in Headers */ = {isa = PBXBuildFile; fileRef = 183AB9E31EEFD785005E17E7 /* UIView+YUFrame.h */; };
		183ABA901EEFD785005E17E7 /* UIView+YUFrame.m in Sources */ = {isa = PBXBuildFile; fileRef = 183AB9E41EEFD785005E17E7 /* UIView+YUFrame.m */; };
		183ABA911EEFD785005E17E7 /* UIView+YURotate360.h in Headers */ = {isa = PBXBuildFile; fileRef = 183AB9E51EEFD785005E17E7 /* UIView+YURotate360.h */; };
		183ABA921EEFD785005E17E7 /* UIView+YURotate360.m in Sources */ = {isa = PBXBuildFile; fileRef = 183AB9E61EEFD785005E17E7 /* UIView+YURotate360.m */; };
		183ABA931EEFD785005E17E7 /* UIViewController+Console.h in Headers */ = {isa = PBXBuildFile; fileRef = 183AB9E71EEFD785005E17E7 /* UIViewController+Console.h */; };
		183ABA941EEFD785005E17E7 /* UIViewController+Console.m in Sources */ = {isa = PBXBuildFile; fileRef = 183AB9E81EEFD785005E17E7 /* UIViewController+Console.m */; };
		183ABA951EEFD785005E17E7 /* UIViewController+Storyboard.h in Headers */ = {isa = PBXBuildFile; fileRef = 183AB9E91EEFD785005E17E7 /* UIViewController+Storyboard.h */; };
		183ABA961EEFD785005E17E7 /* UIViewController+Storyboard.m in Sources */ = {isa = PBXBuildFile; fileRef = 183AB9EA1EEFD785005E17E7 /* UIViewController+Storyboard.m */; };
		183ABA971EEFD785005E17E7 /* UIViewController+YU.h in Headers */ = {isa = PBXBuildFile; fileRef = 183AB9EB1EEFD785005E17E7 /* UIViewController+YU.h */; };
		183ABA981EEFD785005E17E7 /* UIViewController+YU.m in Sources */ = {isa = PBXBuildFile; fileRef = 183AB9EC1EEFD785005E17E7 /* UIViewController+YU.m */; };
		183ABA991EEFD785005E17E7 /* UIWebView+YU.h in Headers */ = {isa = PBXBuildFile; fileRef = 183AB9ED1EEFD785005E17E7 /* UIWebView+YU.h */; };
		183ABA9A1EEFD785005E17E7 /* UIWebView+YU.m in Sources */ = {isa = PBXBuildFile; fileRef = 183AB9EE1EEFD785005E17E7 /* UIWebView+YU.m */; };
		183ABA9B1EEFD785005E17E7 /* UIWindow+YU.h in Headers */ = {isa = PBXBuildFile; fileRef = 183AB9EF1EEFD785005E17E7 /* UIWindow+YU.h */; };
		183ABA9C1EEFD785005E17E7 /* UIWindow+YU.m in Sources */ = {isa = PBXBuildFile; fileRef = 183AB9F01EEFD785005E17E7 /* UIWindow+YU.m */; };
		183ABAA01EEFD785005E17E7 /* YU_AmountTextField.h in Headers */ = {isa = PBXBuildFile; fileRef = 183AB9F61EEFD785005E17E7 /* YU_AmountTextField.h */; };
		183ABAA11EEFD785005E17E7 /* YU_AmountTextField.m in Sources */ = {isa = PBXBuildFile; fileRef = 183AB9F71EEFD785005E17E7 /* YU_AmountTextField.m */; };
		183ABAA21EEFD785005E17E7 /* YU_TableViewCell.h in Headers */ = {isa = PBXBuildFile; fileRef = 183AB9F81EEFD785005E17E7 /* YU_TableViewCell.h */; };
		183ABAA31EEFD785005E17E7 /* YU_TableViewCell.m in Sources */ = {isa = PBXBuildFile; fileRef = 183AB9F91EEFD785005E17E7 /* YU_TableViewCell.m */; };
		183ABAA41EEFD785005E17E7 /* YU_TextView.h in Headers */ = {isa = PBXBuildFile; fileRef = 183AB9FA1EEFD785005E17E7 /* YU_TextView.h */; };
		183ABAA51EEFD785005E17E7 /* YU_TextView.m in Sources */ = {isa = PBXBuildFile; fileRef = 183AB9FB1EEFD785005E17E7 /* YU_TextView.m */; };
		183ABAA61EEFD785005E17E7 /* YU_UIKit.h in Headers */ = {isa = PBXBuildFile; fileRef = 183AB9FC1EEFD785005E17E7 /* YU_UIKit.h */; };
		183ABAA71EEFD785005E17E7 /* YUKit.h in Headers */ = {isa = PBXBuildFile; fileRef = 183AB9FD1EEFD785005E17E7 /* YUKit.h */; };
		183ABAA81EEFD785005E17E7 /* YUKit.podspec in Resources */ = {isa = PBXBuildFile; fileRef = 183AB9FE1EEFD785005E17E7 /* YUKit.podspec */; };
		183ABAA91EEFD785005E17E7 /* YUKitHeader.h in Headers */ = {isa = PBXBuildFile; fileRef = 183AB9FF1EEFD785005E17E7 /* YUKitHeader.h */; };
		183ABAAA1EEFD785005E17E7 /* YUMacro.h in Headers */ = {isa = PBXBuildFile; fileRef = 183ABA001EEFD785005E17E7 /* YUMacro.h */; };
		183ADD1E1EF21F79007A50C1 /* NSData+YUBase64.h in Headers */ = {isa = PBXBuildFile; fileRef = 183ADD1C1EF21F79007A50C1 /* NSData+YUBase64.h */; };
		183ADD1F1EF21F79007A50C1 /* NSData+YUBase64.m in Sources */ = {isa = PBXBuildFile; fileRef = 183ADD1D1EF21F79007A50C1 /* NSData+YUBase64.m */; };
		183ADD221EF21FC2007A50C1 /* NSString+YUBase64.h in Headers */ = {isa = PBXBuildFile; fileRef = 183ADD201EF21FC2007A50C1 /* NSString+YUBase64.h */; };
		183ADD231EF21FC2007A50C1 /* NSString+YUBase64.m in Sources */ = {isa = PBXBuildFile; fileRef = 183ADD211EF21FC2007A50C1 /* NSString+YUBase64.m */; };
		183ADD541EF22D6E007A50C1 /* NSArray+YUException.h in Headers */ = {isa = PBXBuildFile; fileRef = 183ADD351EF22D6E007A50C1 /* NSArray+YUException.h */; };
		183ADD551EF22D6E007A50C1 /* NSArray+YUException.m in Sources */ = {isa = PBXBuildFile; fileRef = 183ADD361EF22D6E007A50C1 /* NSArray+YUException.m */; };
		183ADD561EF22D6E007A50C1 /* NSDictionary+YUException.h in Headers */ = {isa = PBXBuildFile; fileRef = 183ADD371EF22D6E007A50C1 /* NSDictionary+YUException.h */; };
		183ADD571EF22D6E007A50C1 /* NSDictionary+YUException.m in Sources */ = {isa = PBXBuildFile; fileRef = 183ADD381EF22D6E007A50C1 /* NSDictionary+YUException.m */; };
		183ADD581EF22D6E007A50C1 /* NSException+YUException.h in Headers */ = {isa = PBXBuildFile; fileRef = 183ADD391EF22D6E007A50C1 /* NSException+YUException.h */; };
		183ADD591EF22D6E007A50C1 /* NSException+YUException.m in Sources */ = {isa = PBXBuildFile; fileRef = 183ADD3A1EF22D6E007A50C1 /* NSException+YUException.m */; };
		183ADD5A1EF22D6E007A50C1 /* NSMethodSignature+YUException.h in Headers */ = {isa = PBXBuildFile; fileRef = 183ADD3B1EF22D6E007A50C1 /* NSMethodSignature+YUException.h */; };
		183ADD5B1EF22D6E007A50C1 /* NSMethodSignature+YUException.m in Sources */ = {isa = PBXBuildFile; fileRef = 183ADD3C1EF22D6E007A50C1 /* NSMethodSignature+YUException.m */; };
		183ADD5C1EF22D6E007A50C1 /* NSObject+YUException.h in Headers */ = {isa = PBXBuildFile; fileRef = 183ADD3D1EF22D6E007A50C1 /* NSObject+YUException.h */; };
		183ADD5D1EF22D6E007A50C1 /* NSObject+YUException.m in Sources */ = {isa = PBXBuildFile; fileRef = 183ADD3E1EF22D6E007A50C1 /* NSObject+YUException.m */; };
		183ADD5E1EF22D6E007A50C1 /* NSObject+YUMethodSignature.h in Headers */ = {isa = PBXBuildFile; fileRef = 183ADD3F1EF22D6E007A50C1 /* NSObject+YUMethodSignature.h */; };
		183ADD5F1EF22D6E007A50C1 /* NSObject+YUMethodSignature.m in Sources */ = {isa = PBXBuildFile; fileRef = 183ADD401EF22D6E007A50C1 /* NSObject+YUMethodSignature.m */; };
		183ADD601EF22D6E007A50C1 /* NSString+YUException.h in Headers */ = {isa = PBXBuildFile; fileRef = 183ADD411EF22D6E007A50C1 /* NSString+YUException.h */; };
		183ADD611EF22D6E007A50C1 /* NSString+YUException.m in Sources */ = {isa = PBXBuildFile; fileRef = 183ADD421EF22D6E007A50C1 /* NSString+YUException.m */; };
		183ADD621EF22D6E007A50C1 /* UncaughtExceptionHandler.h in Headers */ = {isa = PBXBuildFile; fileRef = 183ADD431EF22D6E007A50C1 /* UncaughtExceptionHandler.h */; };
		183ADD631EF22D6E007A50C1 /* UncaughtExceptionHandler.m in Sources */ = {isa = PBXBuildFile; fileRef = 183ADD441EF22D6E007A50C1 /* UncaughtExceptionHandler.m */; };
		183ADD641EF22D6E007A50C1 /* Valet.h in Headers */ = {isa = PBXBuildFile; fileRef = 183ADD471EF22D6E007A50C1 /* Valet.h */; };
		183ADD651EF22D6E007A50C1 /* ValetDefines.h in Headers */ = {isa = PBXBuildFile; fileRef = 183ADD481EF22D6E007A50C1 /* ValetDefines.h */; };
		183ADD661EF22D6E007A50C1 /* VALSecureEnclaveValet.h in Headers */ = {isa = PBXBuildFile; fileRef = 183ADD491EF22D6E007A50C1 /* VALSecureEnclaveValet.h */; };
		183ADD671EF22D6E007A50C1 /* VALSecureEnclaveValet.m in Sources */ = {isa = PBXBuildFile; fileRef = 183ADD4A1EF22D6E007A50C1 /* VALSecureEnclaveValet.m */; };
		183ADD681EF22D6E007A50C1 /* VALSynchronizableValet.h in Headers */ = {isa = PBXBuildFile; fileRef = 183ADD4B1EF22D6E007A50C1 /* VALSynchronizableValet.h */; };
		183ADD691EF22D6E007A50C1 /* VALSynchronizableValet.m in Sources */ = {isa = PBXBuildFile; fileRef = 183ADD4C1EF22D6E007A50C1 /* VALSynchronizableValet.m */; };
		183ADD6A1EF22D6E007A50C1 /* VALValet.h in Headers */ = {isa = PBXBuildFile; fileRef = 183ADD4D1EF22D6E007A50C1 /* VALValet.h */; };
		183ADD6B1EF22D6E007A50C1 /* VALValet.m in Sources */ = {isa = PBXBuildFile; fileRef = 183ADD4E1EF22D6E007A50C1 /* VALValet.m */; };
		183ADD6C1EF22D6E007A50C1 /* VALValet_Protected.h in Headers */ = {isa = PBXBuildFile; fileRef = 183ADD4F1EF22D6E007A50C1 /* VALValet_Protected.h */; };
		183ADD6D1EF22D6E007A50C1 /* YUKeychain.h in Headers */ = {isa = PBXBuildFile; fileRef = 183ADD501EF22D6E007A50C1 /* YUKeychain.h */; };
		183ADD6E1EF22D6E007A50C1 /* YUKeychain.m in Sources */ = {isa = PBXBuildFile; fileRef = 183ADD511EF22D6E007A50C1 /* YUKeychain.m */; };
		32AB6A221F9B105E0092C430 /* Reachability.h in Headers */ = {isa = PBXBuildFile; fileRef = 32AB6A201F9B105E0092C430 /* Reachability.h */; };
		32AB6A231F9B105E0092C430 /* Reachability.m in Sources */ = {isa = PBXBuildFile; fileRef = 32AB6A211F9B105E0092C430 /* Reachability.m */; };
/* End PBXBuildFile section */

/* Begin PBXContainerItemProxy section */
		185C31731E1F8E82002FC465 /* PBXContainerItemProxy */ = {
			isa = PBXContainerItemProxy;
			containerPortal = 189612161DF9544C0019EF52 /* Project object */;
			proxyType = 1;
			remoteGlobalIDString = 1896121E1DF9544C0019EF52;
			remoteInfo = YUKit;
		};
/* End PBXContainerItemProxy section */

/* Begin PBXFileReference section */
		183AB9421EEFD77A005E17E7 /* Info.plist */ = {isa = PBXFileReference; fileEncoding = 4; lastKnownFileType = text.plist.xml; path = Info.plist; sourceTree = "<group>"; };
		183AB9471EEFD785005E17E7 /* NSArray+YU.h */ = {isa = PBXFileReference; fileEncoding = 4; lastKnownFileType = sourcecode.c.h; path = "NSArray+YU.h"; sourceTree = "<group>"; };
		183AB9481EEFD785005E17E7 /* NSArray+YU.m */ = {isa = PBXFileReference; fileEncoding = 4; lastKnownFileType = sourcecode.c.objc; path = "NSArray+YU.m"; sourceTree = "<group>"; };
		183AB9491EEFD785005E17E7 /* NSAttributedString+YU.h */ = {isa = PBXFileReference; fileEncoding = 4; lastKnownFileType = sourcecode.c.h; path = "NSAttributedString+YU.h"; sourceTree = "<group>"; };
		183AB94A1EEFD785005E17E7 /* NSAttributedString+YU.m */ = {isa = PBXFileReference; fileEncoding = 4; lastKnownFileType = sourcecode.c.objc; path = "NSAttributedString+YU.m"; sourceTree = "<group>"; };
		183AB94B1EEFD785005E17E7 /* NSCalendar+YU.h */ = {isa = PBXFileReference; fileEncoding = 4; lastKnownFileType = sourcecode.c.h; path = "NSCalendar+YU.h"; sourceTree = "<group>"; };
		183AB94C1EEFD785005E17E7 /* NSCalendar+YU.m */ = {isa = PBXFileReference; fileEncoding = 4; lastKnownFileType = sourcecode.c.objc; path = "NSCalendar+YU.m"; sourceTree = "<group>"; };
		183AB94D1EEFD785005E17E7 /* NSData+YU.h */ = {isa = PBXFileReference; fileEncoding = 4; lastKnownFileType = sourcecode.c.h; path = "NSData+YU.h"; sourceTree = "<group>"; };
		183AB94E1EEFD785005E17E7 /* NSData+YU.m */ = {isa = PBXFileReference; fileEncoding = 4; lastKnownFileType = sourcecode.c.objc; path = "NSData+YU.m"; sourceTree = "<group>"; };
		183AB94F1EEFD785005E17E7 /* NSDate+YU.h */ = {isa = PBXFileReference; fileEncoding = 4; lastKnownFileType = sourcecode.c.h; path = "NSDate+YU.h"; sourceTree = "<group>"; };
		183AB9501EEFD785005E17E7 /* NSDate+YU.m */ = {isa = PBXFileReference; fileEncoding = 4; lastKnownFileType = sourcecode.c.objc; path = "NSDate+YU.m"; sourceTree = "<group>"; };
		183AB9511EEFD785005E17E7 /* NSDictionary+YU.h */ = {isa = PBXFileReference; fileEncoding = 4; lastKnownFileType = sourcecode.c.h; path = "NSDictionary+YU.h"; sourceTree = "<group>"; };
		183AB9521EEFD785005E17E7 /* NSDictionary+YU.m */ = {isa = PBXFileReference; fileEncoding = 4; lastKnownFileType = sourcecode.c.objc; path = "NSDictionary+YU.m"; sourceTree = "<group>"; };
		183AB9531EEFD785005E17E7 /* NSError+YU.h */ = {isa = PBXFileReference; fileEncoding = 4; lastKnownFileType = sourcecode.c.h; path = "NSError+YU.h"; sourceTree = "<group>"; };
		183AB9541EEFD785005E17E7 /* NSError+YU.m */ = {isa = PBXFileReference; fileEncoding = 4; lastKnownFileType = sourcecode.c.objc; path = "NSError+YU.m"; sourceTree = "<group>"; };
		183AB9551EEFD785005E17E7 /* NSFileManager+YU.h */ = {isa = PBXFileReference; fileEncoding = 4; lastKnownFileType = sourcecode.c.h; path = "NSFileManager+YU.h"; sourceTree = "<group>"; };
		183AB9561EEFD785005E17E7 /* NSFileManager+YU.m */ = {isa = PBXFileReference; fileEncoding = 4; lastKnownFileType = sourcecode.c.objc; path = "NSFileManager+YU.m"; sourceTree = "<group>"; };
		183AB9571EEFD785005E17E7 /* NSNotificationCenter+YU.h */ = {isa = PBXFileReference; fileEncoding = 4; lastKnownFileType = sourcecode.c.h; path = "NSNotificationCenter+YU.h"; sourceTree = "<group>"; };
		183AB9581EEFD785005E17E7 /* NSNotificationCenter+YU.m */ = {isa = PBXFileReference; fileEncoding = 4; lastKnownFileType = sourcecode.c.objc; path = "NSNotificationCenter+YU.m"; sourceTree = "<group>"; };
		183AB9591EEFD785005E17E7 /* NSNull+YU.h */ = {isa = PBXFileReference; fileEncoding = 4; lastKnownFileType = sourcecode.c.h; path = "NSNull+YU.h"; sourceTree = "<group>"; };
		183AB95A1EEFD785005E17E7 /* NSNull+YU.m */ = {isa = PBXFileReference; fileEncoding = 4; lastKnownFileType = sourcecode.c.objc; path = "NSNull+YU.m"; sourceTree = "<group>"; };
		183AB95B1EEFD785005E17E7 /* NSNumber+YU.h */ = {isa = PBXFileReference; fileEncoding = 4; lastKnownFileType = sourcecode.c.h; path = "NSNumber+YU.h"; sourceTree = "<group>"; };
		183AB95C1EEFD785005E17E7 /* NSNumber+YU.m */ = {isa = PBXFileReference; fileEncoding = 4; lastKnownFileType = sourcecode.c.objc; path = "NSNumber+YU.m"; sourceTree = "<group>"; };
		183AB95D1EEFD785005E17E7 /* NSObject+YU.h */ = {isa = PBXFileReference; fileEncoding = 4; lastKnownFileType = sourcecode.c.h; path = "NSObject+YU.h"; sourceTree = "<group>"; };
		183AB95E1EEFD785005E17E7 /* NSObject+YU.m */ = {isa = PBXFileReference; fileEncoding = 4; lastKnownFileType = sourcecode.c.objc; path = "NSObject+YU.m"; sourceTree = "<group>"; };
		183AB95F1EEFD785005E17E7 /* NSObject+YUFile.h */ = {isa = PBXFileReference; fileEncoding = 4; lastKnownFileType = sourcecode.c.h; path = "NSObject+YUFile.h"; sourceTree = "<group>"; };
		183AB9601EEFD785005E17E7 /* NSObject+YUFile.m */ = {isa = PBXFileReference; fileEncoding = 4; lastKnownFileType = sourcecode.c.objc; path = "NSObject+YUFile.m"; sourceTree = "<group>"; };
		183AB9611EEFD785005E17E7 /* NSObject+YUJSON.h */ = {isa = PBXFileReference; fileEncoding = 4; lastKnownFileType = sourcecode.c.h; path = "NSObject+YUJSON.h"; sourceTree = "<group>"; };
		183AB9621EEFD785005E17E7 /* NSObject+YUJSON.m */ = {isa = PBXFileReference; fileEncoding = 4; lastKnownFileType = sourcecode.c.objc; path = "NSObject+YUJSON.m"; sourceTree = "<group>"; };
		183AB9631EEFD785005E17E7 /* NSObject+YULog.h */ = {isa = PBXFileReference; fileEncoding = 4; lastKnownFileType = sourcecode.c.h; path = "NSObject+YULog.h"; sourceTree = "<group>"; };
		183AB9641EEFD785005E17E7 /* NSObject+YULog.m */ = {isa = PBXFileReference; fileEncoding = 4; lastKnownFileType = sourcecode.c.objc; path = "NSObject+YULog.m"; sourceTree = "<group>"; };
		183AB9651EEFD785005E17E7 /* NSObject+YURuntime.h */ = {isa = PBXFileReference; fileEncoding = 4; lastKnownFileType = sourcecode.c.h; path = "NSObject+YURuntime.h"; sourceTree = "<group>"; };
		183AB9661EEFD785005E17E7 /* NSObject+YURuntime.m */ = {isa = PBXFileReference; fileEncoding = 4; lastKnownFileType = sourcecode.c.objc; path = "NSObject+YURuntime.m"; sourceTree = "<group>"; };
		183AB9671EEFD785005E17E7 /* NSString+YU.h */ = {isa = PBXFileReference; fileEncoding = 4; lastKnownFileType = sourcecode.c.h; path = "NSString+YU.h"; sourceTree = "<group>"; };
		183AB9681EEFD785005E17E7 /* NSString+YU.m */ = {isa = PBXFileReference; fileEncoding = 4; lastKnownFileType = sourcecode.c.objc; path = "NSString+YU.m"; sourceTree = "<group>"; };
		183AB9691EEFD785005E17E7 /* NSString+YUCheck.h */ = {isa = PBXFileReference; fileEncoding = 4; lastKnownFileType = sourcecode.c.h; path = "NSString+YUCheck.h"; sourceTree = "<group>"; };
		183AB96A1EEFD785005E17E7 /* NSString+YUCheck.m */ = {isa = PBXFileReference; fileEncoding = 4; lastKnownFileType = sourcecode.c.objc; path = "NSString+YUCheck.m"; sourceTree = "<group>"; };
		183AB96B1EEFD785005E17E7 /* NSString+YUSize.h */ = {isa = PBXFileReference; fileEncoding = 4; lastKnownFileType = sourcecode.c.h; path = "NSString+YUSize.h"; sourceTree = "<group>"; };
		183AB96C1EEFD785005E17E7 /* NSString+YUSize.m */ = {isa = PBXFileReference; fileEncoding = 4; lastKnownFileType = sourcecode.c.objc; path = "NSString+YUSize.m"; sourceTree = "<group>"; };
		183AB96D1EEFD785005E17E7 /* NSTimer+YU.h */ = {isa = PBXFileReference; fileEncoding = 4; lastKnownFileType = sourcecode.c.h; path = "NSTimer+YU.h"; sourceTree = "<group>"; };
		183AB96E1EEFD785005E17E7 /* NSTimer+YU.m */ = {isa = PBXFileReference; fileEncoding = 4; lastKnownFileType = sourcecode.c.objc; path = "NSTimer+YU.m"; sourceTree = "<group>"; };
		183AB96F1EEFD785005E17E7 /* NSURL+YU.h */ = {isa = PBXFileReference; fileEncoding = 4; lastKnownFileType = sourcecode.c.h; path = "NSURL+YU.h"; sourceTree = "<group>"; };
		183AB9701EEFD785005E17E7 /* NSURL+YU.m */ = {isa = PBXFileReference; fileEncoding = 4; lastKnownFileType = sourcecode.c.objc; path = "NSURL+YU.m"; sourceTree = "<group>"; };
		183AB9731EEFD785005E17E7 /* AddressBook.h */ = {isa = PBXFileReference; fileEncoding = 4; lastKnownFileType = sourcecode.c.h; path = AddressBook.h; sourceTree = "<group>"; };
		183AB9741EEFD785005E17E7 /* AddressBook.m */ = {isa = PBXFileReference; fileEncoding = 4; lastKnownFileType = sourcecode.c.objc; path = AddressBook.m; sourceTree = "<group>"; };
		183AB9751EEFD785005E17E7 /* AddressBookObj.h */ = {isa = PBXFileReference; fileEncoding = 4; lastKnownFileType = sourcecode.c.h; path = AddressBookObj.h; sourceTree = "<group>"; };
		183AB9761EEFD785005E17E7 /* AddressBookObj.m */ = {isa = PBXFileReference; fileEncoding = 4; lastKnownFileType = sourcecode.c.objc; path = AddressBookObj.m; sourceTree = "<group>"; };
		183AB97B1EEFD785005E17E7 /* YU_MapCoordinateConversion.cpp */ = {isa = PBXFileReference; fileEncoding = 4; lastKnownFileType = sourcecode.cpp.cpp; path = YU_MapCoordinateConversion.cpp; sourceTree = "<group>"; };
		183AB97C1EEFD785005E17E7 /* YU_MapCoordinateConversion.h */ = {isa = PBXFileReference; fileEncoding = 4; lastKnownFileType = sourcecode.c.h; path = YU_MapCoordinateConversion.h; sourceTree = "<group>"; };
		183AB97D1EEFD785005E17E7 /* YU_WGS84TOGCJ02.h */ = {isa = PBXFileReference; fileEncoding = 4; lastKnownFileType = sourcecode.c.h; path = YU_WGS84TOGCJ02.h; sourceTree = "<group>"; };
		183AB97E1EEFD785005E17E7 /* YU_WGS84TOGCJ02.m */ = {isa = PBXFileReference; fileEncoding = 4; lastKnownFileType = sourcecode.c.objc; path = YU_WGS84TOGCJ02.m; sourceTree = "<group>"; };
		183AB9801EEFD785005E17E7 /* TopLeftLabel.h */ = {isa = PBXFileReference; fileEncoding = 4; lastKnownFileType = sourcecode.c.h; path = TopLeftLabel.h; sourceTree = "<group>"; };
		183AB9811EEFD785005E17E7 /* TopLeftLabel.m */ = {isa = PBXFileReference; fileEncoding = 4; lastKnownFileType = sourcecode.c.objc; path = TopLeftLabel.m; sourceTree = "<group>"; };
		183AB9831EEFD785005E17E7 /* YU_UserDefaults.h */ = {isa = PBXFileReference; fileEncoding = 4; lastKnownFileType = sourcecode.c.h; path = YU_UserDefaults.h; sourceTree = "<group>"; };
		183AB9841EEFD785005E17E7 /* YU_UserDefaults.m */ = {isa = PBXFileReference; fileEncoding = 4; lastKnownFileType = sourcecode.c.objc; path = YU_UserDefaults.m; sourceTree = "<group>"; };
		183AB9851EEFD785005E17E7 /* YU_Device.h */ = {isa = PBXFileReference; fileEncoding = 4; lastKnownFileType = sourcecode.c.h; path = YU_Device.h; sourceTree = "<group>"; };
		183AB9861EEFD785005E17E7 /* YU_Device.m */ = {isa = PBXFileReference; fileEncoding = 4; lastKnownFileType = sourcecode.c.objc; path = YU_Device.m; sourceTree = "<group>"; };
		183AB9871EEFD785005E17E7 /* YU_Singleton.h */ = {isa = PBXFileReference; fileEncoding = 4; lastKnownFileType = sourcecode.c.h; path = YU_Singleton.h; sourceTree = "<group>"; };
		183AB9881EEFD785005E17E7 /* YU_SysInfo.h */ = {isa = PBXFileReference; fileEncoding = 4; lastKnownFileType = sourcecode.c.h; path = YU_SysInfo.h; sourceTree = "<group>"; };
		183AB9891EEFD785005E17E7 /* YU_SysInfo.m */ = {isa = PBXFileReference; fileEncoding = 4; lastKnownFileType = sourcecode.c.objc; path = YU_SysInfo.m; sourceTree = "<group>"; };
		183AB98A1EEFD785005E17E7 /* YU_System.h */ = {isa = PBXFileReference; fileEncoding = 4; lastKnownFileType = sourcecode.c.h; path = YU_System.h; sourceTree = "<group>"; };
		183AB98B1EEFD785005E17E7 /* YU_System.m */ = {isa = PBXFileReference; fileEncoding = 4; lastKnownFileType = sourcecode.c.objc; path = YU_System.m; sourceTree = "<group>"; };
		183AB98D1EEFD785005E17E7 /* GCDGroup.h */ = {isa = PBXFileReference; fileEncoding = 4; lastKnownFileType = sourcecode.c.h; path = GCDGroup.h; sourceTree = "<group>"; };
		183AB98E1EEFD785005E17E7 /* GCDGroup.m */ = {isa = PBXFileReference; fileEncoding = 4; lastKnownFileType = sourcecode.c.objc; path = GCDGroup.m; sourceTree = "<group>"; };
		183AB98F1EEFD785005E17E7 /* GCDMacros.h */ = {isa = PBXFileReference; fileEncoding = 4; lastKnownFileType = sourcecode.c.h; path = GCDMacros.h; sourceTree = "<group>"; };
		183AB9901EEFD785005E17E7 /* GCDObjC.h */ = {isa = PBXFileReference; fileEncoding = 4; lastKnownFileType = sourcecode.c.h; path = GCDObjC.h; sourceTree = "<group>"; };
		183AB9911EEFD785005E17E7 /* GCDQueue.h */ = {isa = PBXFileReference; fileEncoding = 4; lastKnownFileType = sourcecode.c.h; path = GCDQueue.h; sourceTree = "<group>"; };
		183AB9921EEFD785005E17E7 /* GCDQueue.m */ = {isa = PBXFileReference; fileEncoding = 4; lastKnownFileType = sourcecode.c.objc; path = GCDQueue.m; sourceTree = "<group>"; };
		183AB9931EEFD785005E17E7 /* GCDSemaphore.h */ = {isa = PBXFileReference; fileEncoding = 4; lastKnownFileType = sourcecode.c.h; path = GCDSemaphore.h; sourceTree = "<group>"; };
		183AB9941EEFD785005E17E7 /* GCDSemaphore.m */ = {isa = PBXFileReference; fileEncoding = 4; lastKnownFileType = sourcecode.c.objc; path = GCDSemaphore.m; sourceTree = "<group>"; };
		183AB9951EEFD785005E17E7 /* GCDTimer.h */ = {isa = PBXFileReference; fileEncoding = 4; lastKnownFileType = sourcecode.c.h; path = GCDTimer.h; sourceTree = "<group>"; };
		183AB9961EEFD785005E17E7 /* GCDTimer.m */ = {isa = PBXFileReference; fileEncoding = 4; lastKnownFileType = sourcecode.c.objc; path = GCDTimer.m; sourceTree = "<group>"; };
		183AB9971EEFD785005E17E7 /* YU_Foundation.h */ = {isa = PBXFileReference; fileEncoding = 4; lastKnownFileType = sourcecode.c.h; path = YU_Foundation.h; sourceTree = "<group>"; };
		183AB9BA1EEFD785005E17E7 /* Readme.md */ = {isa = PBXFileReference; fileEncoding = 4; lastKnownFileType = net.daringfireball.markdown; path = Readme.md; sourceTree = "<group>"; };
		183AB9BD1EEFD785005E17E7 /* UIAlertController+YU.h */ = {isa = PBXFileReference; fileEncoding = 4; lastKnownFileType = sourcecode.c.h; path = "UIAlertController+YU.h"; sourceTree = "<group>"; };
		183AB9BE1EEFD785005E17E7 /* UIAlertController+YU.m */ = {isa = PBXFileReference; fileEncoding = 4; lastKnownFileType = sourcecode.c.objc; path = "UIAlertController+YU.m"; sourceTree = "<group>"; };
		183AB9BF1EEFD785005E17E7 /* UIAlertView+YU.h */ = {isa = PBXFileReference; fileEncoding = 4; lastKnownFileType = sourcecode.c.h; path = "UIAlertView+YU.h"; sourceTree = "<group>"; };
		183AB9C01EEFD785005E17E7 /* UIAlertView+YU.m */ = {isa = PBXFileReference; fileEncoding = 4; lastKnownFileType = sourcecode.c.objc; path = "UIAlertView+YU.m"; sourceTree = "<group>"; };
		183AB9C11EEFD785005E17E7 /* UIApplication+YUShare.h */ = {isa = PBXFileReference; fileEncoding = 4; lastKnownFileType = sourcecode.c.h; path = "UIApplication+YUShare.h"; sourceTree = "<group>"; };
		183AB9C21EEFD785005E17E7 /* UIApplication+YUShare.m */ = {isa = PBXFileReference; fileEncoding = 4; lastKnownFileType = sourcecode.c.objc; path = "UIApplication+YUShare.m"; sourceTree = "<group>"; };
		183AB9C31EEFD785005E17E7 /* UIBarButtonItem+YU.h */ = {isa = PBXFileReference; fileEncoding = 4; lastKnownFileType = sourcecode.c.h; path = "UIBarButtonItem+YU.h"; sourceTree = "<group>"; };
		183AB9C41EEFD785005E17E7 /* UIBarButtonItem+YU.m */ = {isa = PBXFileReference; fileEncoding = 4; lastKnownFileType = sourcecode.c.objc; path = "UIBarButtonItem+YU.m"; sourceTree = "<group>"; };
		183AB9C51EEFD785005E17E7 /* UIButton+YU.h */ = {isa = PBXFileReference; fileEncoding = 4; lastKnownFileType = sourcecode.c.h; path = "UIButton+YU.h"; sourceTree = "<group>"; };
		183AB9C61EEFD785005E17E7 /* UIButton+YU.m */ = {isa = PBXFileReference; fileEncoding = 4; lastKnownFileType = sourcecode.c.objc; path = "UIButton+YU.m"; sourceTree = "<group>"; };
		183AB9C71EEFD785005E17E7 /* UIColor+YU.h */ = {isa = PBXFileReference; fileEncoding = 4; lastKnownFileType = sourcecode.c.h; path = "UIColor+YU.h"; sourceTree = "<group>"; };
		183AB9C81EEFD785005E17E7 /* UIColor+YU.m */ = {isa = PBXFileReference; fileEncoding = 4; lastKnownFileType = sourcecode.c.objc; path = "UIColor+YU.m"; sourceTree = "<group>"; };
		183AB9C91EEFD785005E17E7 /* UIControl+YU.h */ = {isa = PBXFileReference; fileEncoding = 4; lastKnownFileType = sourcecode.c.h; path = "UIControl+YU.h"; sourceTree = "<group>"; };
		183AB9CA1EEFD785005E17E7 /* UIControl+YU.m */ = {isa = PBXFileReference; fileEncoding = 4; lastKnownFileType = sourcecode.c.objc; path = "UIControl+YU.m"; sourceTree = "<group>"; };
		183AB9CB1EEFD785005E17E7 /* UIImage+YU.h */ = {isa = PBXFileReference; fileEncoding = 4; lastKnownFileType = sourcecode.c.h; path = "UIImage+YU.h"; sourceTree = "<group>"; };
		183AB9CC1EEFD785005E17E7 /* UIImage+YU.m */ = {isa = PBXFileReference; fileEncoding = 4; lastKnownFileType = sourcecode.c.objc; path = "UIImage+YU.m"; sourceTree = "<group>"; };
		183AB9CD1EEFD785005E17E7 /* UIImageView+YU.h */ = {isa = PBXFileReference; fileEncoding = 4; lastKnownFileType = sourcecode.c.h; path = "UIImageView+YU.h"; sourceTree = "<group>"; };
		183AB9CE1EEFD785005E17E7 /* UIImageView+YU.m */ = {isa = PBXFileReference; fileEncoding = 4; lastKnownFileType = sourcecode.c.objc; path = "UIImageView+YU.m"; sourceTree = "<group>"; };
		183AB9CF1EEFD785005E17E7 /* UINavigationController+YU.h */ = {isa = PBXFileReference; fileEncoding = 4; lastKnownFileType = sourcecode.c.h; path = "UINavigationController+YU.h"; sourceTree = "<group>"; };
		183AB9D01EEFD785005E17E7 /* UINavigationController+YU.m */ = {isa = PBXFileReference; fileEncoding = 4; lastKnownFileType = sourcecode.c.objc; path = "UINavigationController+YU.m"; sourceTree = "<group>"; };
		183AB9D11EEFD785005E17E7 /* UIPasteboard+YU.h */ = {isa = PBXFileReference; fileEncoding = 4; lastKnownFileType = sourcecode.c.h; path = "UIPasteboard+YU.h"; sourceTree = "<group>"; };
		183AB9D21EEFD785005E17E7 /* UIPasteboard+YU.m */ = {isa = PBXFileReference; fileEncoding = 4; lastKnownFileType = sourcecode.c.objc; path = "UIPasteboard+YU.m"; sourceTree = "<group>"; };
		183AB9D31EEFD785005E17E7 /* UIResponder+YU.h */ = {isa = PBXFileReference; fileEncoding = 4; lastKnownFileType = sourcecode.c.h; path = "UIResponder+YU.h"; sourceTree = "<group>"; };
		183AB9D41EEFD785005E17E7 /* UIResponder+YU.m */ = {isa = PBXFileReference; fileEncoding = 4; lastKnownFileType = sourcecode.c.objc; path = "UIResponder+YU.m"; sourceTree = "<group>"; };
		183AB9D51EEFD785005E17E7 /* UIStoryboard+YU.h */ = {isa = PBXFileReference; fileEncoding = 4; lastKnownFileType = sourcecode.c.h; path = "UIStoryboard+YU.h"; sourceTree = "<group>"; };
		183AB9D61EEFD785005E17E7 /* UIStoryboard+YU.m */ = {isa = PBXFileReference; fileEncoding = 4; lastKnownFileType = sourcecode.c.objc; path = "UIStoryboard+YU.m"; sourceTree = "<group>"; };
		183AB9D71EEFD785005E17E7 /* UITableView+YU.h */ = {isa = PBXFileReference; fileEncoding = 4; lastKnownFileType = sourcecode.c.h; path = "UITableView+YU.h"; sourceTree = "<group>"; };
		183AB9D81EEFD785005E17E7 /* UITableView+YU.m */ = {isa = PBXFileReference; fileEncoding = 4; lastKnownFileType = sourcecode.c.objc; path = "UITableView+YU.m"; sourceTree = "<group>"; };
		183AB9D91EEFD785005E17E7 /* UITableViewCell+YU.h */ = {isa = PBXFileReference; fileEncoding = 4; lastKnownFileType = sourcecode.c.h; path = "UITableViewCell+YU.h"; sourceTree = "<group>"; };
		183AB9DA1EEFD785005E17E7 /* UITableViewCell+YU.m */ = {isa = PBXFileReference; fileEncoding = 4; lastKnownFileType = sourcecode.c.objc; path = "UITableViewCell+YU.m"; sourceTree = "<group>"; };
		183AB9DB1EEFD785005E17E7 /* UITableViewHeaderFooterView+YU.h */ = {isa = PBXFileReference; fileEncoding = 4; lastKnownFileType = sourcecode.c.h; path = "UITableViewHeaderFooterView+YU.h"; sourceTree = "<group>"; };
		183AB9DC1EEFD785005E17E7 /* UITableViewHeaderFooterView+YU.m */ = {isa = PBXFileReference; fileEncoding = 4; lastKnownFileType = sourcecode.c.objc; path = "UITableViewHeaderFooterView+YU.m"; sourceTree = "<group>"; };
		183AB9DD1EEFD785005E17E7 /* UITextField+YU.h */ = {isa = PBXFileReference; fileEncoding = 4; lastKnownFileType = sourcecode.c.h; path = "UITextField+YU.h"; sourceTree = "<group>"; };
		183AB9DE1EEFD785005E17E7 /* UITextField+YU.m */ = {isa = PBXFileReference; fileEncoding = 4; lastKnownFileType = sourcecode.c.objc; path = "UITextField+YU.m"; sourceTree = "<group>"; };
		183AB9DF1EEFD785005E17E7 /* UIView+YU.h */ = {isa = PBXFileReference; fileEncoding = 4; lastKnownFileType = sourcecode.c.h; path = "UIView+YU.h"; sourceTree = "<group>"; };
		183AB9E01EEFD785005E17E7 /* UIView+YU.m */ = {isa = PBXFileReference; fileEncoding = 4; lastKnownFileType = sourcecode.c.objc; path = "UIView+YU.m"; sourceTree = "<group>"; };
		183AB9E11EEFD785005E17E7 /* UIView+YUAnimation.h */ = {isa = PBXFileReference; fileEncoding = 4; lastKnownFileType = sourcecode.c.h; path = "UIView+YUAnimation.h"; sourceTree = "<group>"; };
		183AB9E21EEFD785005E17E7 /* UIView+YUAnimation.m */ = {isa = PBXFileReference; fileEncoding = 4; lastKnownFileType = sourcecode.c.objc; path = "UIView+YUAnimation.m"; sourceTree = "<group>"; };
		183AB9E31EEFD785005E17E7 /* UIView+YUFrame.h */ = {isa = PBXFileReference; fileEncoding = 4; lastKnownFileType = sourcecode.c.h; path = "UIView+YUFrame.h"; sourceTree = "<group>"; };
		183AB9E41EEFD785005E17E7 /* UIView+YUFrame.m */ = {isa = PBXFileReference; fileEncoding = 4; lastKnownFileType = sourcecode.c.objc; path = "UIView+YUFrame.m"; sourceTree = "<group>"; };
		183AB9E51EEFD785005E17E7 /* UIView+YURotate360.h */ = {isa = PBXFileReference; fileEncoding = 4; lastKnownFileType = sourcecode.c.h; path = "UIView+YURotate360.h"; sourceTree = "<group>"; };
		183AB9E61EEFD785005E17E7 /* UIView+YURotate360.m */ = {isa = PBXFileReference; fileEncoding = 4; lastKnownFileType = sourcecode.c.objc; path = "UIView+YURotate360.m"; sourceTree = "<group>"; };
		183AB9E71EEFD785005E17E7 /* UIViewController+Console.h */ = {isa = PBXFileReference; fileEncoding = 4; lastKnownFileType = sourcecode.c.h; path = "UIViewController+Console.h"; sourceTree = "<group>"; };
		183AB9E81EEFD785005E17E7 /* UIViewController+Console.m */ = {isa = PBXFileReference; fileEncoding = 4; lastKnownFileType = sourcecode.c.objc; path = "UIViewController+Console.m"; sourceTree = "<group>"; };
		183AB9E91EEFD785005E17E7 /* UIViewController+Storyboard.h */ = {isa = PBXFileReference; fileEncoding = 4; lastKnownFileType = sourcecode.c.h; path = "UIViewController+Storyboard.h"; sourceTree = "<group>"; };
		183AB9EA1EEFD785005E17E7 /* UIViewController+Storyboard.m */ = {isa = PBXFileReference; fileEncoding = 4; lastKnownFileType = sourcecode.c.objc; path = "UIViewController+Storyboard.m"; sourceTree = "<group>"; };
		183AB9EB1EEFD785005E17E7 /* UIViewController+YU.h */ = {isa = PBXFileReference; fileEncoding = 4; lastKnownFileType = sourcecode.c.h; path = "UIViewController+YU.h"; sourceTree = "<group>"; };
		183AB9EC1EEFD785005E17E7 /* UIViewController+YU.m */ = {isa = PBXFileReference; fileEncoding = 4; lastKnownFileType = sourcecode.c.objc; path = "UIViewController+YU.m"; sourceTree = "<group>"; };
		183AB9ED1EEFD785005E17E7 /* UIWebView+YU.h */ = {isa = PBXFileReference; fileEncoding = 4; lastKnownFileType = sourcecode.c.h; path = "UIWebView+YU.h"; sourceTree = "<group>"; };
		183AB9EE1EEFD785005E17E7 /* UIWebView+YU.m */ = {isa = PBXFileReference; fileEncoding = 4; lastKnownFileType = sourcecode.c.objc; path = "UIWebView+YU.m"; sourceTree = "<group>"; };
		183AB9EF1EEFD785005E17E7 /* UIWindow+YU.h */ = {isa = PBXFileReference; fileEncoding = 4; lastKnownFileType = sourcecode.c.h; path = "UIWindow+YU.h"; sourceTree = "<group>"; };
		183AB9F01EEFD785005E17E7 /* UIWindow+YU.m */ = {isa = PBXFileReference; fileEncoding = 4; lastKnownFileType = sourcecode.c.objc; path = "UIWindow+YU.m"; sourceTree = "<group>"; };
		183AB9F61EEFD785005E17E7 /* YU_AmountTextField.h */ = {isa = PBXFileReference; fileEncoding = 4; lastKnownFileType = sourcecode.c.h; path = YU_AmountTextField.h; sourceTree = "<group>"; };
		183AB9F71EEFD785005E17E7 /* YU_AmountTextField.m */ = {isa = PBXFileReference; fileEncoding = 4; lastKnownFileType = sourcecode.c.objc; path = YU_AmountTextField.m; sourceTree = "<group>"; };
		183AB9F81EEFD785005E17E7 /* YU_TableViewCell.h */ = {isa = PBXFileReference; fileEncoding = 4; lastKnownFileType = sourcecode.c.h; path = YU_TableViewCell.h; sourceTree = "<group>"; };
		183AB9F91EEFD785005E17E7 /* YU_TableViewCell.m */ = {isa = PBXFileReference; fileEncoding = 4; lastKnownFileType = sourcecode.c.objc; path = YU_TableViewCell.m; sourceTree = "<group>"; };
		183AB9FA1EEFD785005E17E7 /* YU_TextView.h */ = {isa = PBXFileReference; fileEncoding = 4; lastKnownFileType = sourcecode.c.h; path = YU_TextView.h; sourceTree = "<group>"; };
		183AB9FB1EEFD785005E17E7 /* YU_TextView.m */ = {isa = PBXFileReference; fileEncoding = 4; lastKnownFileType = sourcecode.c.objc; path = YU_TextView.m; sourceTree = "<group>"; };
		183AB9FC1EEFD785005E17E7 /* YU_UIKit.h */ = {isa = PBXFileReference; fileEncoding = 4; lastKnownFileType = sourcecode.c.h; path = YU_UIKit.h; sourceTree = "<group>"; };
		183AB9FD1EEFD785005E17E7 /* YUKit.h */ = {isa = PBXFileReference; fileEncoding = 4; lastKnownFileType = sourcecode.c.h; path = YUKit.h; sourceTree = "<group>"; };
		183AB9FE1EEFD785005E17E7 /* YUKit.podspec */ = {isa = PBXFileReference; fileEncoding = 4; lastKnownFileType = text; path = YUKit.podspec; sourceTree = "<group>"; };
		183AB9FF1EEFD785005E17E7 /* YUKitHeader.h */ = {isa = PBXFileReference; fileEncoding = 4; lastKnownFileType = sourcecode.c.h; path = YUKitHeader.h; sourceTree = "<group>"; };
		183ABA001EEFD785005E17E7 /* YUMacro.h */ = {isa = PBXFileReference; fileEncoding = 4; lastKnownFileType = sourcecode.c.h; path = YUMacro.h; sourceTree = "<group>"; };
		183ADD1C1EF21F79007A50C1 /* NSData+YUBase64.h */ = {isa = PBXFileReference; fileEncoding = 4; lastKnownFileType = sourcecode.c.h; path = "NSData+YUBase64.h"; sourceTree = "<group>"; };
		183ADD1D1EF21F79007A50C1 /* NSData+YUBase64.m */ = {isa = PBXFileReference; fileEncoding = 4; lastKnownFileType = sourcecode.c.objc; path = "NSData+YUBase64.m"; sourceTree = "<group>"; };
		183ADD201EF21FC2007A50C1 /* NSString+YUBase64.h */ = {isa = PBXFileReference; fileEncoding = 4; lastKnownFileType = sourcecode.c.h; path = "NSString+YUBase64.h"; sourceTree = "<group>"; };
		183ADD211EF21FC2007A50C1 /* NSString+YUBase64.m */ = {isa = PBXFileReference; fileEncoding = 4; lastKnownFileType = sourcecode.c.objc; path = "NSString+YUBase64.m"; sourceTree = "<group>"; };
		183ADD351EF22D6E007A50C1 /* NSArray+YUException.h */ = {isa = PBXFileReference; fileEncoding = 4; lastKnownFileType = sourcecode.c.h; path = "NSArray+YUException.h"; sourceTree = "<group>"; };
		183ADD361EF22D6E007A50C1 /* NSArray+YUException.m */ = {isa = PBXFileReference; fileEncoding = 4; lastKnownFileType = sourcecode.c.objc; path = "NSArray+YUException.m"; sourceTree = "<group>"; };
		183ADD371EF22D6E007A50C1 /* NSDictionary+YUException.h */ = {isa = PBXFileReference; fileEncoding = 4; lastKnownFileType = sourcecode.c.h; path = "NSDictionary+YUException.h"; sourceTree = "<group>"; };
		183ADD381EF22D6E007A50C1 /* NSDictionary+YUException.m */ = {isa = PBXFileReference; fileEncoding = 4; lastKnownFileType = sourcecode.c.objc; path = "NSDictionary+YUException.m"; sourceTree = "<group>"; };
		183ADD391EF22D6E007A50C1 /* NSException+YUException.h */ = {isa = PBXFileReference; fileEncoding = 4; lastKnownFileType = sourcecode.c.h; path = "NSException+YUException.h"; sourceTree = "<group>"; };
		183ADD3A1EF22D6E007A50C1 /* NSException+YUException.m */ = {isa = PBXFileReference; fileEncoding = 4; lastKnownFileType = sourcecode.c.objc; path = "NSException+YUException.m"; sourceTree = "<group>"; };
		183ADD3B1EF22D6E007A50C1 /* NSMethodSignature+YUException.h */ = {isa = PBXFileReference; fileEncoding = 4; lastKnownFileType = sourcecode.c.h; path = "NSMethodSignature+YUException.h"; sourceTree = "<group>"; };
		183ADD3C1EF22D6E007A50C1 /* NSMethodSignature+YUException.m */ = {isa = PBXFileReference; fileEncoding = 4; lastKnownFileType = sourcecode.c.objc; path = "NSMethodSignature+YUException.m"; sourceTree = "<group>"; };
		183ADD3D1EF22D6E007A50C1 /* NSObject+YUException.h */ = {isa = PBXFileReference; fileEncoding = 4; lastKnownFileType = sourcecode.c.h; path = "NSObject+YUException.h"; sourceTree = "<group>"; };
		183ADD3E1EF22D6E007A50C1 /* NSObject+YUException.m */ = {isa = PBXFileReference; fileEncoding = 4; lastKnownFileType = sourcecode.c.objc; path = "NSObject+YUException.m"; sourceTree = "<group>"; };
		183ADD3F1EF22D6E007A50C1 /* NSObject+YUMethodSignature.h */ = {isa = PBXFileReference; fileEncoding = 4; lastKnownFileType = sourcecode.c.h; path = "NSObject+YUMethodSignature.h"; sourceTree = "<group>"; };
		183ADD401EF22D6E007A50C1 /* NSObject+YUMethodSignature.m */ = {isa = PBXFileReference; fileEncoding = 4; lastKnownFileType = sourcecode.c.objc; path = "NSObject+YUMethodSignature.m"; sourceTree = "<group>"; };
		183ADD411EF22D6E007A50C1 /* NSString+YUException.h */ = {isa = PBXFileReference; fileEncoding = 4; lastKnownFileType = sourcecode.c.h; path = "NSString+YUException.h"; sourceTree = "<group>"; };
		183ADD421EF22D6E007A50C1 /* NSString+YUException.m */ = {isa = PBXFileReference; fileEncoding = 4; lastKnownFileType = sourcecode.c.objc; path = "NSString+YUException.m"; sourceTree = "<group>"; };
		183ADD431EF22D6E007A50C1 /* UncaughtExceptionHandler.h */ = {isa = PBXFileReference; fileEncoding = 4; lastKnownFileType = sourcecode.c.h; path = UncaughtExceptionHandler.h; sourceTree = "<group>"; };
		183ADD441EF22D6E007A50C1 /* UncaughtExceptionHandler.m */ = {isa = PBXFileReference; fileEncoding = 4; lastKnownFileType = sourcecode.c.objc; path = UncaughtExceptionHandler.m; sourceTree = "<group>"; };
		183ADD471EF22D6E007A50C1 /* Valet.h */ = {isa = PBXFileReference; fileEncoding = 4; lastKnownFileType = sourcecode.c.h; path = Valet.h; sourceTree = "<group>"; };
		183ADD481EF22D6E007A50C1 /* ValetDefines.h */ = {isa = PBXFileReference; fileEncoding = 4; lastKnownFileType = sourcecode.c.h; path = ValetDefines.h; sourceTree = "<group>"; };
		183ADD491EF22D6E007A50C1 /* VALSecureEnclaveValet.h */ = {isa = PBXFileReference; fileEncoding = 4; lastKnownFileType = sourcecode.c.h; path = VALSecureEnclaveValet.h; sourceTree = "<group>"; };
		183ADD4A1EF22D6E007A50C1 /* VALSecureEnclaveValet.m */ = {isa = PBXFileReference; fileEncoding = 4; lastKnownFileType = sourcecode.c.objc; path = VALSecureEnclaveValet.m; sourceTree = "<group>"; };
		183ADD4B1EF22D6E007A50C1 /* VALSynchronizableValet.h */ = {isa = PBXFileReference; fileEncoding = 4; lastKnownFileType = sourcecode.c.h; path = VALSynchronizableValet.h; sourceTree = "<group>"; };
		183ADD4C1EF22D6E007A50C1 /* VALSynchronizableValet.m */ = {isa = PBXFileReference; fileEncoding = 4; lastKnownFileType = sourcecode.c.objc; path = VALSynchronizableValet.m; sourceTree = "<group>"; };
		183ADD4D1EF22D6E007A50C1 /* VALValet.h */ = {isa = PBXFileReference; fileEncoding = 4; lastKnownFileType = sourcecode.c.h; path = VALValet.h; sourceTree = "<group>"; };
		183ADD4E1EF22D6E007A50C1 /* VALValet.m */ = {isa = PBXFileReference; fileEncoding = 4; lastKnownFileType = sourcecode.c.objc; path = VALValet.m; sourceTree = "<group>"; };
		183ADD4F1EF22D6E007A50C1 /* VALValet_Protected.h */ = {isa = PBXFileReference; fileEncoding = 4; lastKnownFileType = sourcecode.c.h; path = VALValet_Protected.h; sourceTree = "<group>"; };
		183ADD501EF22D6E007A50C1 /* YUKeychain.h */ = {isa = PBXFileReference; fileEncoding = 4; lastKnownFileType = sourcecode.c.h; path = YUKeychain.h; sourceTree = "<group>"; };
		183ADD511EF22D6E007A50C1 /* YUKeychain.m */ = {isa = PBXFileReference; fileEncoding = 4; lastKnownFileType = sourcecode.c.objc; path = YUKeychain.m; sourceTree = "<group>"; };
		1896121F1DF9544C0019EF52 /* YUKit.framework */ = {isa = PBXFileReference; explicitFileType = wrapper.framework; includeInIndex = 0; path = YUKit.framework; sourceTree = BUILT_PRODUCTS_DIR; };
		32AB6A201F9B105E0092C430 /* Reachability.h */ = {isa = PBXFileReference; fileEncoding = 4; lastKnownFileType = sourcecode.c.h; path = Reachability.h; sourceTree = "<group>"; };
		32AB6A211F9B105E0092C430 /* Reachability.m */ = {isa = PBXFileReference; fileEncoding = 4; lastKnownFileType = sourcecode.c.objc; path = Reachability.m; sourceTree = "<group>"; };
/* End PBXFileReference section */

/* Begin PBXFrameworksBuildPhase section */
		1896121B1DF9544C0019EF52 /* Frameworks */ = {
			isa = PBXFrameworksBuildPhase;
			buildActionMask = 2147483647;
			files = (
			);
			runOnlyForDeploymentPostprocessing = 0;
		};
/* End PBXFrameworksBuildPhase section */

/* Begin PBXGroup section */
		183AB9441EEFD785005E17E7 /* YUKit */ = {
			isa = PBXGroup;
			children = (
				183AB9BA1EEFD785005E17E7 /* Readme.md */,
				183AB9451EEFD785005E17E7 /* foundation */,
				183AB9BB1EEFD785005E17E7 /* uikit */,
				183AB9FD1EEFD785005E17E7 /* YUKit.h */,
				183AB9FE1EEFD785005E17E7 /* YUKit.podspec */,
				183AB9FF1EEFD785005E17E7 /* YUKitHeader.h */,
				183ABA001EEFD785005E17E7 /* YUMacro.h */,
			);
			name = YUKit;
			path = ../../YUKit;
			sourceTree = "<group>";
		};
		183AB9451EEFD785005E17E7 /* foundation */ = {
			isa = PBXGroup;
			children = (
				183AB9461EEFD785005E17E7 /* category */,
				183AB9711EEFD785005E17E7 /* lib */,
				183AB9971EEFD785005E17E7 /* YU_Foundation.h */,
			);
			path = foundation;
			sourceTree = "<group>";
		};
		183AB9461EEFD785005E17E7 /* category */ = {
			isa = PBXGroup;
			children = (
				183AB9471EEFD785005E17E7 /* NSArray+YU.h */,
				183AB9481EEFD785005E17E7 /* NSArray+YU.m */,
				183AB9491EEFD785005E17E7 /* NSAttributedString+YU.h */,
				183AB94A1EEFD785005E17E7 /* NSAttributedString+YU.m */,
				183AB94B1EEFD785005E17E7 /* NSCalendar+YU.h */,
				183AB94C1EEFD785005E17E7 /* NSCalendar+YU.m */,
				183AB94D1EEFD785005E17E7 /* NSData+YU.h */,
				183AB94E1EEFD785005E17E7 /* NSData+YU.m */,
				183ADD1C1EF21F79007A50C1 /* NSData+YUBase64.h */,
				183ADD1D1EF21F79007A50C1 /* NSData+YUBase64.m */,
				183ADD201EF21FC2007A50C1 /* NSString+YUBase64.h */,
				183ADD211EF21FC2007A50C1 /* NSString+YUBase64.m */,
				183AB94F1EEFD785005E17E7 /* NSDate+YU.h */,
				183AB9501EEFD785005E17E7 /* NSDate+YU.m */,
				183AB9511EEFD785005E17E7 /* NSDictionary+YU.h */,
				183AB9521EEFD785005E17E7 /* NSDictionary+YU.m */,
				183AB9531EEFD785005E17E7 /* NSError+YU.h */,
				183AB9541EEFD785005E17E7 /* NSError+YU.m */,
				183AB9551EEFD785005E17E7 /* NSFileManager+YU.h */,
				183AB9561EEFD785005E17E7 /* NSFileManager+YU.m */,
				183AB9571EEFD785005E17E7 /* NSNotificationCenter+YU.h */,
				183AB9581EEFD785005E17E7 /* NSNotificationCenter+YU.m */,
				183AB9591EEFD785005E17E7 /* NSNull+YU.h */,
				183AB95A1EEFD785005E17E7 /* NSNull+YU.m */,
				183AB95B1EEFD785005E17E7 /* NSNumber+YU.h */,
				183AB95C1EEFD785005E17E7 /* NSNumber+YU.m */,
				183AB95D1EEFD785005E17E7 /* NSObject+YU.h */,
				183AB95E1EEFD785005E17E7 /* NSObject+YU.m */,
				183AB95F1EEFD785005E17E7 /* NSObject+YUFile.h */,
				183AB9601EEFD785005E17E7 /* NSObject+YUFile.m */,
				183AB9611EEFD785005E17E7 /* NSObject+YUJSON.h */,
				183AB9621EEFD785005E17E7 /* NSObject+YUJSON.m */,
				183AB9631EEFD785005E17E7 /* NSObject+YULog.h */,
				183AB9641EEFD785005E17E7 /* NSObject+YULog.m */,
				183AB9651EEFD785005E17E7 /* NSObject+YURuntime.h */,
				183AB9661EEFD785005E17E7 /* NSObject+YURuntime.m */,
				183AB9671EEFD785005E17E7 /* NSString+YU.h */,
				183AB9681EEFD785005E17E7 /* NSString+YU.m */,
				183AB9691EEFD785005E17E7 /* NSString+YUCheck.h */,
				183AB96A1EEFD785005E17E7 /* NSString+YUCheck.m */,
				183AB96B1EEFD785005E17E7 /* NSString+YUSize.h */,
				183AB96C1EEFD785005E17E7 /* NSString+YUSize.m */,
				183AB96D1EEFD785005E17E7 /* NSTimer+YU.h */,
				183AB96E1EEFD785005E17E7 /* NSTimer+YU.m */,
				183AB96F1EEFD785005E17E7 /* NSURL+YU.h */,
				183AB9701EEFD785005E17E7 /* NSURL+YU.m */,
			);
			path = category;
			sourceTree = "<group>";
		};
		183AB9711EEFD785005E17E7 /* lib */ = {
			isa = PBXGroup;
			children = (
				183AB9721EEFD785005E17E7 /* AddressBook */,
				183AB97A1EEFD785005E17E7 /* map */,
				183AB97F1EEFD785005E17E7 /* TopLeftLabel */,
				183AB9821EEFD785005E17E7 /* UserDefaults */,
				183AB98C1EEFD785005E17E7 /* YUGCDObj */,
				183AB9851EEFD785005E17E7 /* YU_Device.h */,
				183AB9861EEFD785005E17E7 /* YU_Device.m */,
				183AB9871EEFD785005E17E7 /* YU_Singleton.h */,
				183AB9881EEFD785005E17E7 /* YU_SysInfo.h */,
				183AB9891EEFD785005E17E7 /* YU_SysInfo.m */,
				183AB98A1EEFD785005E17E7 /* YU_System.h */,
				183AB98B1EEFD785005E17E7 /* YU_System.m */,
			);
			path = lib;
			sourceTree = "<group>";
		};
		183AB9721EEFD785005E17E7 /* AddressBook */ = {
			isa = PBXGroup;
			children = (
				183AB9731EEFD785005E17E7 /* AddressBook.h */,
				183AB9741EEFD785005E17E7 /* AddressBook.m */,
				183AB9751EEFD785005E17E7 /* AddressBookObj.h */,
				183AB9761EEFD785005E17E7 /* AddressBookObj.m */,
			);
			path = AddressBook;
			sourceTree = "<group>";
		};
		183AB97A1EEFD785005E17E7 /* map */ = {
			isa = PBXGroup;
			children = (
				183AB97B1EEFD785005E17E7 /* YU_MapCoordinateConversion.cpp */,
				183AB97C1EEFD785005E17E7 /* YU_MapCoordinateConversion.h */,
				183AB97D1EEFD785005E17E7 /* YU_WGS84TOGCJ02.h */,
				183AB97E1EEFD785005E17E7 /* YU_WGS84TOGCJ02.m */,
			);
			path = map;
			sourceTree = "<group>";
		};
		183AB97F1EEFD785005E17E7 /* TopLeftLabel */ = {
			isa = PBXGroup;
			children = (
				183AB9801EEFD785005E17E7 /* TopLeftLabel.h */,
				183AB9811EEFD785005E17E7 /* TopLeftLabel.m */,
			);
			path = TopLeftLabel;
			sourceTree = "<group>";
		};
		183AB9821EEFD785005E17E7 /* UserDefaults */ = {
			isa = PBXGroup;
			children = (
				183AB9831EEFD785005E17E7 /* YU_UserDefaults.h */,
				183AB9841EEFD785005E17E7 /* YU_UserDefaults.m */,
			);
			path = UserDefaults;
			sourceTree = "<group>";
		};
		183AB98C1EEFD785005E17E7 /* YUGCDObj */ = {
			isa = PBXGroup;
			children = (
				183AB98D1EEFD785005E17E7 /* GCDGroup.h */,
				183AB98E1EEFD785005E17E7 /* GCDGroup.m */,
				183AB98F1EEFD785005E17E7 /* GCDMacros.h */,
				183AB9901EEFD785005E17E7 /* GCDObjC.h */,
				183AB9911EEFD785005E17E7 /* GCDQueue.h */,
				183AB9921EEFD785005E17E7 /* GCDQueue.m */,
				183AB9931EEFD785005E17E7 /* GCDSemaphore.h */,
				183AB9941EEFD785005E17E7 /* GCDSemaphore.m */,
				183AB9951EEFD785005E17E7 /* GCDTimer.h */,
				183AB9961EEFD785005E17E7 /* GCDTimer.m */,
			);
			path = YUGCDObj;
			sourceTree = "<group>";
		};
		183AB9BB1EEFD785005E17E7 /* uikit */ = {
			isa = PBXGroup;
			children = (
				183AB9BC1EEFD785005E17E7 /* category */,
				183AB9F11EEFD785005E17E7 /* lib */,
				183AB9FC1EEFD785005E17E7 /* YU_UIKit.h */,
			);
			path = uikit;
			sourceTree = "<group>";
		};
		183AB9BC1EEFD785005E17E7 /* category */ = {
			isa = PBXGroup;
			children = (
				183AB9BD1EEFD785005E17E7 /* UIAlertController+YU.h */,
				183AB9BE1EEFD785005E17E7 /* UIAlertController+YU.m */,
				183AB9BF1EEFD785005E17E7 /* UIAlertView+YU.h */,
				183AB9C01EEFD785005E17E7 /* UIAlertView+YU.m */,
				183AB9C11EEFD785005E17E7 /* UIApplication+YUShare.h */,
				183AB9C21EEFD785005E17E7 /* UIApplication+YUShare.m */,
				183AB9C31EEFD785005E17E7 /* UIBarButtonItem+YU.h */,
				183AB9C41EEFD785005E17E7 /* UIBarButtonItem+YU.m */,
				183AB9C51EEFD785005E17E7 /* UIButton+YU.h */,
				183AB9C61EEFD785005E17E7 /* UIButton+YU.m */,
				183AB9C71EEFD785005E17E7 /* UIColor+YU.h */,
				183AB9C81EEFD785005E17E7 /* UIColor+YU.m */,
				183AB9C91EEFD785005E17E7 /* UIControl+YU.h */,
				183AB9CA1EEFD785005E17E7 /* UIControl+YU.m */,
				183AB9CB1EEFD785005E17E7 /* UIImage+YU.h */,
				183AB9CC1EEFD785005E17E7 /* UIImage+YU.m */,
				183AB9CD1EEFD785005E17E7 /* UIImageView+YU.h */,
				183AB9CE1EEFD785005E17E7 /* UIImageView+YU.m */,
				183AB9CF1EEFD785005E17E7 /* UINavigationController+YU.h */,
				183AB9D01EEFD785005E17E7 /* UINavigationController+YU.m */,
				183AB9D11EEFD785005E17E7 /* UIPasteboard+YU.h */,
				183AB9D21EEFD785005E17E7 /* UIPasteboard+YU.m */,
				183AB9D31EEFD785005E17E7 /* UIResponder+YU.h */,
				183AB9D41EEFD785005E17E7 /* UIResponder+YU.m */,
				183AB9D51EEFD785005E17E7 /* UIStoryboard+YU.h */,
				183AB9D61EEFD785005E17E7 /* UIStoryboard+YU.m */,
				183AB9D71EEFD785005E17E7 /* UITableView+YU.h */,
				183AB9D81EEFD785005E17E7 /* UITableView+YU.m */,
				183AB9D91EEFD785005E17E7 /* UITableViewCell+YU.h */,
				183AB9DA1EEFD785005E17E7 /* UITableViewCell+YU.m */,
				183AB9DB1EEFD785005E17E7 /* UITableViewHeaderFooterView+YU.h */,
				183AB9DC1EEFD785005E17E7 /* UITableViewHeaderFooterView+YU.m */,
				183AB9DD1EEFD785005E17E7 /* UITextField+YU.h */,
				183AB9DE1EEFD785005E17E7 /* UITextField+YU.m */,
				183AB9DF1EEFD785005E17E7 /* UIView+YU.h */,
				183AB9E01EEFD785005E17E7 /* UIView+YU.m */,
				183AB9E11EEFD785005E17E7 /* UIView+YUAnimation.h */,
				183AB9E21EEFD785005E17E7 /* UIView+YUAnimation.m */,
				183AB9E31EEFD785005E17E7 /* UIView+YUFrame.h */,
				183AB9E41EEFD785005E17E7 /* UIView+YUFrame.m */,
				183AB9E51EEFD785005E17E7 /* UIView+YURotate360.h */,
				183AB9E61EEFD785005E17E7 /* UIView+YURotate360.m */,
				183AB9E71EEFD785005E17E7 /* UIViewController+Console.h */,
				183AB9E81EEFD785005E17E7 /* UIViewController+Console.m */,
				183AB9E91EEFD785005E17E7 /* UIViewController+Storyboard.h */,
				183AB9EA1EEFD785005E17E7 /* UIViewController+Storyboard.m */,
				183AB9EB1EEFD785005E17E7 /* UIViewController+YU.h */,
				183AB9EC1EEFD785005E17E7 /* UIViewController+YU.m */,
				183AB9ED1EEFD785005E17E7 /* UIWebView+YU.h */,
				183AB9EE1EEFD785005E17E7 /* UIWebView+YU.m */,
				183AB9EF1EEFD785005E17E7 /* UIWindow+YU.h */,
				183AB9F01EEFD785005E17E7 /* UIWindow+YU.m */,
			);
			path = category;
			sourceTree = "<group>";
		};
		183AB9F11EEFD785005E17E7 /* lib */ = {
			isa = PBXGroup;
			children = (
				183AB9F61EEFD785005E17E7 /* YU_AmountTextField.h */,
				183AB9F71EEFD785005E17E7 /* YU_AmountTextField.m */,
				183AB9F81EEFD785005E17E7 /* YU_TableViewCell.h */,
				183AB9F91EEFD785005E17E7 /* YU_TableViewCell.m */,
				183AB9FA1EEFD785005E17E7 /* YU_TextView.h */,
				183AB9FB1EEFD785005E17E7 /* YU_TextView.m */,
			);
			path = lib;
			sourceTree = "<group>";
		};
		183ADD341EF22D6E007A50C1 /* YUException */ = {
			isa = PBXGroup;
			children = (
				183ADD351EF22D6E007A50C1 /* NSArray+YUException.h */,
				183ADD361EF22D6E007A50C1 /* NSArray+YUException.m */,
				183ADD371EF22D6E007A50C1 /* NSDictionary+YUException.h */,
				183ADD381EF22D6E007A50C1 /* NSDictionary+YUException.m */,
				183ADD391EF22D6E007A50C1 /* NSException+YUException.h */,
				183ADD3A1EF22D6E007A50C1 /* NSException+YUException.m */,
				183ADD3B1EF22D6E007A50C1 /* NSMethodSignature+YUException.h */,
				183ADD3C1EF22D6E007A50C1 /* NSMethodSignature+YUException.m */,
				183ADD3D1EF22D6E007A50C1 /* NSObject+YUException.h */,
				183ADD3E1EF22D6E007A50C1 /* NSObject+YUException.m */,
				183ADD3F1EF22D6E007A50C1 /* NSObject+YUMethodSignature.h */,
				183ADD401EF22D6E007A50C1 /* NSObject+YUMethodSignature.m */,
				183ADD411EF22D6E007A50C1 /* NSString+YUException.h */,
				183ADD421EF22D6E007A50C1 /* NSString+YUException.m */,
				183ADD431EF22D6E007A50C1 /* UncaughtExceptionHandler.h */,
				183ADD441EF22D6E007A50C1 /* UncaughtExceptionHandler.m */,
			);
			name = YUException;
			path = ../../YUKit/frameworks/YUException;
			sourceTree = "<group>";
		};
		183ADD451EF22D6E007A50C1 /* YUKeychain */ = {
			isa = PBXGroup;
			children = (
				183ADD461EF22D6E007A50C1 /* Valet */,
				183ADD501EF22D6E007A50C1 /* YUKeychain.h */,
				183ADD511EF22D6E007A50C1 /* YUKeychain.m */,
			);
			name = YUKeychain;
			path = ../../YUKit/frameworks/YUKeychain;
			sourceTree = "<group>";
		};
		183ADD461EF22D6E007A50C1 /* Valet */ = {
			isa = PBXGroup;
			children = (
				183ADD471EF22D6E007A50C1 /* Valet.h */,
				183ADD481EF22D6E007A50C1 /* ValetDefines.h */,
				183ADD491EF22D6E007A50C1 /* VALSecureEnclaveValet.h */,
				183ADD4A1EF22D6E007A50C1 /* VALSecureEnclaveValet.m */,
				183ADD4B1EF22D6E007A50C1 /* VALSynchronizableValet.h */,
				183ADD4C1EF22D6E007A50C1 /* VALSynchronizableValet.m */,
				183ADD4D1EF22D6E007A50C1 /* VALValet.h */,
				183ADD4E1EF22D6E007A50C1 /* VALValet.m */,
				183ADD4F1EF22D6E007A50C1 /* VALValet_Protected.h */,
			);
			path = Valet;
			sourceTree = "<group>";
		};
		189612151DF9544C0019EF52 = {
			isa = PBXGroup;
			children = (
				183AB9441EEFD785005E17E7 /* YUKit */,
				183AB9421EEFD77A005E17E7 /* Info.plist */,
				189612201DF9544C0019EF52 /* Products */,
				189613451DF959490019EF52 /* Frameworks */,
			);
			sourceTree = "<group>";
		};
		189612201DF9544C0019EF52 /* Products */ = {
			isa = PBXGroup;
			children = (
				1896121F1DF9544C0019EF52 /* YUKit.framework */,
			);
			name = Products;
			sourceTree = "<group>";
		};
		189613451DF959490019EF52 /* Frameworks */ = {
			isa = PBXGroup;
			children = (
				32AB6A1F1F9B105E0092C430 /* Reachability */,
				183ADD341EF22D6E007A50C1 /* YUException */,
				183ADD451EF22D6E007A50C1 /* YUKeychain */,
			);
			name = Frameworks;
			sourceTree = "<group>";
		};
		32AB6A1F1F9B105E0092C430 /* Reachability */ = {
			isa = PBXGroup;
			children = (
				32AB6A201F9B105E0092C430 /* Reachability.h */,
				32AB6A211F9B105E0092C430 /* Reachability.m */,
			);
			name = Reachability;
			path = ../../YUKit/frameworks/Reachability;
			sourceTree = "<group>";
		};
/* End PBXGroup section */

/* Begin PBXHeadersBuildPhase section */
		1896121C1DF9544C0019EF52 /* Headers */ = {
			isa = PBXHeadersBuildPhase;
			buildActionMask = 2147483647;
			files = (
				183ABA8D1EEFD785005E17E7 /* UIView+YUAnimation.h in Headers */,
				183ABA1B1EEFD785005E17E7 /* NSObject+YUJSON.h in Headers */,
				183ADD681EF22D6E007A50C1 /* VALSynchronizableValet.h in Headers */,
				183ABA031EEFD785005E17E7 /* NSAttributedString+YU.h in Headers */,
				183ADD6D1EF22D6E007A50C1 /* YUKeychain.h in Headers */,
				183ABA851EEFD785005E17E7 /* UITableViewCell+YU.h in Headers */,
				183ABA331EEFD785005E17E7 /* YU_WGS84TOGCJ02.h in Headers */,
				183ABA6F1EEFD785005E17E7 /* UIBarButtonItem+YU.h in Headers */,
				183ADD601EF22D6E007A50C1 /* NSString+YUException.h in Headers */,
				183ABA441EEFD785005E17E7 /* GCDQueue.h in Headers */,
				183ABA071EEFD785005E17E7 /* NSData+YU.h in Headers */,
				183ABA461EEFD785005E17E7 /* GCDSemaphore.h in Headers */,
				183ADD221EF21FC2007A50C1 /* NSString+YUBase64.h in Headers */,
				183ABA131EEFD785005E17E7 /* NSNull+YU.h in Headers */,
				183ABA151EEFD785005E17E7 /* NSNumber+YU.h in Headers */,
				183ABA8F1EEFD785005E17E7 /* UIView+YUFrame.h in Headers */,
				183ABA931EEFD785005E17E7 /* UIViewController+Console.h in Headers */,
				183ABA371EEFD785005E17E7 /* YU_UserDefaults.h in Headers */,
				183ABA3B1EEFD785005E17E7 /* YU_Singleton.h in Headers */,
				183ABA171EEFD785005E17E7 /* NSObject+YU.h in Headers */,
				183ABA191EEFD785005E17E7 /* NSObject+YUFile.h in Headers */,
				183ABA231EEFD785005E17E7 /* NSString+YUCheck.h in Headers */,
				183ABAA41EEFD785005E17E7 /* YU_TextView.h in Headers */,
				183ADD661EF22D6E007A50C1 /* VALSecureEnclaveValet.h in Headers */,
				183ABA991EEFD785005E17E7 /* UIWebView+YU.h in Headers */,
				183ADD5A1EF22D6E007A50C1 /* NSMethodSignature+YUException.h in Headers */,
				183ABA6D1EEFD785005E17E7 /* UIApplication+YUShare.h in Headers */,
				183ABA2D1EEFD785005E17E7 /* AddressBookObj.h in Headers */,
				183ABA2B1EEFD785005E17E7 /* AddressBook.h in Headers */,
				183ABA211EEFD785005E17E7 /* NSString+YU.h in Headers */,
				183ABA711EEFD785005E17E7 /* UIButton+YU.h in Headers */,
				183ABA251EEFD785005E17E7 /* NSString+YUSize.h in Headers */,
				183ADD6A1EF22D6E007A50C1 /* VALValet.h in Headers */,
				183ADD621EF22D6E007A50C1 /* UncaughtExceptionHandler.h in Headers */,
				183ADD5C1EF22D6E007A50C1 /* NSObject+YUException.h in Headers */,
				183ADD5E1EF22D6E007A50C1 /* NSObject+YUMethodSignature.h in Headers */,
				183ABAA01EEFD785005E17E7 /* YU_AmountTextField.h in Headers */,
				183ABA871EEFD785005E17E7 /* UITableViewHeaderFooterView+YU.h in Headers */,
				183ABA321EEFD785005E17E7 /* YU_MapCoordinateConversion.h in Headers */,
				183ABA011EEFD785005E17E7 /* NSArray+YU.h in Headers */,
				183ABA691EEFD785005E17E7 /* UIAlertController+YU.h in Headers */,
				183ABA791EEFD785005E17E7 /* UIImageView+YU.h in Headers */,
				183ABA421EEFD785005E17E7 /* GCDMacros.h in Headers */,
				183ADD1E1EF21F79007A50C1 /* NSData+YUBase64.h in Headers */,
				183ABA0B1EEFD785005E17E7 /* NSDictionary+YU.h in Headers */,
				183ABA7F1EEFD785005E17E7 /* UIResponder+YU.h in Headers */,
				183ABAA71EEFD785005E17E7 /* YUKit.h in Headers */,
				183ABA3E1EEFD785005E17E7 /* YU_System.h in Headers */,
				183ABA051EEFD785005E17E7 /* NSCalendar+YU.h in Headers */,
				183ABA271EEFD785005E17E7 /* NSTimer+YU.h in Headers */,
				183ABAA61EEFD785005E17E7 /* YU_UIKit.h in Headers */,
				183ABA891EEFD785005E17E7 /* UITextField+YU.h in Headers */,
				183ABA0F1EEFD785005E17E7 /* NSFileManager+YU.h in Headers */,
				183ADD581EF22D6E007A50C1 /* NSException+YUException.h in Headers */,
				183ABAA91EEFD785005E17E7 /* YUKitHeader.h in Headers */,
				183ABA0D1EEFD785005E17E7 /* NSError+YU.h in Headers */,
				183ABA911EEFD785005E17E7 /* UIView+YURotate360.h in Headers */,
				183ABA3C1EEFD785005E17E7 /* YU_SysInfo.h in Headers */,
				183ABA111EEFD785005E17E7 /* NSNotificationCenter+YU.h in Headers */,
				183ABAAA1EEFD785005E17E7 /* YUMacro.h in Headers */,
				183ABA481EEFD785005E17E7 /* GCDTimer.h in Headers */,
				32AB6A221F9B105E0092C430 /* Reachability.h in Headers */,
				183ABA7D1EEFD785005E17E7 /* UIPasteboard+YU.h in Headers */,
				183ABA9B1EEFD785005E17E7 /* UIWindow+YU.h in Headers */,
				183ABA8B1EEFD785005E17E7 /* UIView+YU.h in Headers */,
				183ABA091EEFD785005E17E7 /* NSDate+YU.h in Headers */,
				183ABA291EEFD785005E17E7 /* NSURL+YU.h in Headers */,
				183ABA4A1EEFD785005E17E7 /* YU_Foundation.h in Headers */,
				183ABA351EEFD785005E17E7 /* TopLeftLabel.h in Headers */,
				183ABAA21EEFD785005E17E7 /* YU_TableViewCell.h in Headers */,
				183ADD6C1EF22D6E007A50C1 /* VALValet_Protected.h in Headers */,
				183ABA971EEFD785005E17E7 /* UIViewController+YU.h in Headers */,
				183ABA1D1EEFD785005E17E7 /* NSObject+YULog.h in Headers */,
				183ADD641EF22D6E007A50C1 /* Valet.h in Headers */,
				183ADD541EF22D6E007A50C1 /* NSArray+YUException.h in Headers */,
				183ABA731EEFD785005E17E7 /* UIColor+YU.h in Headers */,
				183ADD651EF22D6E007A50C1 /* ValetDefines.h in Headers */,
				183ABA951EEFD785005E17E7 /* UIViewController+Storyboard.h in Headers */,
				183ABA401EEFD785005E17E7 /* GCDGroup.h in Headers */,
				183ADD561EF22D6E007A50C1 /* NSDictionary+YUException.h in Headers */,
				183ABA811EEFD785005E17E7 /* UIStoryboard+YU.h in Headers */,
				183ABA771EEFD785005E17E7 /* UIImage+YU.h in Headers */,
				183ABA7B1EEFD785005E17E7 /* UINavigationController+YU.h in Headers */,
				183ABA391EEFD785005E17E7 /* YU_Device.h in Headers */,
				183ABA1F1EEFD785005E17E7 /* NSObject+YURuntime.h in Headers */,
				183ABA431EEFD785005E17E7 /* GCDObjC.h in Headers */,
				183ABA831EEFD785005E17E7 /* UITableView+YU.h in Headers */,
				183ABA6B1EEFD785005E17E7 /* UIAlertView+YU.h in Headers */,
				183ABA751EEFD785005E17E7 /* UIControl+YU.h in Headers */,
			);
			runOnlyForDeploymentPostprocessing = 0;
		};
/* End PBXHeadersBuildPhase section */

/* Begin PBXNativeTarget section */
		1896121E1DF9544C0019EF52 /* YUKit */ = {
			isa = PBXNativeTarget;
			buildConfigurationList = 189612271DF9544C0019EF52 /* Build configuration list for PBXNativeTarget "YUKit" */;
			buildPhases = (
				1896121A1DF9544C0019EF52 /* Sources */,
				1896121B1DF9544C0019EF52 /* Frameworks */,
				1896121C1DF9544C0019EF52 /* Headers */,
				1896121D1DF9544C0019EF52 /* Resources */,
			);
			buildRules = (
			);
			dependencies = (
			);
			name = YUKit;
			productName = YUKit;
			productReference = 1896121F1DF9544C0019EF52 /* YUKit.framework */;
			productType = "com.apple.product-type.framework";
		};
/* End PBXNativeTarget section */

/* Begin PBXProject section */
		189612161DF9544C0019EF52 /* Project object */ = {
			isa = PBXProject;
			attributes = {
				LastUpgradeCheck = 0900;
				ORGANIZATIONNAME = BruceYu;
				TargetAttributes = {
					185C316F1E1F8E78002FC465 = {
						CreatedOnToolsVersion = 8.1;
						ProvisioningStyle = Automatic;
					};
					1896121E1DF9544C0019EF52 = {
						CreatedOnToolsVersion = 8.1;
						ProvisioningStyle = Automatic;
					};
				};
			};
			buildConfigurationList = 189612191DF9544C0019EF52 /* Build configuration list for PBXProject "YUKit" */;
			compatibilityVersion = "Xcode 3.2";
			developmentRegion = English;
			hasScannedForEncodings = 0;
			knownRegions = (
				en,
			);
			mainGroup = 189612151DF9544C0019EF52;
			productRefGroup = 189612201DF9544C0019EF52 /* Products */;
			projectDirPath = "";
			projectRoot = "";
			targets = (
				1896121E1DF9544C0019EF52 /* YUKit */,
				185C316F1E1F8E78002FC465 /* YUKitAggregate */,
			);
		};
/* End PBXProject section */

/* Begin PBXResourcesBuildPhase section */
		1896121D1DF9544C0019EF52 /* Resources */ = {
			isa = PBXResourcesBuildPhase;
			buildActionMask = 2147483647;
			files = (
				183ABAA81EEFD785005E17E7 /* YUKit.podspec in Resources */,
			);
			runOnlyForDeploymentPostprocessing = 0;
		};
/* End PBXResourcesBuildPhase section */

/* Begin PBXShellScriptBuildPhase section */
		185C31751E1F8E84002FC465 /* ShellScript */ = {
			isa = PBXShellScriptBuildPhase;
			buildActionMask = 2147483647;
			files = (
			);
			inputPaths = (
			);
			outputPaths = (
			);
			runOnlyForDeploymentPostprocessing = 0;
			shellPath = /bin/sh;
			shellScript = "# Sets the target folders and the final framework product.\n# 如果工程名称和Framework的Target名称不一样的话，要自定义FMKNAME\n# 例如: FMK_NAME = \"MyFramework\"\nFMK_NAME=${PROJECT_NAME}\n# Install dir will be the final output to the framework.\n# The following line create it in the root folder of the current project.\nINSTALL_DIR=${SRCROOT}/Products/${FMK_NAME}.framework\n# Working dir will be deleted after the framework creation.\nWRK_DIR=build\nDEVICE_DIR=${WRK_DIR}/Release-iphoneos/${FMK_NAME}.framework\nSIMULATOR_DIR=${WRK_DIR}/Release-iphonesimulator/${FMK_NAME}.framework\n# -configuration ${CONFIGURATION}\n# Clean and Building both architectures.\nxcodebuild -configuration \"Release\" -target \"${FMK_NAME}\" -sdk iphoneos clean build\nxcodebuild -configuration \"Release\" -target \"${FMK_NAME}\" -sdk iphonesimulator clean build\n# Cleaning the oldest.\nif [ -d \"${INSTALL_DIR}\" ]\nthen\nrm -rf \"${INSTALL_DIR}\"\nfi\nmkdir -p \"${INSTALL_DIR}\"\ncp -R \"${DEVICE_DIR}/\" \"${INSTALL_DIR}/\"\n# Uses the Lipo Tool to merge both binary files (i386 + armv6/armv7) into one Universal final product.\nlipo -create \"${DEVICE_DIR}/${FMK_NAME}\" \"${SIMULATOR_DIR}/${FMK_NAME}\" -output \"${INSTALL_DIR}/${FMK_NAME}\"\nrm -r \"${WRK_DIR}\"\nopen \"${INSTALL_DIR}\"";
		};
/* End PBXShellScriptBuildPhase section */

/* Begin PBXSourcesBuildPhase section */
		1896121A1DF9544C0019EF52 /* Sources */ = {
			isa = PBXSourcesBuildPhase;
			buildActionMask = 2147483647;
			files = (
				183ABA411EEFD785005E17E7 /* GCDGroup.m in Sources */,
				183ADD631EF22D6E007A50C1 /* UncaughtExceptionHandler.m in Sources */,
				32AB6A231F9B105E0092C430 /* Reachability.m in Sources */,
				183ABA0C1EEFD785005E17E7 /* NSDictionary+YU.m in Sources */,
				183ABA1A1EEFD785005E17E7 /* NSObject+YUFile.m in Sources */,
				183ABA8C1EEFD785005E17E7 /* UIView+YU.m in Sources */,
				183ABAA11EEFD785005E17E7 /* YU_AmountTextField.m in Sources */,
				183ABA221EEFD785005E17E7 /* NSString+YU.m in Sources */,
				183ABA881EEFD785005E17E7 /* UITableViewHeaderFooterView+YU.m in Sources */,
				183ABA741EEFD785005E17E7 /* UIColor+YU.m in Sources */,
				183ABA491EEFD785005E17E7 /* GCDTimer.m in Sources */,
				183ADD5F1EF22D6E007A50C1 /* NSObject+YUMethodSignature.m in Sources */,
				183ABAA31EEFD785005E17E7 /* YU_TableViewCell.m in Sources */,
				183ABA7A1EEFD785005E17E7 /* UIImageView+YU.m in Sources */,
				183ABA181EEFD785005E17E7 /* NSObject+YU.m in Sources */,
				183ABA381EEFD785005E17E7 /* YU_UserDefaults.m in Sources */,
				183ABA361EEFD785005E17E7 /* TopLeftLabel.m in Sources */,
				183ABA981EEFD785005E17E7 /* UIViewController+YU.m in Sources */,
				183ADD1F1EF21F79007A50C1 /* NSData+YUBase64.m in Sources */,
				183ABA6C1EEFD785005E17E7 /* UIAlertView+YU.m in Sources */,
				183ABA901EEFD785005E17E7 /* UIView+YUFrame.m in Sources */,
				183ADD591EF22D6E007A50C1 /* NSException+YUException.m in Sources */,
				183ADD6B1EF22D6E007A50C1 /* VALValet.m in Sources */,
				183ABA451EEFD785005E17E7 /* GCDQueue.m in Sources */,
				183ABA3A1EEFD785005E17E7 /* YU_Device.m in Sources */,
				183ABA681EEFD785005E17E7 /* Readme.md in Sources */,
				183ABA0E1EEFD785005E17E7 /* NSError+YU.m in Sources */,
				183ABA3F1EEFD785005E17E7 /* YU_System.m in Sources */,
				183ABA801EEFD785005E17E7 /* UIResponder+YU.m in Sources */,
				183ABA7C1EEFD785005E17E7 /* UINavigationController+YU.m in Sources */,
				183ABA8E1EEFD785005E17E7 /* UIView+YUAnimation.m in Sources */,
				183ABA721EEFD785005E17E7 /* UIButton+YU.m in Sources */,
				183ABA201EEFD785005E17E7 /* NSObject+YURuntime.m in Sources */,
				183ADD5B1EF22D6E007A50C1 /* NSMethodSignature+YUException.m in Sources */,
				183ABA101EEFD785005E17E7 /* NSFileManager+YU.m in Sources */,
				183ABA261EEFD785005E17E7 /* NSString+YUSize.m in Sources */,
				183ABA021EEFD785005E17E7 /* NSArray+YU.m in Sources */,
				183ABA471EEFD785005E17E7 /* GCDSemaphore.m in Sources */,
				183ABA2C1EEFD785005E17E7 /* AddressBook.m in Sources */,
				183ABA8A1EEFD785005E17E7 /* UITextField+YU.m in Sources */,
				183ADD691EF22D6E007A50C1 /* VALSynchronizableValet.m in Sources */,
				183ABAA51EEFD785005E17E7 /* YU_TextView.m in Sources */,
				183ADD571EF22D6E007A50C1 /* NSDictionary+YUException.m in Sources */,
				183ABA311EEFD785005E17E7 /* YU_MapCoordinateConversion.cpp in Sources */,
				183ABA6E1EEFD785005E17E7 /* UIApplication+YUShare.m in Sources */,
				183ABA341EEFD785005E17E7 /* YU_WGS84TOGCJ02.m in Sources */,
				183ABA701EEFD785005E17E7 /* UIBarButtonItem+YU.m in Sources */,
				183ADD611EF22D6E007A50C1 /* NSString+YUException.m in Sources */,
				183ADD671EF22D6E007A50C1 /* VALSecureEnclaveValet.m in Sources */,
				183ADD6E1EF22D6E007A50C1 /* YUKeychain.m in Sources */,
				183ABA241EEFD785005E17E7 /* NSString+YUCheck.m in Sources */,
				183ABA161EEFD785005E17E7 /* NSNumber+YU.m in Sources */,
				183ABA2E1EEFD785005E17E7 /* AddressBookObj.m in Sources */,
				183ADD551EF22D6E007A50C1 /* NSArray+YUException.m in Sources */,
				183ABA861EEFD785005E17E7 /* UITableViewCell+YU.m in Sources */,
				183ABA121EEFD785005E17E7 /* NSNotificationCenter+YU.m in Sources */,
				183ABA6A1EEFD785005E17E7 /* UIAlertController+YU.m in Sources */,
				183ABA041EEFD785005E17E7 /* NSAttributedString+YU.m in Sources */,
				183ABA761EEFD785005E17E7 /* UIControl+YU.m in Sources */,
				183ADD231EF21FC2007A50C1 /* NSString+YUBase64.m in Sources */,
				183ABA821EEFD785005E17E7 /* UIStoryboard+YU.m in Sources */,
				183ADD5D1EF22D6E007A50C1 /* NSObject+YUException.m in Sources */,
				183ABA1E1EEFD785005E17E7 /* NSObject+YULog.m in Sources */,
				183ABA081EEFD785005E17E7 /* NSData+YU.m in Sources */,
				183ABA141EEFD785005E17E7 /* NSNull+YU.m in Sources */,
				183ABA941EEFD785005E17E7 /* UIViewController+Console.m in Sources */,
				183ABA781EEFD785005E17E7 /* UIImage+YU.m in Sources */,
				183ABA1C1EEFD785005E17E7 /* NSObject+YUJSON.m in Sources */,
				183ABA841EEFD785005E17E7 /* UITableView+YU.m in Sources */,
				183ABA9C1EEFD785005E17E7 /* UIWindow+YU.m in Sources */,
				183ABA3D1EEFD785005E17E7 /* YU_SysInfo.m in Sources */,
				183ABA7E1EEFD785005E17E7 /* UIPasteboard+YU.m in Sources */,
				183ABA061EEFD785005E17E7 /* NSCalendar+YU.m in Sources */,
				183ABA281EEFD785005E17E7 /* NSTimer+YU.m in Sources */,
				183ABA961EEFD785005E17E7 /* UIViewController+Storyboard.m in Sources */,
				183ABA2A1EEFD785005E17E7 /* NSURL+YU.m in Sources */,
				183ABA921EEFD785005E17E7 /* UIView+YURotate360.m in Sources */,
				183ABA0A1EEFD785005E17E7 /* NSDate+YU.m in Sources */,
				183ABA9A1EEFD785005E17E7 /* UIWebView+YU.m in Sources */,
			);
			runOnlyForDeploymentPostprocessing = 0;
		};
/* End PBXSourcesBuildPhase section */

/* Begin PBXTargetDependency section */
		185C31741E1F8E82002FC465 /* PBXTargetDependency */ = {
			isa = PBXTargetDependency;
			target = 1896121E1DF9544C0019EF52 /* YUKit */;
			targetProxy = 185C31731E1F8E82002FC465 /* PBXContainerItemProxy */;
		};
/* End PBXTargetDependency section */

/* Begin XCBuildConfiguration section */
		185C31711E1F8E78002FC465 /* Debug */ = {
			isa = XCBuildConfiguration;
			buildSettings = {
				PRODUCT_NAME = "$(TARGET_NAME)";
			};
			name = Debug;
		};
		185C31721E1F8E78002FC465 /* Release */ = {
			isa = XCBuildConfiguration;
			buildSettings = {
				PRODUCT_NAME = "$(TARGET_NAME)";
			};
			name = Release;
		};
		189612251DF9544C0019EF52 /* Debug */ = {
			isa = XCBuildConfiguration;
			buildSettings = {
				ALWAYS_SEARCH_USER_PATHS = NO;
				CLANG_ANALYZER_NONNULL = YES;
				CLANG_CXX_LANGUAGE_STANDARD = "gnu++0x";
				CLANG_CXX_LIBRARY = "libc++";
				CLANG_ENABLE_MODULES = YES;
				CLANG_ENABLE_OBJC_ARC = YES;
				CLANG_WARN_BLOCK_CAPTURE_AUTORELEASING = YES;
				CLANG_WARN_BOOL_CONVERSION = YES;
				CLANG_WARN_COMMA = YES;
				CLANG_WARN_CONSTANT_CONVERSION = YES;
				CLANG_WARN_DIRECT_OBJC_ISA_USAGE = YES_ERROR;
				CLANG_WARN_DOCUMENTATION_COMMENTS = YES;
				CLANG_WARN_EMPTY_BODY = YES;
				CLANG_WARN_ENUM_CONVERSION = YES;
				CLANG_WARN_INFINITE_RECURSION = YES;
				CLANG_WARN_INT_CONVERSION = YES;
				CLANG_WARN_NON_LITERAL_NULL_CONVERSION = YES;
				CLANG_WARN_OBJC_LITERAL_CONVERSION = YES;
				CLANG_WARN_OBJC_ROOT_CLASS = YES_ERROR;
				CLANG_WARN_RANGE_LOOP_ANALYSIS = YES;
				CLANG_WARN_STRICT_PROTOTYPES = YES;
				CLANG_WARN_SUSPICIOUS_MOVE = YES;
				CLANG_WARN_SUSPICIOUS_MOVES = YES;
				CLANG_WARN_UNREACHABLE_CODE = YES;
				CLANG_WARN__DUPLICATE_METHOD_MATCH = YES;
				"CODE_SIGN_IDENTITY[sdk=iphoneos*]" = "iPhone Developer";
				COPY_PHASE_STRIP = NO;
				CURRENT_PROJECT_VERSION = 1;
				DEBUG_INFORMATION_FORMAT = dwarf;
				ENABLE_STRICT_OBJC_MSGSEND = YES;
				ENABLE_TESTABILITY = YES;
				GCC_C_LANGUAGE_STANDARD = gnu99;
				GCC_DYNAMIC_NO_PIC = NO;
				GCC_NO_COMMON_BLOCKS = YES;
				GCC_OPTIMIZATION_LEVEL = 0;
				GCC_PREPROCESSOR_DEFINITIONS = (
					"DEBUG=1",
					"$(inherited)",
				);
				GCC_WARN_64_TO_32_BIT_CONVERSION = YES;
				GCC_WARN_ABOUT_RETURN_TYPE = YES_ERROR;
				GCC_WARN_UNDECLARED_SELECTOR = YES;
				GCC_WARN_UNINITIALIZED_AUTOS = YES_AGGRESSIVE;
				GCC_WARN_UNUSED_FUNCTION = YES;
				GCC_WARN_UNUSED_VARIABLE = YES;
				IPHONEOS_DEPLOYMENT_TARGET = 10.1;
				MTL_ENABLE_DEBUG_INFO = YES;
				ONLY_ACTIVE_ARCH = YES;
				SDKROOT = iphoneos;
				TARGETED_DEVICE_FAMILY = "1,2";
				VERSIONING_SYSTEM = "apple-generic";
				VERSION_INFO_PREFIX = "";
			};
			name = Debug;
		};
		189612261DF9544C0019EF52 /* Release */ = {
			isa = XCBuildConfiguration;
			buildSettings = {
				ALWAYS_SEARCH_USER_PATHS = NO;
				CLANG_ANALYZER_NONNULL = YES;
				CLANG_CXX_LANGUAGE_STANDARD = "gnu++0x";
				CLANG_CXX_LIBRARY = "libc++";
				CLANG_ENABLE_MODULES = YES;
				CLANG_ENABLE_OBJC_ARC = YES;
				CLANG_WARN_BLOCK_CAPTURE_AUTORELEASING = YES;
				CLANG_WARN_BOOL_CONVERSION = YES;
				CLANG_WARN_COMMA = YES;
				CLANG_WARN_CONSTANT_CONVERSION = YES;
				CLANG_WARN_DIRECT_OBJC_ISA_USAGE = YES_ERROR;
				CLANG_WARN_DOCUMENTATION_COMMENTS = YES;
				CLANG_WARN_EMPTY_BODY = YES;
				CLANG_WARN_ENUM_CONVERSION = YES;
				CLANG_WARN_INFINITE_RECURSION = YES;
				CLANG_WARN_INT_CONVERSION = YES;
				CLANG_WARN_NON_LITERAL_NULL_CONVERSION = YES;
				CLANG_WARN_OBJC_LITERAL_CONVERSION = YES;
				CLANG_WARN_OBJC_ROOT_CLASS = YES_ERROR;
				CLANG_WARN_RANGE_LOOP_ANALYSIS = YES;
				CLANG_WARN_STRICT_PROTOTYPES = YES;
				CLANG_WARN_SUSPICIOUS_MOVE = YES;
				CLANG_WARN_SUSPICIOUS_MOVES = YES;
				CLANG_WARN_UNREACHABLE_CODE = YES;
				CLANG_WARN__DUPLICATE_METHOD_MATCH = YES;
				"CODE_SIGN_IDENTITY[sdk=iphoneos*]" = "iPhone Developer";
				COPY_PHASE_STRIP = NO;
				CURRENT_PROJECT_VERSION = 1;
				DEBUG_INFORMATION_FORMAT = "dwarf-with-dsym";
				ENABLE_NS_ASSERTIONS = NO;
				ENABLE_STRICT_OBJC_MSGSEND = YES;
				GCC_C_LANGUAGE_STANDARD = gnu99;
				GCC_NO_COMMON_BLOCKS = YES;
				GCC_WARN_64_TO_32_BIT_CONVERSION = YES;
				GCC_WARN_ABOUT_RETURN_TYPE = YES_ERROR;
				GCC_WARN_UNDECLARED_SELECTOR = YES;
				GCC_WARN_UNINITIALIZED_AUTOS = YES_AGGRESSIVE;
				GCC_WARN_UNUSED_FUNCTION = YES;
				GCC_WARN_UNUSED_VARIABLE = YES;
				IPHONEOS_DEPLOYMENT_TARGET = 10.1;
				MTL_ENABLE_DEBUG_INFO = NO;
				SDKROOT = iphoneos;
				TARGETED_DEVICE_FAMILY = "1,2";
				VALIDATE_PRODUCT = YES;
				VERSIONING_SYSTEM = "apple-generic";
				VERSION_INFO_PREFIX = "";
			};
			name = Release;
		};
		189612281DF9544C0019EF52 /* Debug */ = {
			isa = XCBuildConfiguration;
			buildSettings = {
				CODE_SIGN_IDENTITY = "";
				DEFINES_MODULE = YES;
				DYLIB_COMPATIBILITY_VERSION = 1;
				DYLIB_CURRENT_VERSION = 1;
				DYLIB_INSTALL_NAME_BASE = "@rpath";
				FRAMEWORK_SEARCH_PATHS = (
					"$(inherited)",
					"$(PROJECT_DIR)/YUKit/framework",
				);
				INFOPLIST_FILE = Info.plist;
				INSTALL_PATH = "$(LOCAL_LIBRARY_DIR)/Frameworks";
				IPHONEOS_DEPLOYMENT_TARGET = 8.0;
				LD_RUNPATH_SEARCH_PATHS = "$(inherited) @executable_path/Frameworks @loader_path/Frameworks";
				MACH_O_TYPE = staticlib;
				PRODUCT_BUNDLE_IDENTIFIER = com.hme.YUKit;
				PRODUCT_NAME = "$(TARGET_NAME)";
				SKIP_INSTALL = YES;
			};
			name = Debug;
		};
		189612291DF9544C0019EF52 /* Release */ = {
			isa = XCBuildConfiguration;
			buildSettings = {
				CODE_SIGN_IDENTITY = "";
				DEFINES_MODULE = YES;
				DYLIB_COMPATIBILITY_VERSION = 1;
				DYLIB_CURRENT_VERSION = 1;
				DYLIB_INSTALL_NAME_BASE = "@rpath";
				FRAMEWORK_SEARCH_PATHS = (
					"$(inherited)",
					"$(PROJECT_DIR)/YUKit/framework",
				);
				INFOPLIST_FILE = Info.plist;
				INSTALL_PATH = "$(LOCAL_LIBRARY_DIR)/Frameworks";
				IPHONEOS_DEPLOYMENT_TARGET = 8.0;
				LD_RUNPATH_SEARCH_PATHS = "$(inherited) @executable_path/Frameworks @loader_path/Frameworks";
				MACH_O_TYPE = staticlib;
				PRODUCT_BUNDLE_IDENTIFIER = com.hme.YUKit;
				PRODUCT_NAME = "$(TARGET_NAME)";
				SKIP_INSTALL = YES;
			};
			name = Release;
		};
/* End XCBuildConfiguration section */

/* Begin XCConfigurationList section */
		185C31701E1F8E78002FC465 /* Build configuration list for PBXAggregateTarget "YUKitAggregate" */ = {
			isa = XCConfigurationList;
			buildConfigurations = (
				185C31711E1F8E78002FC465 /* Debug */,
				185C31721E1F8E78002FC465 /* Release */,
			);
			defaultConfigurationIsVisible = 0;
			defaultConfigurationName = Release;
		};
		189612191DF9544C0019EF52 /* Build configuration list for PBXProject "YUKit" */ = {
			isa = XCConfigurationList;
			buildConfigurations = (
				189612251DF9544C0019EF52 /* Debug */,
				189612261DF9544C0019EF52 /* Release */,
			);
			defaultConfigurationIsVisible = 0;
			defaultConfigurationName = Release;
		};
		189612271DF9544C0019EF52 /* Build configuration list for PBXNativeTarget "YUKit" */ = {
			isa = XCConfigurationList;
			buildConfigurations = (
				189612281DF9544C0019EF52 /* Debug */,
				189612291DF9544C0019EF52 /* Release */,
			);
			defaultConfigurationIsVisible = 0;
			defaultConfigurationName = Release;
		};
/* End XCConfigurationList section */
	};
	rootObject = 189612161DF9544C0019EF52 /* Project object */;
}
