// !$*UTF8*$!
{
	archiveVersion = 1;
	classes = {
	};
	objectVersion = 46;
	objects = {

/* Begin PBXAggregateTarget section */
		185C316F1E1F8E78002FC465 /* YUKitAggregate */ = {
			isa = PBXAggregateTarget;
			buildConfigurationList = 185C31701E1F8E78002FC465 /* Build configuration list for PBXAggregateTarget "YUKitAggregate" */;
			buildPhases = (
				185C31751E1F8E84002FC465 /* ShellScript */,
			);
			dependencies = (
				185C31741E1F8E82002FC465 /* PBXTargetDependency */,
			);
			name = YUKitAggregate;
			productName = YUKitAggregate;
		};
/* End PBXAggregateTarget section */

/* Begin PBXBuildFile section */
		183AB4601EEFD456005E17E7 /* NSArray+YU.h in Headers */ = {isa = PBXBuildFile; fileRef = 183AB3A51EEFD456005E17E7 /* NSArray+YU.h */; };
		183AB4611EEFD456005E17E7 /* NSArray+YU.m in Sources */ = {isa = PBXBuildFile; fileRef = 183AB3A61EEFD456005E17E7 /* NSArray+YU.m */; };
		183AB4621EEFD456005E17E7 /* NSAttributedString+YU.h in Headers */ = {isa = PBXBuildFile; fileRef = 183AB3A71EEFD456005E17E7 /* NSAttributedString+YU.h */; };
		183AB4631EEFD456005E17E7 /* NSAttributedString+YU.m in Sources */ = {isa = PBXBuildFile; fileRef = 183AB3A81EEFD456005E17E7 /* NSAttributedString+YU.m */; };
		183AB4641EEFD457005E17E7 /* NSCalendar+YU.h in Headers */ = {isa = PBXBuildFile; fileRef = 183AB3A91EEFD456005E17E7 /* NSCalendar+YU.h */; };
		183AB4651EEFD457005E17E7 /* NSCalendar+YU.m in Sources */ = {isa = PBXBuildFile; fileRef = 183AB3AA1EEFD456005E17E7 /* NSCalendar+YU.m */; };
		183AB4661EEFD457005E17E7 /* NSData+YU.h in Headers */ = {isa = PBXBuildFile; fileRef = 183AB3AB1EEFD456005E17E7 /* NSData+YU.h */; };
		183AB4671EEFD457005E17E7 /* NSData+YU.m in Sources */ = {isa = PBXBuildFile; fileRef = 183AB3AC1EEFD456005E17E7 /* NSData+YU.m */; };
		183AB4681EEFD457005E17E7 /* NSDate+YU.h in Headers */ = {isa = PBXBuildFile; fileRef = 183AB3AD1EEFD456005E17E7 /* NSDate+YU.h */; };
		183AB4691EEFD457005E17E7 /* NSDate+YU.m in Sources */ = {isa = PBXBuildFile; fileRef = 183AB3AE1EEFD456005E17E7 /* NSDate+YU.m */; };
		183AB46A1EEFD457005E17E7 /* NSDictionary+YU.h in Headers */ = {isa = PBXBuildFile; fileRef = 183AB3AF1EEFD456005E17E7 /* NSDictionary+YU.h */; };
		183AB46B1EEFD457005E17E7 /* NSDictionary+YU.m in Sources */ = {isa = PBXBuildFile; fileRef = 183AB3B01EEFD456005E17E7 /* NSDictionary+YU.m */; };
		183AB46C1EEFD457005E17E7 /* NSError+YU.h in Headers */ = {isa = PBXBuildFile; fileRef = 183AB3B11EEFD456005E17E7 /* NSError+YU.h */; };
		183AB46D1EEFD457005E17E7 /* NSError+YU.m in Sources */ = {isa = PBXBuildFile; fileRef = 183AB3B21EEFD456005E17E7 /* NSError+YU.m */; };
		183AB46E1EEFD457005E17E7 /* NSFileManager+YU.h in Headers */ = {isa = PBXBuildFile; fileRef = 183AB3B31EEFD456005E17E7 /* NSFileManager+YU.h */; };
		183AB46F1EEFD457005E17E7 /* NSFileManager+YU.m in Sources */ = {isa = PBXBuildFile; fileRef = 183AB3B41EEFD456005E17E7 /* NSFileManager+YU.m */; };
		183AB4701EEFD457005E17E7 /* NSNotificationCenter+YU.h in Headers */ = {isa = PBXBuildFile; fileRef = 183AB3B51EEFD456005E17E7 /* NSNotificationCenter+YU.h */; };
		183AB4711EEFD457005E17E7 /* NSNotificationCenter+YU.m in Sources */ = {isa = PBXBuildFile; fileRef = 183AB3B61EEFD456005E17E7 /* NSNotificationCenter+YU.m */; };
		183AB4721EEFD457005E17E7 /* NSNull+YU.h in Headers */ = {isa = PBXBuildFile; fileRef = 183AB3B71EEFD456005E17E7 /* NSNull+YU.h */; };
		183AB4731EEFD457005E17E7 /* NSNull+YU.m in Sources */ = {isa = PBXBuildFile; fileRef = 183AB3B81EEFD456005E17E7 /* NSNull+YU.m */; };
		183AB4741EEFD457005E17E7 /* NSNumber+YU.h in Headers */ = {isa = PBXBuildFile; fileRef = 183AB3B91EEFD456005E17E7 /* NSNumber+YU.h */; };
		183AB4751EEFD457005E17E7 /* NSNumber+YU.m in Sources */ = {isa = PBXBuildFile; fileRef = 183AB3BA1EEFD456005E17E7 /* NSNumber+YU.m */; };
		183AB4761EEFD457005E17E7 /* NSObject+YU.h in Headers */ = {isa = PBXBuildFile; fileRef = 183AB3BB1EEFD456005E17E7 /* NSObject+YU.h */; };
		183AB4771EEFD457005E17E7 /* NSObject+YU.m in Sources */ = {isa = PBXBuildFile; fileRef = 183AB3BC1EEFD456005E17E7 /* NSObject+YU.m */; };
		183AB4781EEFD457005E17E7 /* NSObject+YUFile.h in Headers */ = {isa = PBXBuildFile; fileRef = 183AB3BD1EEFD456005E17E7 /* NSObject+YUFile.h */; };
		183AB4791EEFD457005E17E7 /* NSObject+YUFile.m in Sources */ = {isa = PBXBuildFile; fileRef = 183AB3BE1EEFD456005E17E7 /* NSObject+YUFile.m */; };
		183AB47A1EEFD457005E17E7 /* NSObject+YUJSON.h in Headers */ = {isa = PBXBuildFile; fileRef = 183AB3BF1EEFD456005E17E7 /* NSObject+YUJSON.h */; };
		183AB47B1EEFD457005E17E7 /* NSObject+YUJSON.m in Sources */ = {isa = PBXBuildFile; fileRef = 183AB3C01EEFD456005E17E7 /* NSObject+YUJSON.m */; };
		183AB47C1EEFD457005E17E7 /* NSObject+YULog.h in Headers */ = {isa = PBXBuildFile; fileRef = 183AB3C11EEFD456005E17E7 /* NSObject+YULog.h */; };
		183AB47D1EEFD457005E17E7 /* NSObject+YULog.m in Sources */ = {isa = PBXBuildFile; fileRef = 183AB3C21EEFD456005E17E7 /* NSObject+YULog.m */; };
		183AB47E1EEFD457005E17E7 /* NSObject+YURuntime.h in Headers */ = {isa = PBXBuildFile; fileRef = 183AB3C31EEFD456005E17E7 /* NSObject+YURuntime.h */; };
		183AB47F1EEFD457005E17E7 /* NSObject+YURuntime.m in Sources */ = {isa = PBXBuildFile; fileRef = 183AB3C41EEFD456005E17E7 /* NSObject+YURuntime.m */; };
		183AB4801EEFD457005E17E7 /* NSString+YU.h in Headers */ = {isa = PBXBuildFile; fileRef = 183AB3C51EEFD456005E17E7 /* NSString+YU.h */; };
		183AB4811EEFD457005E17E7 /* NSString+YU.m in Sources */ = {isa = PBXBuildFile; fileRef = 183AB3C61EEFD456005E17E7 /* NSString+YU.m */; };
		183AB4821EEFD457005E17E7 /* NSString+YUCheck.h in Headers */ = {isa = PBXBuildFile; fileRef = 183AB3C71EEFD456005E17E7 /* NSString+YUCheck.h */; };
		183AB4831EEFD457005E17E7 /* NSString+YUCheck.m in Sources */ = {isa = PBXBuildFile; fileRef = 183AB3C81EEFD456005E17E7 /* NSString+YUCheck.m */; };
		183AB4841EEFD457005E17E7 /* NSString+YUSize.h in Headers */ = {isa = PBXBuildFile; fileRef = 183AB3C91EEFD456005E17E7 /* NSString+YUSize.h */; };
		183AB4851EEFD457005E17E7 /* NSString+YUSize.m in Sources */ = {isa = PBXBuildFile; fileRef = 183AB3CA1EEFD456005E17E7 /* NSString+YUSize.m */; };
		183AB4861EEFD457005E17E7 /* NSTimer+YU.h in Headers */ = {isa = PBXBuildFile; fileRef = 183AB3CB1EEFD456005E17E7 /* NSTimer+YU.h */; };
		183AB4871EEFD457005E17E7 /* NSTimer+YU.m in Sources */ = {isa = PBXBuildFile; fileRef = 183AB3CC1EEFD456005E17E7 /* NSTimer+YU.m */; };
		183AB4881EEFD457005E17E7 /* NSURL+YU.h in Headers */ = {isa = PBXBuildFile; fileRef = 183AB3CD1EEFD456005E17E7 /* NSURL+YU.h */; };
		183AB4891EEFD457005E17E7 /* NSURL+YU.m in Sources */ = {isa = PBXBuildFile; fileRef = 183AB3CE1EEFD456005E17E7 /* NSURL+YU.m */; };
		183AB48A1EEFD457005E17E7 /* AddressBook.h in Headers */ = {isa = PBXBuildFile; fileRef = 183AB3D11EEFD456005E17E7 /* AddressBook.h */; };
		183AB48B1EEFD457005E17E7 /* AddressBook.m in Sources */ = {isa = PBXBuildFile; fileRef = 183AB3D21EEFD456005E17E7 /* AddressBook.m */; };
		183AB48C1EEFD457005E17E7 /* AddressBookObj.h in Headers */ = {isa = PBXBuildFile; fileRef = 183AB3D31EEFD456005E17E7 /* AddressBookObj.h */; };
		183AB48D1EEFD457005E17E7 /* AddressBookObj.m in Sources */ = {isa = PBXBuildFile; fileRef = 183AB3D41EEFD456005E17E7 /* AddressBookObj.m */; };
		183AB48E1EEFD457005E17E7 /* Base64.h in Headers */ = {isa = PBXBuildFile; fileRef = 183AB3D61EEFD456005E17E7 /* Base64.h */; };
		183AB48F1EEFD457005E17E7 /* Base64.m in Sources */ = {isa = PBXBuildFile; fileRef = 183AB3D71EEFD456005E17E7 /* Base64.m */; };
		183AB4901EEFD457005E17E7 /* YU_MapCoordinateConversion.cpp in Sources */ = {isa = PBXBuildFile; fileRef = 183AB3D91EEFD456005E17E7 /* YU_MapCoordinateConversion.cpp */; };
		183AB4911EEFD457005E17E7 /* YU_MapCoordinateConversion.h in Headers */ = {isa = PBXBuildFile; fileRef = 183AB3DA1EEFD456005E17E7 /* YU_MapCoordinateConversion.h */; };
		183AB4921EEFD457005E17E7 /* YU_WGS84TOGCJ02.h in Headers */ = {isa = PBXBuildFile; fileRef = 183AB3DB1EEFD456005E17E7 /* YU_WGS84TOGCJ02.h */; };
		183AB4931EEFD457005E17E7 /* YU_WGS84TOGCJ02.m in Sources */ = {isa = PBXBuildFile; fileRef = 183AB3DC1EEFD456005E17E7 /* YU_WGS84TOGCJ02.m */; };
		183AB4941EEFD457005E17E7 /* TopLeftLabel.h in Headers */ = {isa = PBXBuildFile; fileRef = 183AB3DE1EEFD456005E17E7 /* TopLeftLabel.h */; };
		183AB4951EEFD457005E17E7 /* TopLeftLabel.m in Sources */ = {isa = PBXBuildFile; fileRef = 183AB3DF1EEFD456005E17E7 /* TopLeftLabel.m */; };
		183AB4961EEFD457005E17E7 /* YU_UserDefaults.h in Headers */ = {isa = PBXBuildFile; fileRef = 183AB3E11EEFD456005E17E7 /* YU_UserDefaults.h */; };
		183AB4971EEFD457005E17E7 /* YU_UserDefaults.m in Sources */ = {isa = PBXBuildFile; fileRef = 183AB3E21EEFD456005E17E7 /* YU_UserDefaults.m */; };
		183AB4981EEFD457005E17E7 /* YU_Device.h in Headers */ = {isa = PBXBuildFile; fileRef = 183AB3E31EEFD456005E17E7 /* YU_Device.h */; };
		183AB4991EEFD457005E17E7 /* YU_Device.m in Sources */ = {isa = PBXBuildFile; fileRef = 183AB3E41EEFD456005E17E7 /* YU_Device.m */; };
		183AB49A1EEFD457005E17E7 /* YU_Singleton.h in Headers */ = {isa = PBXBuildFile; fileRef = 183AB3E51EEFD456005E17E7 /* YU_Singleton.h */; };
		183AB49B1EEFD457005E17E7 /* YU_SysInfo.h in Headers */ = {isa = PBXBuildFile; fileRef = 183AB3E61EEFD456005E17E7 /* YU_SysInfo.h */; };
		183AB49C1EEFD457005E17E7 /* YU_SysInfo.m in Sources */ = {isa = PBXBuildFile; fileRef = 183AB3E71EEFD456005E17E7 /* YU_SysInfo.m */; };
		183AB49D1EEFD457005E17E7 /* YU_System.h in Headers */ = {isa = PBXBuildFile; fileRef = 183AB3E81EEFD456005E17E7 /* YU_System.h */; };
		183AB49E1EEFD457005E17E7 /* YU_System.m in Sources */ = {isa = PBXBuildFile; fileRef = 183AB3E91EEFD456005E17E7 /* YU_System.m */; };
		183AB49F1EEFD457005E17E7 /* GCDGroup.h in Headers */ = {isa = PBXBuildFile; fileRef = 183AB3EB1EEFD456005E17E7 /* GCDGroup.h */; };
		183AB4A01EEFD457005E17E7 /* GCDGroup.m in Sources */ = {isa = PBXBuildFile; fileRef = 183AB3EC1EEFD456005E17E7 /* GCDGroup.m */; };
		183AB4A11EEFD457005E17E7 /* GCDMacros.h in Headers */ = {isa = PBXBuildFile; fileRef = 183AB3ED1EEFD456005E17E7 /* GCDMacros.h */; };
		183AB4A21EEFD457005E17E7 /* GCDObjC.h in Headers */ = {isa = PBXBuildFile; fileRef = 183AB3EE1EEFD456005E17E7 /* GCDObjC.h */; };
		183AB4A31EEFD457005E17E7 /* GCDQueue.h in Headers */ = {isa = PBXBuildFile; fileRef = 183AB3EF1EEFD456005E17E7 /* GCDQueue.h */; };
		183AB4A41EEFD457005E17E7 /* GCDQueue.m in Sources */ = {isa = PBXBuildFile; fileRef = 183AB3F01EEFD456005E17E7 /* GCDQueue.m */; };
		183AB4A51EEFD457005E17E7 /* GCDSemaphore.h in Headers */ = {isa = PBXBuildFile; fileRef = 183AB3F11EEFD456005E17E7 /* GCDSemaphore.h */; };
		183AB4A61EEFD457005E17E7 /* GCDSemaphore.m in Sources */ = {isa = PBXBuildFile; fileRef = 183AB3F21EEFD456005E17E7 /* GCDSemaphore.m */; };
		183AB4A71EEFD457005E17E7 /* GCDTimer.h in Headers */ = {isa = PBXBuildFile; fileRef = 183AB3F31EEFD456005E17E7 /* GCDTimer.h */; };
		183AB4A81EEFD457005E17E7 /* GCDTimer.m in Sources */ = {isa = PBXBuildFile; fileRef = 183AB3F41EEFD456005E17E7 /* GCDTimer.m */; };
		183AB4A91EEFD457005E17E7 /* YU_Foundation.h in Headers */ = {isa = PBXBuildFile; fileRef = 183AB3F51EEFD456005E17E7 /* YU_Foundation.h */; };
		183AB4AA1EEFD457005E17E7 /* Reachability.h in Headers */ = {isa = PBXBuildFile; fileRef = 183AB3F81EEFD456005E17E7 /* Reachability.h */; };
		183AB4AB1EEFD457005E17E7 /* Reachability.m in Sources */ = {isa = PBXBuildFile; fileRef = 183AB3F91EEFD456005E17E7 /* Reachability.m */; };
		183AB4BC1EEFD457005E17E7 /* Valet.h in Headers */ = {isa = PBXBuildFile; fileRef = 183AB40D1EEFD456005E17E7 /* Valet.h */; };
		183AB4BD1EEFD457005E17E7 /* ValetDefines.h in Headers */ = {isa = PBXBuildFile; fileRef = 183AB40E1EEFD456005E17E7 /* ValetDefines.h */; };
		183AB4BE1EEFD457005E17E7 /* VALSecureEnclaveValet.h in Headers */ = {isa = PBXBuildFile; fileRef = 183AB40F1EEFD456005E17E7 /* VALSecureEnclaveValet.h */; };
		183AB4BF1EEFD457005E17E7 /* VALSecureEnclaveValet.m in Sources */ = {isa = PBXBuildFile; fileRef = 183AB4101EEFD456005E17E7 /* VALSecureEnclaveValet.m */; };
		183AB4C01EEFD457005E17E7 /* VALSynchronizableValet.h in Headers */ = {isa = PBXBuildFile; fileRef = 183AB4111EEFD456005E17E7 /* VALSynchronizableValet.h */; };
		183AB4C11EEFD457005E17E7 /* VALSynchronizableValet.m in Sources */ = {isa = PBXBuildFile; fileRef = 183AB4121EEFD456005E17E7 /* VALSynchronizableValet.m */; };
		183AB4C21EEFD457005E17E7 /* VALValet.h in Headers */ = {isa = PBXBuildFile; fileRef = 183AB4131EEFD456005E17E7 /* VALValet.h */; };
		183AB4C31EEFD457005E17E7 /* VALValet.m in Sources */ = {isa = PBXBuildFile; fileRef = 183AB4141EEFD456005E17E7 /* VALValet.m */; };
		183AB4C41EEFD457005E17E7 /* VALValet_Protected.h in Headers */ = {isa = PBXBuildFile; fileRef = 183AB4151EEFD456005E17E7 /* VALValet_Protected.h */; };
		183AB4C51EEFD457005E17E7 /* YUKeychain.h in Headers */ = {isa = PBXBuildFile; fileRef = 183AB4161EEFD456005E17E7 /* YUKeychain.h */; };
		183AB4C61EEFD457005E17E7 /* YUKeychain.m in Sources */ = {isa = PBXBuildFile; fileRef = 183AB4171EEFD456005E17E7 /* YUKeychain.m */; };
		183AB4C81EEFD457005E17E7 /* Readme.md in Sources */ = {isa = PBXBuildFile; fileRef = 183AB4191EEFD456005E17E7 /* Readme.md */; };
		183AB4C91EEFD457005E17E7 /* UIAlertController+YU.h in Headers */ = {isa = PBXBuildFile; fileRef = 183AB41C1EEFD456005E17E7 /* UIAlertController+YU.h */; };
		183AB4CA1EEFD457005E17E7 /* UIAlertController+YU.m in Sources */ = {isa = PBXBuildFile; fileRef = 183AB41D1EEFD456005E17E7 /* UIAlertController+YU.m */; };
		183AB4CB1EEFD457005E17E7 /* UIAlertView+YU.h in Headers */ = {isa = PBXBuildFile; fileRef = 183AB41E1EEFD456005E17E7 /* UIAlertView+YU.h */; };
		183AB4CC1EEFD457005E17E7 /* UIAlertView+YU.m in Sources */ = {isa = PBXBuildFile; fileRef = 183AB41F1EEFD456005E17E7 /* UIAlertView+YU.m */; };
		183AB4CD1EEFD457005E17E7 /* UIApplication+YUShare.h in Headers */ = {isa = PBXBuildFile; fileRef = 183AB4201EEFD456005E17E7 /* UIApplication+YUShare.h */; };
		183AB4CE1EEFD457005E17E7 /* UIApplication+YUShare.m in Sources */ = {isa = PBXBuildFile; fileRef = 183AB4211EEFD456005E17E7 /* UIApplication+YUShare.m */; };
		183AB4CF1EEFD457005E17E7 /* UIBarButtonItem+YU.h in Headers */ = {isa = PBXBuildFile; fileRef = 183AB4221EEFD456005E17E7 /* UIBarButtonItem+YU.h */; };
		183AB4D01EEFD457005E17E7 /* UIBarButtonItem+YU.m in Sources */ = {isa = PBXBuildFile; fileRef = 183AB4231EEFD456005E17E7 /* UIBarButtonItem+YU.m */; };
		183AB4D11EEFD457005E17E7 /* UIButton+YU.h in Headers */ = {isa = PBXBuildFile; fileRef = 183AB4241EEFD456005E17E7 /* UIButton+YU.h */; };
		183AB4D21EEFD457005E17E7 /* UIButton+YU.m in Sources */ = {isa = PBXBuildFile; fileRef = 183AB4251EEFD456005E17E7 /* UIButton+YU.m */; };
		183AB4D31EEFD457005E17E7 /* UIColor+YU.h in Headers */ = {isa = PBXBuildFile; fileRef = 183AB4261EEFD456005E17E7 /* UIColor+YU.h */; };
		183AB4D41EEFD457005E17E7 /* UIColor+YU.m in Sources */ = {isa = PBXBuildFile; fileRef = 183AB4271EEFD456005E17E7 /* UIColor+YU.m */; };
		183AB4D51EEFD457005E17E7 /* UIControl+YU.h in Headers */ = {isa = PBXBuildFile; fileRef = 183AB4281EEFD456005E17E7 /* UIControl+YU.h */; };
		183AB4D61EEFD457005E17E7 /* UIControl+YU.m in Sources */ = {isa = PBXBuildFile; fileRef = 183AB4291EEFD456005E17E7 /* UIControl+YU.m */; };
		183AB4D71EEFD457005E17E7 /* UIImage+YU.h in Headers */ = {isa = PBXBuildFile; fileRef = 183AB42A1EEFD456005E17E7 /* UIImage+YU.h */; };
		183AB4D81EEFD457005E17E7 /* UIImage+YU.m in Sources */ = {isa = PBXBuildFile; fileRef = 183AB42B1EEFD456005E17E7 /* UIImage+YU.m */; };
		183AB4D91EEFD457005E17E7 /* UIImageView+YU.h in Headers */ = {isa = PBXBuildFile; fileRef = 183AB42C1EEFD456005E17E7 /* UIImageView+YU.h */; };
		183AB4DA1EEFD457005E17E7 /* UIImageView+YU.m in Sources */ = {isa = PBXBuildFile; fileRef = 183AB42D1EEFD456005E17E7 /* UIImageView+YU.m */; };
		183AB4DB1EEFD457005E17E7 /* UINavigationController+YU.h in Headers */ = {isa = PBXBuildFile; fileRef = 183AB42E1EEFD456005E17E7 /* UINavigationController+YU.h */; };
		183AB4DC1EEFD457005E17E7 /* UINavigationController+YU.m in Sources */ = {isa = PBXBuildFile; fileRef = 183AB42F1EEFD456005E17E7 /* UINavigationController+YU.m */; };
		183AB4DD1EEFD457005E17E7 /* UIPasteboard+YU.h in Headers */ = {isa = PBXBuildFile; fileRef = 183AB4301EEFD456005E17E7 /* UIPasteboard+YU.h */; };
		183AB4DE1EEFD457005E17E7 /* UIPasteboard+YU.m in Sources */ = {isa = PBXBuildFile; fileRef = 183AB4311EEFD456005E17E7 /* UIPasteboard+YU.m */; };
		183AB4DF1EEFD457005E17E7 /* UIResponder+YU.h in Headers */ = {isa = PBXBuildFile; fileRef = 183AB4321EEFD456005E17E7 /* UIResponder+YU.h */; };
		183AB4E01EEFD457005E17E7 /* UIResponder+YU.m in Sources */ = {isa = PBXBuildFile; fileRef = 183AB4331EEFD456005E17E7 /* UIResponder+YU.m */; };
		183AB4E11EEFD457005E17E7 /* UIStoryboard+YU.h in Headers */ = {isa = PBXBuildFile; fileRef = 183AB4341EEFD456005E17E7 /* UIStoryboard+YU.h */; };
		183AB4E21EEFD457005E17E7 /* UIStoryboard+YU.m in Sources */ = {isa = PBXBuildFile; fileRef = 183AB4351EEFD456005E17E7 /* UIStoryboard+YU.m */; };
		183AB4E31EEFD457005E17E7 /* UITableView+YU.h in Headers */ = {isa = PBXBuildFile; fileRef = 183AB4361EEFD456005E17E7 /* UITableView+YU.h */; };
		183AB4E41EEFD457005E17E7 /* UITableView+YU.m in Sources */ = {isa = PBXBuildFile; fileRef = 183AB4371EEFD456005E17E7 /* UITableView+YU.m */; };
		183AB4E51EEFD457005E17E7 /* UITableViewCell+YU.h in Headers */ = {isa = PBXBuildFile; fileRef = 183AB4381EEFD456005E17E7 /* UITableViewCell+YU.h */; };
		183AB4E61EEFD457005E17E7 /* UITableViewCell+YU.m in Sources */ = {isa = PBXBuildFile; fileRef = 183AB4391EEFD456005E17E7 /* UITableViewCell+YU.m */; };
		183AB4E71EEFD457005E17E7 /* UITableViewHeaderFooterView+YU.h in Headers */ = {isa = PBXBuildFile; fileRef = 183AB43A1EEFD456005E17E7 /* UITableViewHeaderFooterView+YU.h */; };
		183AB4E81EEFD457005E17E7 /* UITableViewHeaderFooterView+YU.m in Sources */ = {isa = PBXBuildFile; fileRef = 183AB43B1EEFD456005E17E7 /* UITableViewHeaderFooterView+YU.m */; };
		183AB4E91EEFD457005E17E7 /* UITextField+YU.h in Headers */ = {isa = PBXBuildFile; fileRef = 183AB43C1EEFD456005E17E7 /* UITextField+YU.h */; };
		183AB4EA1EEFD457005E17E7 /* UITextField+YU.m in Sources */ = {isa = PBXBuildFile; fileRef = 183AB43D1EEFD456005E17E7 /* UITextField+YU.m */; };
		183AB4EB1EEFD457005E17E7 /* UIView+YU.h in Headers */ = {isa = PBXBuildFile; fileRef = 183AB43E1EEFD456005E17E7 /* UIView+YU.h */; };
		183AB4EC1EEFD457005E17E7 /* UIView+YU.m in Sources */ = {isa = PBXBuildFile; fileRef = 183AB43F1EEFD456005E17E7 /* UIView+YU.m */; };
		183AB4ED1EEFD457005E17E7 /* UIView+YUAnimation.h in Headers */ = {isa = PBXBuildFile; fileRef = 183AB4401EEFD456005E17E7 /* UIView+YUAnimation.h */; };
		183AB4EE1EEFD457005E17E7 /* UIView+YUAnimation.m in Sources */ = {isa = PBXBuildFile; fileRef = 183AB4411EEFD456005E17E7 /* UIView+YUAnimation.m */; };
		183AB4EF1EEFD457005E17E7 /* UIView+YUFrame.h in Headers */ = {isa = PBXBuildFile; fileRef = 183AB4421EEFD456005E17E7 /* UIView+YUFrame.h */; };
		183AB4F01EEFD457005E17E7 /* UIView+YUFrame.m in Sources */ = {isa = PBXBuildFile; fileRef = 183AB4431EEFD456005E17E7 /* UIView+YUFrame.m */; };
		183AB4F11EEFD457005E17E7 /* UIView+YURotate360.h in Headers */ = {isa = PBXBuildFile; fileRef = 183AB4441EEFD456005E17E7 /* UIView+YURotate360.h */; };
		183AB4F21EEFD457005E17E7 /* UIView+YURotate360.m in Sources */ = {isa = PBXBuildFile; fileRef = 183AB4451EEFD456005E17E7 /* UIView+YURotate360.m */; };
		183AB4F31EEFD457005E17E7 /* UIViewController+Console.h in Headers */ = {isa = PBXBuildFile; fileRef = 183AB4461EEFD456005E17E7 /* UIViewController+Console.h */; };
		183AB4F41EEFD457005E17E7 /* UIViewController+Console.m in Sources */ = {isa = PBXBuildFile; fileRef = 183AB4471EEFD456005E17E7 /* UIViewController+Console.m */; };
		183AB4F51EEFD457005E17E7 /* UIViewController+Storyboard.h in Headers */ = {isa = PBXBuildFile; fileRef = 183AB4481EEFD456005E17E7 /* UIViewController+Storyboard.h */; };
		183AB4F61EEFD457005E17E7 /* UIViewController+Storyboard.m in Sources */ = {isa = PBXBuildFile; fileRef = 183AB4491EEFD456005E17E7 /* UIViewController+Storyboard.m */; };
		183AB4F71EEFD457005E17E7 /* UIViewController+YU.h in Headers */ = {isa = PBXBuildFile; fileRef = 183AB44A1EEFD456005E17E7 /* UIViewController+YU.h */; };
		183AB4F81EEFD457005E17E7 /* UIViewController+YU.m in Sources */ = {isa = PBXBuildFile; fileRef = 183AB44B1EEFD456005E17E7 /* UIViewController+YU.m */; };
		183AB4F91EEFD457005E17E7 /* UIWebView+YU.h in Headers */ = {isa = PBXBuildFile; fileRef = 183AB44C1EEFD456005E17E7 /* UIWebView+YU.h */; };
		183AB4FA1EEFD457005E17E7 /* UIWebView+YU.m in Sources */ = {isa = PBXBuildFile; fileRef = 183AB44D1EEFD456005E17E7 /* UIWebView+YU.m */; };
		183AB4FB1EEFD457005E17E7 /* UIWindow+YU.h in Headers */ = {isa = PBXBuildFile; fileRef = 183AB44E1EEFD456005E17E7 /* UIWindow+YU.h */; };
		183AB4FC1EEFD457005E17E7 /* UIWindow+YU.m in Sources */ = {isa = PBXBuildFile; fileRef = 183AB44F1EEFD456005E17E7 /* UIWindow+YU.m */; };
		183AB4FD1EEFD457005E17E7 /* SettingCell.h in Headers */ = {isa = PBXBuildFile; fileRef = 183AB4521EEFD456005E17E7 /* SettingCell.h */; };
		183AB4FE1EEFD457005E17E7 /* SettingCell.m in Sources */ = {isa = PBXBuildFile; fileRef = 183AB4531EEFD456005E17E7 /* SettingCell.m */; };
		183AB4FF1EEFD457005E17E7 /* SettingCell.xib in Resources */ = {isa = PBXBuildFile; fileRef = 183AB4541EEFD456005E17E7 /* SettingCell.xib */; };
		183AB5001EEFD457005E17E7 /* YU_AmountTextField.h in Headers */ = {isa = PBXBuildFile; fileRef = 183AB4551EEFD456005E17E7 /* YU_AmountTextField.h */; };
		183AB5011EEFD457005E17E7 /* YU_AmountTextField.m in Sources */ = {isa = PBXBuildFile; fileRef = 183AB4561EEFD456005E17E7 /* YU_AmountTextField.m */; };
		183AB5021EEFD457005E17E7 /* YU_TableViewCell.h in Headers */ = {isa = PBXBuildFile; fileRef = 183AB4571EEFD456005E17E7 /* YU_TableViewCell.h */; };
		183AB5031EEFD457005E17E7 /* YU_TableViewCell.m in Sources */ = {isa = PBXBuildFile; fileRef = 183AB4581EEFD456005E17E7 /* YU_TableViewCell.m */; };
		183AB5041EEFD457005E17E7 /* YU_TextView.h in Headers */ = {isa = PBXBuildFile; fileRef = 183AB4591EEFD456005E17E7 /* YU_TextView.h */; };
		183AB5051EEFD457005E17E7 /* YU_TextView.m in Sources */ = {isa = PBXBuildFile; fileRef = 183AB45A1EEFD456005E17E7 /* YU_TextView.m */; };
		183AB5061EEFD457005E17E7 /* YU_UIKit.h in Headers */ = {isa = PBXBuildFile; fileRef = 183AB45B1EEFD456005E17E7 /* YU_UIKit.h */; };
		183AB5071EEFD457005E17E7 /* YUKit.h in Headers */ = {isa = PBXBuildFile; fileRef = 183AB45C1EEFD456005E17E7 /* YUKit.h */; };
		183AB5081EEFD457005E17E7 /* YUKit.podspec in Resources */ = {isa = PBXBuildFile; fileRef = 183AB45D1EEFD456005E17E7 /* YUKit.podspec */; };
		183AB5091EEFD457005E17E7 /* YUKitHeader.h in Headers */ = {isa = PBXBuildFile; fileRef = 183AB45E1EEFD456005E17E7 /* YUKitHeader.h */; };
		183AB50A1EEFD457005E17E7 /* YUMacro.h in Headers */ = {isa = PBXBuildFile; fileRef = 183AB45F1EEFD456005E17E7 /* YUMacro.h */; };
/* End PBXBuildFile section */

/* Begin PBXContainerItemProxy section */
		185C31731E1F8E82002FC465 /* PBXContainerItemProxy */ = {
			isa = PBXContainerItemProxy;
			containerPortal = 189612161DF9544C0019EF52 /* Project object */;
			proxyType = 1;
			remoteGlobalIDString = 1896121E1DF9544C0019EF52;
			remoteInfo = YUKit;
		};
/* End PBXContainerItemProxy section */

/* Begin PBXFileReference section */
		183AB3A51EEFD456005E17E7 /* NSArray+YU.h */ = {isa = PBXFileReference; fileEncoding = 4; lastKnownFileType = sourcecode.c.h; path = "NSArray+YU.h"; sourceTree = "<group>"; };
		183AB3A61EEFD456005E17E7 /* NSArray+YU.m */ = {isa = PBXFileReference; fileEncoding = 4; lastKnownFileType = sourcecode.c.objc; path = "NSArray+YU.m"; sourceTree = "<group>"; };
		183AB3A71EEFD456005E17E7 /* NSAttributedString+YU.h */ = {isa = PBXFileReference; fileEncoding = 4; lastKnownFileType = sourcecode.c.h; path = "NSAttributedString+YU.h"; sourceTree = "<group>"; };
		183AB3A81EEFD456005E17E7 /* NSAttributedString+YU.m */ = {isa = PBXFileReference; fileEncoding = 4; lastKnownFileType = sourcecode.c.objc; path = "NSAttributedString+YU.m"; sourceTree = "<group>"; };
		183AB3A91EEFD456005E17E7 /* NSCalendar+YU.h */ = {isa = PBXFileReference; fileEncoding = 4; lastKnownFileType = sourcecode.c.h; path = "NSCalendar+YU.h"; sourceTree = "<group>"; };
		183AB3AA1EEFD456005E17E7 /* NSCalendar+YU.m */ = {isa = PBXFileReference; fileEncoding = 4; lastKnownFileType = sourcecode.c.objc; path = "NSCalendar+YU.m"; sourceTree = "<group>"; };
		183AB3AB1EEFD456005E17E7 /* NSData+YU.h */ = {isa = PBXFileReference; fileEncoding = 4; lastKnownFileType = sourcecode.c.h; path = "NSData+YU.h"; sourceTree = "<group>"; };
		183AB3AC1EEFD456005E17E7 /* NSData+YU.m */ = {isa = PBXFileReference; fileEncoding = 4; lastKnownFileType = sourcecode.c.objc; path = "NSData+YU.m"; sourceTree = "<group>"; };
		183AB3AD1EEFD456005E17E7 /* NSDate+YU.h */ = {isa = PBXFileReference; fileEncoding = 4; lastKnownFileType = sourcecode.c.h; path = "NSDate+YU.h"; sourceTree = "<group>"; };
		183AB3AE1EEFD456005E17E7 /* NSDate+YU.m */ = {isa = PBXFileReference; fileEncoding = 4; lastKnownFileType = sourcecode.c.objc; path = "NSDate+YU.m"; sourceTree = "<group>"; };
		183AB3AF1EEFD456005E17E7 /* NSDictionary+YU.h */ = {isa = PBXFileReference; fileEncoding = 4; lastKnownFileType = sourcecode.c.h; path = "NSDictionary+YU.h"; sourceTree = "<group>"; };
		183AB3B01EEFD456005E17E7 /* NSDictionary+YU.m */ = {isa = PBXFileReference; fileEncoding = 4; lastKnownFileType = sourcecode.c.objc; path = "NSDictionary+YU.m"; sourceTree = "<group>"; };
		183AB3B11EEFD456005E17E7 /* NSError+YU.h */ = {isa = PBXFileReference; fileEncoding = 4; lastKnownFileType = sourcecode.c.h; path = "NSError+YU.h"; sourceTree = "<group>"; };
		183AB3B21EEFD456005E17E7 /* NSError+YU.m */ = {isa = PBXFileReference; fileEncoding = 4; lastKnownFileType = sourcecode.c.objc; path = "NSError+YU.m"; sourceTree = "<group>"; };
		183AB3B31EEFD456005E17E7 /* NSFileManager+YU.h */ = {isa = PBXFileReference; fileEncoding = 4; lastKnownFileType = sourcecode.c.h; path = "NSFileManager+YU.h"; sourceTree = "<group>"; };
		183AB3B41EEFD456005E17E7 /* NSFileManager+YU.m */ = {isa = PBXFileReference; fileEncoding = 4; lastKnownFileType = sourcecode.c.objc; path = "NSFileManager+YU.m"; sourceTree = "<group>"; };
		183AB3B51EEFD456005E17E7 /* NSNotificationCenter+YU.h */ = {isa = PBXFileReference; fileEncoding = 4; lastKnownFileType = sourcecode.c.h; path = "NSNotificationCenter+YU.h"; sourceTree = "<group>"; };
		183AB3B61EEFD456005E17E7 /* NSNotificationCenter+YU.m */ = {isa = PBXFileReference; fileEncoding = 4; lastKnownFileType = sourcecode.c.objc; path = "NSNotificationCenter+YU.m"; sourceTree = "<group>"; };
		183AB3B71EEFD456005E17E7 /* NSNull+YU.h */ = {isa = PBXFileReference; fileEncoding = 4; lastKnownFileType = sourcecode.c.h; path = "NSNull+YU.h"; sourceTree = "<group>"; };
		183AB3B81EEFD456005E17E7 /* NSNull+YU.m */ = {isa = PBXFileReference; fileEncoding = 4; lastKnownFileType = sourcecode.c.objc; path = "NSNull+YU.m"; sourceTree = "<group>"; };
		183AB3B91EEFD456005E17E7 /* NSNumber+YU.h */ = {isa = PBXFileReference; fileEncoding = 4; lastKnownFileType = sourcecode.c.h; path = "NSNumber+YU.h"; sourceTree = "<group>"; };
		183AB3BA1EEFD456005E17E7 /* NSNumber+YU.m */ = {isa = PBXFileReference; fileEncoding = 4; lastKnownFileType = sourcecode.c.objc; path = "NSNumber+YU.m"; sourceTree = "<group>"; };
		183AB3BB1EEFD456005E17E7 /* NSObject+YU.h */ = {isa = PBXFileReference; fileEncoding = 4; lastKnownFileType = sourcecode.c.h; path = "NSObject+YU.h"; sourceTree = "<group>"; };
		183AB3BC1EEFD456005E17E7 /* NSObject+YU.m */ = {isa = PBXFileReference; fileEncoding = 4; lastKnownFileType = sourcecode.c.objc; path = "NSObject+YU.m"; sourceTree = "<group>"; };
		183AB3BD1EEFD456005E17E7 /* NSObject+YUFile.h */ = {isa = PBXFileReference; fileEncoding = 4; lastKnownFileType = sourcecode.c.h; path = "NSObject+YUFile.h"; sourceTree = "<group>"; };
		183AB3BE1EEFD456005E17E7 /* NSObject+YUFile.m */ = {isa = PBXFileReference; fileEncoding = 4; lastKnownFileType = sourcecode.c.objc; path = "NSObject+YUFile.m"; sourceTree = "<group>"; };
		183AB3BF1EEFD456005E17E7 /* NSObject+YUJSON.h */ = {isa = PBXFileReference; fileEncoding = 4; lastKnownFileType = sourcecode.c.h; path = "NSObject+YUJSON.h"; sourceTree = "<group>"; };
		183AB3C01EEFD456005E17E7 /* NSObject+YUJSON.m */ = {isa = PBXFileReference; fileEncoding = 4; lastKnownFileType = sourcecode.c.objc; path = "NSObject+YUJSON.m"; sourceTree = "<group>"; };
		183AB3C11EEFD456005E17E7 /* NSObject+YULog.h */ = {isa = PBXFileReference; fileEncoding = 4; lastKnownFileType = sourcecode.c.h; path = "NSObject+YULog.h"; sourceTree = "<group>"; };
		183AB3C21EEFD456005E17E7 /* NSObject+YULog.m */ = {isa = PBXFileReference; fileEncoding = 4; lastKnownFileType = sourcecode.c.objc; path = "NSObject+YULog.m"; sourceTree = "<group>"; };
		183AB3C31EEFD456005E17E7 /* NSObject+YURuntime.h */ = {isa = PBXFileReference; fileEncoding = 4; lastKnownFileType = sourcecode.c.h; path = "NSObject+YURuntime.h"; sourceTree = "<group>"; };
		183AB3C41EEFD456005E17E7 /* NSObject+YURuntime.m */ = {isa = PBXFileReference; fileEncoding = 4; lastKnownFileType = sourcecode.c.objc; path = "NSObject+YURuntime.m"; sourceTree = "<group>"; };
		183AB3C51EEFD456005E17E7 /* NSString+YU.h */ = {isa = PBXFileReference; fileEncoding = 4; lastKnownFileType = sourcecode.c.h; path = "NSString+YU.h"; sourceTree = "<group>"; };
		183AB3C61EEFD456005E17E7 /* NSString+YU.m */ = {isa = PBXFileReference; fileEncoding = 4; lastKnownFileType = sourcecode.c.objc; path = "NSString+YU.m"; sourceTree = "<group>"; };
		183AB3C71EEFD456005E17E7 /* NSString+YUCheck.h */ = {isa = PBXFileReference; fileEncoding = 4; lastKnownFileType = sourcecode.c.h; path = "NSString+YUCheck.h"; sourceTree = "<group>"; };
		183AB3C81EEFD456005E17E7 /* NSString+YUCheck.m */ = {isa = PBXFileReference; fileEncoding = 4; lastKnownFileType = sourcecode.c.objc; path = "NSString+YUCheck.m"; sourceTree = "<group>"; };
		183AB3C91EEFD456005E17E7 /* NSString+YUSize.h */ = {isa = PBXFileReference; fileEncoding = 4; lastKnownFileType = sourcecode.c.h; path = "NSString+YUSize.h"; sourceTree = "<group>"; };
		183AB3CA1EEFD456005E17E7 /* NSString+YUSize.m */ = {isa = PBXFileReference; fileEncoding = 4; lastKnownFileType = sourcecode.c.objc; path = "NSString+YUSize.m"; sourceTree = "<group>"; };
		183AB3CB1EEFD456005E17E7 /* NSTimer+YU.h */ = {isa = PBXFileReference; fileEncoding = 4; lastKnownFileType = sourcecode.c.h; path = "NSTimer+YU.h"; sourceTree = "<group>"; };
		183AB3CC1EEFD456005E17E7 /* NSTimer+YU.m */ = {isa = PBXFileReference; fileEncoding = 4; lastKnownFileType = sourcecode.c.objc; path = "NSTimer+YU.m"; sourceTree = "<group>"; };
		183AB3CD1EEFD456005E17E7 /* NSURL+YU.h */ = {isa = PBXFileReference; fileEncoding = 4; lastKnownFileType = sourcecode.c.h; path = "NSURL+YU.h"; sourceTree = "<group>"; };
		183AB3CE1EEFD456005E17E7 /* NSURL+YU.m */ = {isa = PBXFileReference; fileEncoding = 4; lastKnownFileType = sourcecode.c.objc; path = "NSURL+YU.m"; sourceTree = "<group>"; };
		183AB3D11EEFD456005E17E7 /* AddressBook.h */ = {isa = PBXFileReference; fileEncoding = 4; lastKnownFileType = sourcecode.c.h; path = AddressBook.h; sourceTree = "<group>"; };
		183AB3D21EEFD456005E17E7 /* AddressBook.m */ = {isa = PBXFileReference; fileEncoding = 4; lastKnownFileType = sourcecode.c.objc; path = AddressBook.m; sourceTree = "<group>"; };
		183AB3D31EEFD456005E17E7 /* AddressBookObj.h */ = {isa = PBXFileReference; fileEncoding = 4; lastKnownFileType = sourcecode.c.h; path = AddressBookObj.h; sourceTree = "<group>"; };
		183AB3D41EEFD456005E17E7 /* AddressBookObj.m */ = {isa = PBXFileReference; fileEncoding = 4; lastKnownFileType = sourcecode.c.objc; path = AddressBookObj.m; sourceTree = "<group>"; };
		183AB3D61EEFD456005E17E7 /* Base64.h */ = {isa = PBXFileReference; fileEncoding = 4; lastKnownFileType = sourcecode.c.h; path = Base64.h; sourceTree = "<group>"; };
		183AB3D71EEFD456005E17E7 /* Base64.m */ = {isa = PBXFileReference; fileEncoding = 4; lastKnownFileType = sourcecode.c.objc; path = Base64.m; sourceTree = "<group>"; };
		183AB3D91EEFD456005E17E7 /* YU_MapCoordinateConversion.cpp */ = {isa = PBXFileReference; fileEncoding = 4; lastKnownFileType = sourcecode.cpp.cpp; path = YU_MapCoordinateConversion.cpp; sourceTree = "<group>"; };
		183AB3DA1EEFD456005E17E7 /* YU_MapCoordinateConversion.h */ = {isa = PBXFileReference; fileEncoding = 4; lastKnownFileType = sourcecode.c.h; path = YU_MapCoordinateConversion.h; sourceTree = "<group>"; };
		183AB3DB1EEFD456005E17E7 /* YU_WGS84TOGCJ02.h */ = {isa = PBXFileReference; fileEncoding = 4; lastKnownFileType = sourcecode.c.h; path = YU_WGS84TOGCJ02.h; sourceTree = "<group>"; };
		183AB3DC1EEFD456005E17E7 /* YU_WGS84TOGCJ02.m */ = {isa = PBXFileReference; fileEncoding = 4; lastKnownFileType = sourcecode.c.objc; path = YU_WGS84TOGCJ02.m; sourceTree = "<group>"; };
		183AB3DE1EEFD456005E17E7 /* TopLeftLabel.h */ = {isa = PBXFileReference; fileEncoding = 4; lastKnownFileType = sourcecode.c.h; path = TopLeftLabel.h; sourceTree = "<group>"; };
		183AB3DF1EEFD456005E17E7 /* TopLeftLabel.m */ = {isa = PBXFileReference; fileEncoding = 4; lastKnownFileType = sourcecode.c.objc; path = TopLeftLabel.m; sourceTree = "<group>"; };
		183AB3E11EEFD456005E17E7 /* YU_UserDefaults.h */ = {isa = PBXFileReference; fileEncoding = 4; lastKnownFileType = sourcecode.c.h; path = YU_UserDefaults.h; sourceTree = "<group>"; };
		183AB3E21EEFD456005E17E7 /* YU_UserDefaults.m */ = {isa = PBXFileReference; fileEncoding = 4; lastKnownFileType = sourcecode.c.objc; path = YU_UserDefaults.m; sourceTree = "<group>"; };
		183AB3E31EEFD456005E17E7 /* YU_Device.h */ = {isa = PBXFileReference; fileEncoding = 4; lastKnownFileType = sourcecode.c.h; path = YU_Device.h; sourceTree = "<group>"; };
		183AB3E41EEFD456005E17E7 /* YU_Device.m */ = {isa = PBXFileReference; fileEncoding = 4; lastKnownFileType = sourcecode.c.objc; path = YU_Device.m; sourceTree = "<group>"; };
		183AB3E51EEFD456005E17E7 /* YU_Singleton.h */ = {isa = PBXFileReference; fileEncoding = 4; lastKnownFileType = sourcecode.c.h; path = YU_Singleton.h; sourceTree = "<group>"; };
		183AB3E61EEFD456005E17E7 /* YU_SysInfo.h */ = {isa = PBXFileReference; fileEncoding = 4; lastKnownFileType = sourcecode.c.h; path = YU_SysInfo.h; sourceTree = "<group>"; };
		183AB3E71EEFD456005E17E7 /* YU_SysInfo.m */ = {isa = PBXFileReference; fileEncoding = 4; lastKnownFileType = sourcecode.c.objc; path = YU_SysInfo.m; sourceTree = "<group>"; };
		183AB3E81EEFD456005E17E7 /* YU_System.h */ = {isa = PBXFileReference; fileEncoding = 4; lastKnownFileType = sourcecode.c.h; path = YU_System.h; sourceTree = "<group>"; };
		183AB3E91EEFD456005E17E7 /* YU_System.m */ = {isa = PBXFileReference; fileEncoding = 4; lastKnownFileType = sourcecode.c.objc; path = YU_System.m; sourceTree = "<group>"; };
		183AB3EB1EEFD456005E17E7 /* GCDGroup.h */ = {isa = PBXFileReference; fileEncoding = 4; lastKnownFileType = sourcecode.c.h; path = GCDGroup.h; sourceTree = "<group>"; };
		183AB3EC1EEFD456005E17E7 /* GCDGroup.m */ = {isa = PBXFileReference; fileEncoding = 4; lastKnownFileType = sourcecode.c.objc; path = GCDGroup.m; sourceTree = "<group>"; };
		183AB3ED1EEFD456005E17E7 /* GCDMacros.h */ = {isa = PBXFileReference; fileEncoding = 4; lastKnownFileType = sourcecode.c.h; path = GCDMacros.h; sourceTree = "<group>"; };
		183AB3EE1EEFD456005E17E7 /* GCDObjC.h */ = {isa = PBXFileReference; fileEncoding = 4; lastKnownFileType = sourcecode.c.h; path = GCDObjC.h; sourceTree = "<group>"; };
		183AB3EF1EEFD456005E17E7 /* GCDQueue.h */ = {isa = PBXFileReference; fileEncoding = 4; lastKnownFileType = sourcecode.c.h; path = GCDQueue.h; sourceTree = "<group>"; };
		183AB3F01EEFD456005E17E7 /* GCDQueue.m */ = {isa = PBXFileReference; fileEncoding = 4; lastKnownFileType = sourcecode.c.objc; path = GCDQueue.m; sourceTree = "<group>"; };
		183AB3F11EEFD456005E17E7 /* GCDSemaphore.h */ = {isa = PBXFileReference; fileEncoding = 4; lastKnownFileType = sourcecode.c.h; path = GCDSemaphore.h; sourceTree = "<group>"; };
		183AB3F21EEFD456005E17E7 /* GCDSemaphore.m */ = {isa = PBXFileReference; fileEncoding = 4; lastKnownFileType = sourcecode.c.objc; path = GCDSemaphore.m; sourceTree = "<group>"; };
		183AB3F31EEFD456005E17E7 /* GCDTimer.h */ = {isa = PBXFileReference; fileEncoding = 4; lastKnownFileType = sourcecode.c.h; path = GCDTimer.h; sourceTree = "<group>"; };
		183AB3F41EEFD456005E17E7 /* GCDTimer.m */ = {isa = PBXFileReference; fileEncoding = 4; lastKnownFileType = sourcecode.c.objc; path = GCDTimer.m; sourceTree = "<group>"; };
		183AB3F51EEFD456005E17E7 /* YU_Foundation.h */ = {isa = PBXFileReference; fileEncoding = 4; lastKnownFileType = sourcecode.c.h; path = YU_Foundation.h; sourceTree = "<group>"; };
		183AB3F81EEFD456005E17E7 /* Reachability.h */ = {isa = PBXFileReference; fileEncoding = 4; lastKnownFileType = sourcecode.c.h; path = Reachability.h; sourceTree = "<group>"; };
		183AB3F91EEFD456005E17E7 /* Reachability.m */ = {isa = PBXFileReference; fileEncoding = 4; lastKnownFileType = sourcecode.c.objc; path = Reachability.m; sourceTree = "<group>"; };
		183AB40D1EEFD456005E17E7 /* Valet.h */ = {isa = PBXFileReference; fileEncoding = 4; lastKnownFileType = sourcecode.c.h; path = Valet.h; sourceTree = "<group>"; };
		183AB40E1EEFD456005E17E7 /* ValetDefines.h */ = {isa = PBXFileReference; fileEncoding = 4; lastKnownFileType = sourcecode.c.h; path = ValetDefines.h; sourceTree = "<group>"; };
		183AB40F1EEFD456005E17E7 /* VALSecureEnclaveValet.h */ = {isa = PBXFileReference; fileEncoding = 4; lastKnownFileType = sourcecode.c.h; path = VALSecureEnclaveValet.h; sourceTree = "<group>"; };
		183AB4101EEFD456005E17E7 /* VALSecureEnclaveValet.m */ = {isa = PBXFileReference; fileEncoding = 4; lastKnownFileType = sourcecode.c.objc; path = VALSecureEnclaveValet.m; sourceTree = "<group>"; };
		183AB4111EEFD456005E17E7 /* VALSynchronizableValet.h */ = {isa = PBXFileReference; fileEncoding = 4; lastKnownFileType = sourcecode.c.h; path = VALSynchronizableValet.h; sourceTree = "<group>"; };
		183AB4121EEFD456005E17E7 /* VALSynchronizableValet.m */ = {isa = PBXFileReference; fileEncoding = 4; lastKnownFileType = sourcecode.c.objc; path = VALSynchronizableValet.m; sourceTree = "<group>"; };
		183AB4131EEFD456005E17E7 /* VALValet.h */ = {isa = PBXFileReference; fileEncoding = 4; lastKnownFileType = sourcecode.c.h; path = VALValet.h; sourceTree = "<group>"; };
		183AB4141EEFD456005E17E7 /* VALValet.m */ = {isa = PBXFileReference; fileEncoding = 4; lastKnownFileType = sourcecode.c.objc; path = VALValet.m; sourceTree = "<group>"; };
		183AB4151EEFD456005E17E7 /* VALValet_Protected.h */ = {isa = PBXFileReference; fileEncoding = 4; lastKnownFileType = sourcecode.c.h; path = VALValet_Protected.h; sourceTree = "<group>"; };
		183AB4161EEFD456005E17E7 /* YUKeychain.h */ = {isa = PBXFileReference; fileEncoding = 4; lastKnownFileType = sourcecode.c.h; path = YUKeychain.h; sourceTree = "<group>"; };
		183AB4171EEFD456005E17E7 /* YUKeychain.m */ = {isa = PBXFileReference; fileEncoding = 4; lastKnownFileType = sourcecode.c.objc; path = YUKeychain.m; sourceTree = "<group>"; };
		183AB4191EEFD456005E17E7 /* Readme.md */ = {isa = PBXFileReference; fileEncoding = 4; lastKnownFileType = net.daringfireball.markdown; path = Readme.md; sourceTree = "<group>"; };
		183AB41C1EEFD456005E17E7 /* UIAlertController+YU.h */ = {isa = PBXFileReference; fileEncoding = 4; lastKnownFileType = sourcecode.c.h; path = "UIAlertController+YU.h"; sourceTree = "<group>"; };
		183AB41D1EEFD456005E17E7 /* UIAlertController+YU.m */ = {isa = PBXFileReference; fileEncoding = 4; lastKnownFileType = sourcecode.c.objc; path = "UIAlertController+YU.m"; sourceTree = "<group>"; };
		183AB41E1EEFD456005E17E7 /* UIAlertView+YU.h */ = {isa = PBXFileReference; fileEncoding = 4; lastKnownFileType = sourcecode.c.h; path = "UIAlertView+YU.h"; sourceTree = "<group>"; };
		183AB41F1EEFD456005E17E7 /* UIAlertView+YU.m */ = {isa = PBXFileReference; fileEncoding = 4; lastKnownFileType = sourcecode.c.objc; path = "UIAlertView+YU.m"; sourceTree = "<group>"; };
		183AB4201EEFD456005E17E7 /* UIApplication+YUShare.h */ = {isa = PBXFileReference; fileEncoding = 4; lastKnownFileType = sourcecode.c.h; path = "UIApplication+YUShare.h"; sourceTree = "<group>"; };
		183AB4211EEFD456005E17E7 /* UIApplication+YUShare.m */ = {isa = PBXFileReference; fileEncoding = 4; lastKnownFileType = sourcecode.c.objc; path = "UIApplication+YUShare.m"; sourceTree = "<group>"; };
		183AB4221EEFD456005E17E7 /* UIBarButtonItem+YU.h */ = {isa = PBXFileReference; fileEncoding = 4; lastKnownFileType = sourcecode.c.h; path = "UIBarButtonItem+YU.h"; sourceTree = "<group>"; };
		183AB4231EEFD456005E17E7 /* UIBarButtonItem+YU.m */ = {isa = PBXFileReference; fileEncoding = 4; lastKnownFileType = sourcecode.c.objc; path = "UIBarButtonItem+YU.m"; sourceTree = "<group>"; };
		183AB4241EEFD456005E17E7 /* UIButton+YU.h */ = {isa = PBXFileReference; fileEncoding = 4; lastKnownFileType = sourcecode.c.h; path = "UIButton+YU.h"; sourceTree = "<group>"; };
		183AB4251EEFD456005E17E7 /* UIButton+YU.m */ = {isa = PBXFileReference; fileEncoding = 4; lastKnownFileType = sourcecode.c.objc; path = "UIButton+YU.m"; sourceTree = "<group>"; };
		183AB4261EEFD456005E17E7 /* UIColor+YU.h */ = {isa = PBXFileReference; fileEncoding = 4; lastKnownFileType = sourcecode.c.h; path = "UIColor+YU.h"; sourceTree = "<group>"; };
		183AB4271EEFD456005E17E7 /* UIColor+YU.m */ = {isa = PBXFileReference; fileEncoding = 4; lastKnownFileType = sourcecode.c.objc; path = "UIColor+YU.m"; sourceTree = "<group>"; };
		183AB4281EEFD456005E17E7 /* UIControl+YU.h */ = {isa = PBXFileReference; fileEncoding = 4; lastKnownFileType = sourcecode.c.h; path = "UIControl+YU.h"; sourceTree = "<group>"; };
		183AB4291EEFD456005E17E7 /* UIControl+YU.m */ = {isa = PBXFileReference; fileEncoding = 4; lastKnownFileType = sourcecode.c.objc; path = "UIControl+YU.m"; sourceTree = "<group>"; };
		183AB42A1EEFD456005E17E7 /* UIImage+YU.h */ = {isa = PBXFileReference; fileEncoding = 4; lastKnownFileType = sourcecode.c.h; path = "UIImage+YU.h"; sourceTree = "<group>"; };
		183AB42B1EEFD456005E17E7 /* UIImage+YU.m */ = {isa = PBXFileReference; fileEncoding = 4; lastKnownFileType = sourcecode.c.objc; path = "UIImage+YU.m"; sourceTree = "<group>"; };
		183AB42C1EEFD456005E17E7 /* UIImageView+YU.h */ = {isa = PBXFileReference; fileEncoding = 4; lastKnownFileType = sourcecode.c.h; path = "UIImageView+YU.h"; sourceTree = "<group>"; };
		183AB42D1EEFD456005E17E7 /* UIImageView+YU.m */ = {isa = PBXFileReference; fileEncoding = 4; lastKnownFileType = sourcecode.c.objc; path = "UIImageView+YU.m"; sourceTree = "<group>"; };
		183AB42E1EEFD456005E17E7 /* UINavigationController+YU.h */ = {isa = PBXFileReference; fileEncoding = 4; lastKnownFileType = sourcecode.c.h; path = "UINavigationController+YU.h"; sourceTree = "<group>"; };
		183AB42F1EEFD456005E17E7 /* UINavigationController+YU.m */ = {isa = PBXFileReference; fileEncoding = 4; lastKnownFileType = sourcecode.c.objc; path = "UINavigationController+YU.m"; sourceTree = "<group>"; };
		183AB4301EEFD456005E17E7 /* UIPasteboard+YU.h */ = {isa = PBXFileReference; fileEncoding = 4; lastKnownFileType = sourcecode.c.h; path = "UIPasteboard+YU.h"; sourceTree = "<group>"; };
		183AB4311EEFD456005E17E7 /* UIPasteboard+YU.m */ = {isa = PBXFileReference; fileEncoding = 4; lastKnownFileType = sourcecode.c.objc; path = "UIPasteboard+YU.m"; sourceTree = "<group>"; };
		183AB4321EEFD456005E17E7 /* UIResponder+YU.h */ = {isa = PBXFileReference; fileEncoding = 4; lastKnownFileType = sourcecode.c.h; path = "UIResponder+YU.h"; sourceTree = "<group>"; };
		183AB4331EEFD456005E17E7 /* UIResponder+YU.m */ = {isa = PBXFileReference; fileEncoding = 4; lastKnownFileType = sourcecode.c.objc; path = "UIResponder+YU.m"; sourceTree = "<group>"; };
		183AB4341EEFD456005E17E7 /* UIStoryboard+YU.h */ = {isa = PBXFileReference; fileEncoding = 4; lastKnownFileType = sourcecode.c.h; path = "UIStoryboard+YU.h"; sourceTree = "<group>"; };
		183AB4351EEFD456005E17E7 /* UIStoryboard+YU.m */ = {isa = PBXFileReference; fileEncoding = 4; lastKnownFileType = sourcecode.c.objc; path = "UIStoryboard+YU.m"; sourceTree = "<group>"; };
		183AB4361EEFD456005E17E7 /* UITableView+YU.h */ = {isa = PBXFileReference; fileEncoding = 4; lastKnownFileType = sourcecode.c.h; path = "UITableView+YU.h"; sourceTree = "<group>"; };
		183AB4371EEFD456005E17E7 /* UITableView+YU.m */ = {isa = PBXFileReference; fileEncoding = 4; lastKnownFileType = sourcecode.c.objc; path = "UITableView+YU.m"; sourceTree = "<group>"; };
		183AB4381EEFD456005E17E7 /* UITableViewCell+YU.h */ = {isa = PBXFileReference; fileEncoding = 4; lastKnownFileType = sourcecode.c.h; path = "UITableViewCell+YU.h"; sourceTree = "<group>"; };
		183AB4391EEFD456005E17E7 /* UITableViewCell+YU.m */ = {isa = PBXFileReference; fileEncoding = 4; lastKnownFileType = sourcecode.c.objc; path = "UITableViewCell+YU.m"; sourceTree = "<group>"; };
		183AB43A1EEFD456005E17E7 /* UITableViewHeaderFooterView+YU.h */ = {isa = PBXFileReference; fileEncoding = 4; lastKnownFileType = sourcecode.c.h; path = "UITableViewHeaderFooterView+YU.h"; sourceTree = "<group>"; };
		183AB43B1EEFD456005E17E7 /* UITableViewHeaderFooterView+YU.m */ = {isa = PBXFileReference; fileEncoding = 4; lastKnownFileType = sourcecode.c.objc; path = "UITableViewHeaderFooterView+YU.m"; sourceTree = "<group>"; };
		183AB43C1EEFD456005E17E7 /* UITextField+YU.h */ = {isa = PBXFileReference; fileEncoding = 4; lastKnownFileType = sourcecode.c.h; path = "UITextField+YU.h"; sourceTree = "<group>"; };
		183AB43D1EEFD456005E17E7 /* UITextField+YU.m */ = {isa = PBXFileReference; fileEncoding = 4; lastKnownFileType = sourcecode.c.objc; path = "UITextField+YU.m"; sourceTree = "<group>"; };
		183AB43E1EEFD456005E17E7 /* UIView+YU.h */ = {isa = PBXFileReference; fileEncoding = 4; lastKnownFileType = sourcecode.c.h; path = "UIView+YU.h"; sourceTree = "<group>"; };
		183AB43F1EEFD456005E17E7 /* UIView+YU.m */ = {isa = PBXFileReference; fileEncoding = 4; lastKnownFileType = sourcecode.c.objc; path = "UIView+YU.m"; sourceTree = "<group>"; };
		183AB4401EEFD456005E17E7 /* UIView+YUAnimation.h */ = {isa = PBXFileReference; fileEncoding = 4; lastKnownFileType = sourcecode.c.h; path = "UIView+YUAnimation.h"; sourceTree = "<group>"; };
		183AB4411EEFD456005E17E7 /* UIView+YUAnimation.m */ = {isa = PBXFileReference; fileEncoding = 4; lastKnownFileType = sourcecode.c.objc; path = "UIView+YUAnimation.m"; sourceTree = "<group>"; };
		183AB4421EEFD456005E17E7 /* UIView+YUFrame.h */ = {isa = PBXFileReference; fileEncoding = 4; lastKnownFileType = sourcecode.c.h; path = "UIView+YUFrame.h"; sourceTree = "<group>"; };
		183AB4431EEFD456005E17E7 /* UIView+YUFrame.m */ = {isa = PBXFileReference; fileEncoding = 4; lastKnownFileType = sourcecode.c.objc; path = "UIView+YUFrame.m"; sourceTree = "<group>"; };
		183AB4441EEFD456005E17E7 /* UIView+YURotate360.h */ = {isa = PBXFileReference; fileEncoding = 4; lastKnownFileType = sourcecode.c.h; path = "UIView+YURotate360.h"; sourceTree = "<group>"; };
		183AB4451EEFD456005E17E7 /* UIView+YURotate360.m */ = {isa = PBXFileReference; fileEncoding = 4; lastKnownFileType = sourcecode.c.objc; path = "UIView+YURotate360.m"; sourceTree = "<group>"; };
		183AB4461EEFD456005E17E7 /* UIViewController+Console.h */ = {isa = PBXFileReference; fileEncoding = 4; lastKnownFileType = sourcecode.c.h; path = "UIViewController+Console.h"; sourceTree = "<group>"; };
		183AB4471EEFD456005E17E7 /* UIViewController+Console.m */ = {isa = PBXFileReference; fileEncoding = 4; lastKnownFileType = sourcecode.c.objc; path = "UIViewController+Console.m"; sourceTree = "<group>"; };
		183AB4481EEFD456005E17E7 /* UIViewController+Storyboard.h */ = {isa = PBXFileReference; fileEncoding = 4; lastKnownFileType = sourcecode.c.h; path = "UIViewController+Storyboard.h"; sourceTree = "<group>"; };
		183AB4491EEFD456005E17E7 /* UIViewController+Storyboard.m */ = {isa = PBXFileReference; fileEncoding = 4; lastKnownFileType = sourcecode.c.objc; path = "UIViewController+Storyboard.m"; sourceTree = "<group>"; };
		183AB44A1EEFD456005E17E7 /* UIViewController+YU.h */ = {isa = PBXFileReference; fileEncoding = 4; lastKnownFileType = sourcecode.c.h; path = "UIViewController+YU.h"; sourceTree = "<group>"; };
		183AB44B1EEFD456005E17E7 /* UIViewController+YU.m */ = {isa = PBXFileReference; fileEncoding = 4; lastKnownFileType = sourcecode.c.objc; path = "UIViewController+YU.m"; sourceTree = "<group>"; };
		183AB44C1EEFD456005E17E7 /* UIWebView+YU.h */ = {isa = PBXFileReference; fileEncoding = 4; lastKnownFileType = sourcecode.c.h; path = "UIWebView+YU.h"; sourceTree = "<group>"; };
		183AB44D1EEFD456005E17E7 /* UIWebView+YU.m */ = {isa = PBXFileReference; fileEncoding = 4; lastKnownFileType = sourcecode.c.objc; path = "UIWebView+YU.m"; sourceTree = "<group>"; };
		183AB44E1EEFD456005E17E7 /* UIWindow+YU.h */ = {isa = PBXFileReference; fileEncoding = 4; lastKnownFileType = sourcecode.c.h; path = "UIWindow+YU.h"; sourceTree = "<group>"; };
		183AB44F1EEFD456005E17E7 /* UIWindow+YU.m */ = {isa = PBXFileReference; fileEncoding = 4; lastKnownFileType = sourcecode.c.objc; path = "UIWindow+YU.m"; sourceTree = "<group>"; };
		183AB4521EEFD456005E17E7 /* SettingCell.h */ = {isa = PBXFileReference; fileEncoding = 4; lastKnownFileType = sourcecode.c.h; path = SettingCell.h; sourceTree = "<group>"; };
		183AB4531EEFD456005E17E7 /* SettingCell.m */ = {isa = PBXFileReference; fileEncoding = 4; lastKnownFileType = sourcecode.c.objc; path = SettingCell.m; sourceTree = "<group>"; };
		183AB4541EEFD456005E17E7 /* SettingCell.xib */ = {isa = PBXFileReference; fileEncoding = 4; lastKnownFileType = file.xib; path = SettingCell.xib; sourceTree = "<group>"; };
		183AB4551EEFD456005E17E7 /* YU_AmountTextField.h */ = {isa = PBXFileReference; fileEncoding = 4; lastKnownFileType = sourcecode.c.h; path = YU_AmountTextField.h; sourceTree = "<group>"; };
		183AB4561EEFD456005E17E7 /* YU_AmountTextField.m */ = {isa = PBXFileReference; fileEncoding = 4; lastKnownFileType = sourcecode.c.objc; path = YU_AmountTextField.m; sourceTree = "<group>"; };
		183AB4571EEFD456005E17E7 /* YU_TableViewCell.h */ = {isa = PBXFileReference; fileEncoding = 4; lastKnownFileType = sourcecode.c.h; path = YU_TableViewCell.h; sourceTree = "<group>"; };
		183AB4581EEFD456005E17E7 /* YU_TableViewCell.m */ = {isa = PBXFileReference; fileEncoding = 4; lastKnownFileType = sourcecode.c.objc; path = YU_TableViewCell.m; sourceTree = "<group>"; };
		183AB4591EEFD456005E17E7 /* YU_TextView.h */ = {isa = PBXFileReference; fileEncoding = 4; lastKnownFileType = sourcecode.c.h; path = YU_TextView.h; sourceTree = "<group>"; };
		183AB45A1EEFD456005E17E7 /* YU_TextView.m */ = {isa = PBXFileReference; fileEncoding = 4; lastKnownFileType = sourcecode.c.objc; path = YU_TextView.m; sourceTree = "<group>"; };
		183AB45B1EEFD456005E17E7 /* YU_UIKit.h */ = {isa = PBXFileReference; fileEncoding = 4; lastKnownFileType = sourcecode.c.h; path = YU_UIKit.h; sourceTree = "<group>"; };
		183AB45C1EEFD456005E17E7 /* YUKit.h */ = {isa = PBXFileReference; fileEncoding = 4; lastKnownFileType = sourcecode.c.h; path = YUKit.h; sourceTree = "<group>"; };
		183AB45D1EEFD456005E17E7 /* YUKit.podspec */ = {isa = PBXFileReference; fileEncoding = 4; lastKnownFileType = text; path = YUKit.podspec; sourceTree = "<group>"; };
		183AB45E1EEFD456005E17E7 /* YUKitHeader.h */ = {isa = PBXFileReference; fileEncoding = 4; lastKnownFileType = sourcecode.c.h; path = YUKitHeader.h; sourceTree = "<group>"; };
		183AB45F1EEFD456005E17E7 /* YUMacro.h */ = {isa = PBXFileReference; fileEncoding = 4; lastKnownFileType = sourcecode.c.h; path = YUMacro.h; sourceTree = "<group>"; };
		1896121F1DF9544C0019EF52 /* YUKit.framework */ = {isa = PBXFileReference; explicitFileType = wrapper.framework; includeInIndex = 0; path = YUKit.framework; sourceTree = BUILT_PRODUCTS_DIR; };
/* End PBXFileReference section */

/* Begin PBXFrameworksBuildPhase section */
		1896121B1DF9544C0019EF52 /* Frameworks */ = {
			isa = PBXFrameworksBuildPhase;
			buildActionMask = 2147483647;
			files = (
			);
			runOnlyForDeploymentPostprocessing = 0;
		};
/* End PBXFrameworksBuildPhase section */

/* Begin PBXGroup section */
		183AB3A21EEFD456005E17E7 /* YUKit */ = {
			isa = PBXGroup;
			children = (
				183AB3A31EEFD456005E17E7 /* foundation */,
				183AB3F61EEFD456005E17E7 /* frameworks */,
				183AB41A1EEFD456005E17E7 /* uikit */,
				183AB45C1EEFD456005E17E7 /* YUKit.h */,
				183AB45E1EEFD456005E17E7 /* YUKitHeader.h */,
				183AB45F1EEFD456005E17E7 /* YUMacro.h */,
				183AB4191EEFD456005E17E7 /* Readme.md */,
				183AB45D1EEFD456005E17E7 /* YUKit.podspec */,
			);
			name = YUKit;
			path = ../../YUKit;
			sourceTree = "<group>";
		};
		183AB3A31EEFD456005E17E7 /* foundation */ = {
			isa = PBXGroup;
			children = (
				183AB3A41EEFD456005E17E7 /* category */,
				183AB3CF1EEFD456005E17E7 /* lib */,
				183AB3F51EEFD456005E17E7 /* YU_Foundation.h */,
			);
			path = foundation;
			sourceTree = "<group>";
		};
		183AB3A41EEFD456005E17E7 /* category */ = {
			isa = PBXGroup;
			children = (
				183AB3A51EEFD456005E17E7 /* NSArray+YU.h */,
				183AB3A61EEFD456005E17E7 /* NSArray+YU.m */,
				183AB3A71EEFD456005E17E7 /* NSAttributedString+YU.h */,
				183AB3A81EEFD456005E17E7 /* NSAttributedString+YU.m */,
				183AB3A91EEFD456005E17E7 /* NSCalendar+YU.h */,
				183AB3AA1EEFD456005E17E7 /* NSCalendar+YU.m */,
				183AB3AB1EEFD456005E17E7 /* NSData+YU.h */,
				183AB3AC1EEFD456005E17E7 /* NSData+YU.m */,
				183AB3AD1EEFD456005E17E7 /* NSDate+YU.h */,
				183AB3AE1EEFD456005E17E7 /* NSDate+YU.m */,
				183AB3AF1EEFD456005E17E7 /* NSDictionary+YU.h */,
				183AB3B01EEFD456005E17E7 /* NSDictionary+YU.m */,
				183AB3B11EEFD456005E17E7 /* NSError+YU.h */,
				183AB3B21EEFD456005E17E7 /* NSError+YU.m */,
				183AB3B31EEFD456005E17E7 /* NSFileManager+YU.h */,
				183AB3B41EEFD456005E17E7 /* NSFileManager+YU.m */,
				183AB3B51EEFD456005E17E7 /* NSNotificationCenter+YU.h */,
				183AB3B61EEFD456005E17E7 /* NSNotificationCenter+YU.m */,
				183AB3B71EEFD456005E17E7 /* NSNull+YU.h */,
				183AB3B81EEFD456005E17E7 /* NSNull+YU.m */,
				183AB3B91EEFD456005E17E7 /* NSNumber+YU.h */,
				183AB3BA1EEFD456005E17E7 /* NSNumber+YU.m */,
				183AB3BB1EEFD456005E17E7 /* NSObject+YU.h */,
				183AB3BC1EEFD456005E17E7 /* NSObject+YU.m */,
				183AB3BD1EEFD456005E17E7 /* NSObject+YUFile.h */,
				183AB3BE1EEFD456005E17E7 /* NSObject+YUFile.m */,
				183AB3BF1EEFD456005E17E7 /* NSObject+YUJSON.h */,
				183AB3C01EEFD456005E17E7 /* NSObject+YUJSON.m */,
				183AB3C11EEFD456005E17E7 /* NSObject+YULog.h */,
				183AB3C21EEFD456005E17E7 /* NSObject+YULog.m */,
				183AB3C31EEFD456005E17E7 /* NSObject+YURuntime.h */,
				183AB3C41EEFD456005E17E7 /* NSObject+YURuntime.m */,
				183AB3C51EEFD456005E17E7 /* NSString+YU.h */,
				183AB3C61EEFD456005E17E7 /* NSString+YU.m */,
				183AB3C71EEFD456005E17E7 /* NSString+YUCheck.h */,
				183AB3C81EEFD456005E17E7 /* NSString+YUCheck.m */,
				183AB3C91EEFD456005E17E7 /* NSString+YUSize.h */,
				183AB3CA1EEFD456005E17E7 /* NSString+YUSize.m */,
				183AB3CB1EEFD456005E17E7 /* NSTimer+YU.h */,
				183AB3CC1EEFD456005E17E7 /* NSTimer+YU.m */,
				183AB3CD1EEFD456005E17E7 /* NSURL+YU.h */,
				183AB3CE1EEFD456005E17E7 /* NSURL+YU.m */,
			);
			path = category;
			sourceTree = "<group>";
		};
		183AB3CF1EEFD456005E17E7 /* lib */ = {
			isa = PBXGroup;
			children = (
				183AB3D01EEFD456005E17E7 /* AddressBook */,
				183AB3D51EEFD456005E17E7 /* Base64 */,
				183AB3D81EEFD456005E17E7 /* map */,
				183AB3DD1EEFD456005E17E7 /* TopLeftLabel */,
				183AB3E01EEFD456005E17E7 /* UserDefaults */,
				183AB3E31EEFD456005E17E7 /* YU_Device.h */,
				183AB3E41EEFD456005E17E7 /* YU_Device.m */,
				183AB3E51EEFD456005E17E7 /* YU_Singleton.h */,
				183AB3E61EEFD456005E17E7 /* YU_SysInfo.h */,
				183AB3E71EEFD456005E17E7 /* YU_SysInfo.m */,
				183AB3E81EEFD456005E17E7 /* YU_System.h */,
				183AB3E91EEFD456005E17E7 /* YU_System.m */,
				183AB3EA1EEFD456005E17E7 /* YUGCDObj */,
			);
			path = lib;
			sourceTree = "<group>";
		};
		183AB3D01EEFD456005E17E7 /* AddressBook */ = {
			isa = PBXGroup;
			children = (
				183AB3D11EEFD456005E17E7 /* AddressBook.h */,
				183AB3D21EEFD456005E17E7 /* AddressBook.m */,
				183AB3D31EEFD456005E17E7 /* AddressBookObj.h */,
				183AB3D41EEFD456005E17E7 /* AddressBookObj.m */,
			);
			path = AddressBook;
			sourceTree = "<group>";
		};
		183AB3D51EEFD456005E17E7 /* Base64 */ = {
			isa = PBXGroup;
			children = (
				183AB3D61EEFD456005E17E7 /* Base64.h */,
				183AB3D71EEFD456005E17E7 /* Base64.m */,
			);
			path = Base64;
			sourceTree = "<group>";
		};
		183AB3D81EEFD456005E17E7 /* map */ = {
			isa = PBXGroup;
			children = (
				183AB3D91EEFD456005E17E7 /* YU_MapCoordinateConversion.cpp */,
				183AB3DA1EEFD456005E17E7 /* YU_MapCoordinateConversion.h */,
				183AB3DB1EEFD456005E17E7 /* YU_WGS84TOGCJ02.h */,
				183AB3DC1EEFD456005E17E7 /* YU_WGS84TOGCJ02.m */,
			);
			path = map;
			sourceTree = "<group>";
		};
		183AB3DD1EEFD456005E17E7 /* TopLeftLabel */ = {
			isa = PBXGroup;
			children = (
				183AB3DE1EEFD456005E17E7 /* TopLeftLabel.h */,
				183AB3DF1EEFD456005E17E7 /* TopLeftLabel.m */,
			);
			path = TopLeftLabel;
			sourceTree = "<group>";
		};
		183AB3E01EEFD456005E17E7 /* UserDefaults */ = {
			isa = PBXGroup;
			children = (
				183AB3E11EEFD456005E17E7 /* YU_UserDefaults.h */,
				183AB3E21EEFD456005E17E7 /* YU_UserDefaults.m */,
			);
			path = UserDefaults;
			sourceTree = "<group>";
		};
		183AB3EA1EEFD456005E17E7 /* YUGCDObj */ = {
			isa = PBXGroup;
			children = (
				183AB3EB1EEFD456005E17E7 /* GCDGroup.h */,
				183AB3EC1EEFD456005E17E7 /* GCDGroup.m */,
				183AB3ED1EEFD456005E17E7 /* GCDMacros.h */,
				183AB3EE1EEFD456005E17E7 /* GCDObjC.h */,
				183AB3EF1EEFD456005E17E7 /* GCDQueue.h */,
				183AB3F01EEFD456005E17E7 /* GCDQueue.m */,
				183AB3F11EEFD456005E17E7 /* GCDSemaphore.h */,
				183AB3F21EEFD456005E17E7 /* GCDSemaphore.m */,
				183AB3F31EEFD456005E17E7 /* GCDTimer.h */,
				183AB3F41EEFD456005E17E7 /* GCDTimer.m */,
			);
			path = YUGCDObj;
			sourceTree = "<group>";
		};
		183AB3F61EEFD456005E17E7 /* frameworks */ = {
			isa = PBXGroup;
			children = (
				183AB3F71EEFD456005E17E7 /* Reachability */,
				183AB40B1EEFD456005E17E7 /* YUKeychain */,
			);
			path = frameworks;
			sourceTree = "<group>";
		};
		183AB3F71EEFD456005E17E7 /* Reachability */ = {
			isa = PBXGroup;
			children = (
				183AB3F81EEFD456005E17E7 /* Reachability.h */,
				183AB3F91EEFD456005E17E7 /* Reachability.m */,
			);
			path = Reachability;
			sourceTree = "<group>";
		};
		183AB40B1EEFD456005E17E7 /* YUKeychain */ = {
			isa = PBXGroup;
			children = (
				183AB40C1EEFD456005E17E7 /* Valet */,
				183AB4161EEFD456005E17E7 /* YUKeychain.h */,
				183AB4171EEFD456005E17E7 /* YUKeychain.m */,
			);
			path = YUKeychain;
			sourceTree = "<group>";
		};
		183AB40C1EEFD456005E17E7 /* Valet */ = {
			isa = PBXGroup;
			children = (
				183AB40D1EEFD456005E17E7 /* Valet.h */,
				183AB40E1EEFD456005E17E7 /* ValetDefines.h */,
				183AB40F1EEFD456005E17E7 /* VALSecureEnclaveValet.h */,
				183AB4101EEFD456005E17E7 /* VALSecureEnclaveValet.m */,
				183AB4111EEFD456005E17E7 /* VALSynchronizableValet.h */,
				183AB4121EEFD456005E17E7 /* VALSynchronizableValet.m */,
				183AB4131EEFD456005E17E7 /* VALValet.h */,
				183AB4141EEFD456005E17E7 /* VALValet.m */,
				183AB4151EEFD456005E17E7 /* VALValet_Protected.h */,
			);
			path = Valet;
			sourceTree = "<group>";
		};
		183AB41A1EEFD456005E17E7 /* uikit */ = {
			isa = PBXGroup;
			children = (
				183AB41B1EEFD456005E17E7 /* category */,
				183AB4501EEFD456005E17E7 /* lib */,
				183AB45B1EEFD456005E17E7 /* YU_UIKit.h */,
			);
			path = uikit;
			sourceTree = "<group>";
		};
		183AB41B1EEFD456005E17E7 /* category */ = {
			isa = PBXGroup;
			children = (
				183AB41C1EEFD456005E17E7 /* UIAlertController+YU.h */,
				183AB41D1EEFD456005E17E7 /* UIAlertController+YU.m */,
				183AB41E1EEFD456005E17E7 /* UIAlertView+YU.h */,
				183AB41F1EEFD456005E17E7 /* UIAlertView+YU.m */,
				183AB4201EEFD456005E17E7 /* UIApplication+YUShare.h */,
				183AB4211EEFD456005E17E7 /* UIApplication+YUShare.m */,
				183AB4221EEFD456005E17E7 /* UIBarButtonItem+YU.h */,
				183AB4231EEFD456005E17E7 /* UIBarButtonItem+YU.m */,
				183AB4241EEFD456005E17E7 /* UIButton+YU.h */,
				183AB4251EEFD456005E17E7 /* UIButton+YU.m */,
				183AB4261EEFD456005E17E7 /* UIColor+YU.h */,
				183AB4271EEFD456005E17E7 /* UIColor+YU.m */,
				183AB4281EEFD456005E17E7 /* UIControl+YU.h */,
				183AB4291EEFD456005E17E7 /* UIControl+YU.m */,
				183AB42A1EEFD456005E17E7 /* UIImage+YU.h */,
				183AB42B1EEFD456005E17E7 /* UIImage+YU.m */,
				183AB42C1EEFD456005E17E7 /* UIImageView+YU.h */,
				183AB42D1EEFD456005E17E7 /* UIImageView+YU.m */,
				183AB42E1EEFD456005E17E7 /* UINavigationController+YU.h */,
				183AB42F1EEFD456005E17E7 /* UINavigationController+YU.m */,
				183AB4301EEFD456005E17E7 /* UIPasteboard+YU.h */,
				183AB4311EEFD456005E17E7 /* UIPasteboard+YU.m */,
				183AB4321EEFD456005E17E7 /* UIResponder+YU.h */,
				183AB4331EEFD456005E17E7 /* UIResponder+YU.m */,
				183AB4341EEFD456005E17E7 /* UIStoryboard+YU.h */,
				183AB4351EEFD456005E17E7 /* UIStoryboard+YU.m */,
				183AB4361EEFD456005E17E7 /* UITableView+YU.h */,
				183AB4371EEFD456005E17E7 /* UITableView+YU.m */,
				183AB4381EEFD456005E17E7 /* UITableViewCell+YU.h */,
				183AB4391EEFD456005E17E7 /* UITableViewCell+YU.m */,
				183AB43A1EEFD456005E17E7 /* UITableViewHeaderFooterView+YU.h */,
				183AB43B1EEFD456005E17E7 /* UITableViewHeaderFooterView+YU.m */,
				183AB43C1EEFD456005E17E7 /* UITextField+YU.h */,
				183AB43D1EEFD456005E17E7 /* UITextField+YU.m */,
				183AB43E1EEFD456005E17E7 /* UIView+YU.h */,
				183AB43F1EEFD456005E17E7 /* UIView+YU.m */,
				183AB4401EEFD456005E17E7 /* UIView+YUAnimation.h */,
				183AB4411EEFD456005E17E7 /* UIView+YUAnimation.m */,
				183AB4421EEFD456005E17E7 /* UIView+YUFrame.h */,
				183AB4431EEFD456005E17E7 /* UIView+YUFrame.m */,
				183AB4441EEFD456005E17E7 /* UIView+YURotate360.h */,
				183AB4451EEFD456005E17E7 /* UIView+YURotate360.m */,
				183AB4461EEFD456005E17E7 /* UIViewController+Console.h */,
				183AB4471EEFD456005E17E7 /* UIViewController+Console.m */,
				183AB4481EEFD456005E17E7 /* UIViewController+Storyboard.h */,
				183AB4491EEFD456005E17E7 /* UIViewController+Storyboard.m */,
				183AB44A1EEFD456005E17E7 /* UIViewController+YU.h */,
				183AB44B1EEFD456005E17E7 /* UIViewController+YU.m */,
				183AB44C1EEFD456005E17E7 /* UIWebView+YU.h */,
				183AB44D1EEFD456005E17E7 /* UIWebView+YU.m */,
				183AB44E1EEFD456005E17E7 /* UIWindow+YU.h */,
				183AB44F1EEFD456005E17E7 /* UIWindow+YU.m */,
			);
			path = category;
			sourceTree = "<group>";
		};
		183AB4501EEFD456005E17E7 /* lib */ = {
			isa = PBXGroup;
			children = (
				183AB4511EEFD456005E17E7 /* SettingCell */,
				183AB4551EEFD456005E17E7 /* YU_AmountTextField.h */,
				183AB4561EEFD456005E17E7 /* YU_AmountTextField.m */,
				183AB4571EEFD456005E17E7 /* YU_TableViewCell.h */,
				183AB4581EEFD456005E17E7 /* YU_TableViewCell.m */,
				183AB4591EEFD456005E17E7 /* YU_TextView.h */,
				183AB45A1EEFD456005E17E7 /* YU_TextView.m */,
			);
			path = lib;
			sourceTree = "<group>";
		};
		183AB4511EEFD456005E17E7 /* SettingCell */ = {
			isa = PBXGroup;
			children = (
				183AB4521EEFD456005E17E7 /* SettingCell.h */,
				183AB4531EEFD456005E17E7 /* SettingCell.m */,
				183AB4541EEFD456005E17E7 /* SettingCell.xib */,
			);
			path = SettingCell;
			sourceTree = "<group>";
		};
		189612151DF9544C0019EF52 = {
			isa = PBXGroup;
			children = (
				183AB3A21EEFD456005E17E7 /* YUKit */,
				189612201DF9544C0019EF52 /* Products */,
				189613451DF959490019EF52 /* Frameworks */,
			);
			sourceTree = "<group>";
		};
		189612201DF9544C0019EF52 /* Products */ = {
			isa = PBXGroup;
			children = (
				1896121F1DF9544C0019EF52 /* YUKit.framework */,
			);
			name = Products;
			sourceTree = "<group>";
		};
		189613451DF959490019EF52 /* Frameworks */ = {
			isa = PBXGroup;
			children = (
			);
			name = Frameworks;
			sourceTree = "<group>";
		};
/* End PBXGroup section */

/* Begin PBXHeadersBuildPhase section */
		1896121C1DF9544C0019EF52 /* Headers */ = {
			isa = PBXHeadersBuildPhase;
			buildActionMask = 2147483647;
			files = (
				183AB4ED1EEFD457005E17E7 /* UIView+YUAnimation.h in Headers */,
				183AB47A1EEFD457005E17E7 /* NSObject+YUJSON.h in Headers */,
				183AB4621EEFD456005E17E7 /* NSAttributedString+YU.h in Headers */,
				183AB4E51EEFD457005E17E7 /* UITableViewCell+YU.h in Headers */,
				183AB4921EEFD457005E17E7 /* YU_WGS84TOGCJ02.h in Headers */,
				183AB4CF1EEFD457005E17E7 /* UIBarButtonItem+YU.h in Headers */,
				183AB4A31EEFD457005E17E7 /* GCDQueue.h in Headers */,
				183AB4661EEFD457005E17E7 /* NSData+YU.h in Headers */,
				183AB4A51EEFD457005E17E7 /* GCDSemaphore.h in Headers */,
				183AB48E1EEFD457005E17E7 /* Base64.h in Headers */,
				183AB4721EEFD457005E17E7 /* NSNull+YU.h in Headers */,
				183AB4741EEFD457005E17E7 /* NSNumber+YU.h in Headers */,
				183AB4EF1EEFD457005E17E7 /* UIView+YUFrame.h in Headers */,
				183AB4F31EEFD457005E17E7 /* UIViewController+Console.h in Headers */,
				183AB4961EEFD457005E17E7 /* YU_UserDefaults.h in Headers */,
				183AB49A1EEFD457005E17E7 /* YU_Singleton.h in Headers */,
				183AB4761EEFD457005E17E7 /* NSObject+YU.h in Headers */,
				183AB4781EEFD457005E17E7 /* NSObject+YUFile.h in Headers */,
				183AB4821EEFD457005E17E7 /* NSString+YUCheck.h in Headers */,
				183AB5041EEFD457005E17E7 /* YU_TextView.h in Headers */,
				183AB4F91EEFD457005E17E7 /* UIWebView+YU.h in Headers */,
				183AB4CD1EEFD457005E17E7 /* UIApplication+YUShare.h in Headers */,
				183AB48C1EEFD457005E17E7 /* AddressBookObj.h in Headers */,
				183AB4C01EEFD457005E17E7 /* VALSynchronizableValet.h in Headers */,
				183AB48A1EEFD457005E17E7 /* AddressBook.h in Headers */,
				183AB4801EEFD457005E17E7 /* NSString+YU.h in Headers */,
				183AB4D11EEFD457005E17E7 /* UIButton+YU.h in Headers */,
				183AB4841EEFD457005E17E7 /* NSString+YUSize.h in Headers */,
				183AB5001EEFD457005E17E7 /* YU_AmountTextField.h in Headers */,
				183AB4E71EEFD457005E17E7 /* UITableViewHeaderFooterView+YU.h in Headers */,
				183AB4911EEFD457005E17E7 /* YU_MapCoordinateConversion.h in Headers */,
				183AB4601EEFD456005E17E7 /* NSArray+YU.h in Headers */,
				183AB4C91EEFD457005E17E7 /* UIAlertController+YU.h in Headers */,
				183AB4D91EEFD457005E17E7 /* UIImageView+YU.h in Headers */,
				183AB4A11EEFD457005E17E7 /* GCDMacros.h in Headers */,
				183AB46A1EEFD457005E17E7 /* NSDictionary+YU.h in Headers */,
				183AB4DF1EEFD457005E17E7 /* UIResponder+YU.h in Headers */,
				183AB5071EEFD457005E17E7 /* YUKit.h in Headers */,
				183AB49D1EEFD457005E17E7 /* YU_System.h in Headers */,
				183AB4641EEFD457005E17E7 /* NSCalendar+YU.h in Headers */,
				183AB4861EEFD457005E17E7 /* NSTimer+YU.h in Headers */,
				183AB5061EEFD457005E17E7 /* YU_UIKit.h in Headers */,
				183AB4E91EEFD457005E17E7 /* UITextField+YU.h in Headers */,
				183AB4FD1EEFD457005E17E7 /* SettingCell.h in Headers */,
				183AB46E1EEFD457005E17E7 /* NSFileManager+YU.h in Headers */,
				183AB5091EEFD457005E17E7 /* YUKitHeader.h in Headers */,
				183AB46C1EEFD457005E17E7 /* NSError+YU.h in Headers */,
				183AB4F11EEFD457005E17E7 /* UIView+YURotate360.h in Headers */,
				183AB49B1EEFD457005E17E7 /* YU_SysInfo.h in Headers */,
				183AB4C51EEFD457005E17E7 /* YUKeychain.h in Headers */,
				183AB4701EEFD457005E17E7 /* NSNotificationCenter+YU.h in Headers */,
				183AB4AA1EEFD457005E17E7 /* Reachability.h in Headers */,
				183AB50A1EEFD457005E17E7 /* YUMacro.h in Headers */,
				183AB4A71EEFD457005E17E7 /* GCDTimer.h in Headers */,
				183AB4DD1EEFD457005E17E7 /* UIPasteboard+YU.h in Headers */,
				183AB4FB1EEFD457005E17E7 /* UIWindow+YU.h in Headers */,
				183AB4EB1EEFD457005E17E7 /* UIView+YU.h in Headers */,
				183AB4681EEFD457005E17E7 /* NSDate+YU.h in Headers */,
				183AB4881EEFD457005E17E7 /* NSURL+YU.h in Headers */,
				183AB4A91EEFD457005E17E7 /* YU_Foundation.h in Headers */,
				183AB4941EEFD457005E17E7 /* TopLeftLabel.h in Headers */,
				183AB4BD1EEFD457005E17E7 /* ValetDefines.h in Headers */,
				183AB5021EEFD457005E17E7 /* YU_TableViewCell.h in Headers */,
				183AB4F71EEFD457005E17E7 /* UIViewController+YU.h in Headers */,
				183AB47C1EEFD457005E17E7 /* NSObject+YULog.h in Headers */,
				183AB4D31EEFD457005E17E7 /* UIColor+YU.h in Headers */,
				183AB4F51EEFD457005E17E7 /* UIViewController+Storyboard.h in Headers */,
				183AB49F1EEFD457005E17E7 /* GCDGroup.h in Headers */,
				183AB4E11EEFD457005E17E7 /* UIStoryboard+YU.h in Headers */,
				183AB4D71EEFD457005E17E7 /* UIImage+YU.h in Headers */,
				183AB4DB1EEFD457005E17E7 /* UINavigationController+YU.h in Headers */,
				183AB4981EEFD457005E17E7 /* YU_Device.h in Headers */,
				183AB4BE1EEFD457005E17E7 /* VALSecureEnclaveValet.h in Headers */,
				183AB4C41EEFD457005E17E7 /* VALValet_Protected.h in Headers */,
				183AB47E1EEFD457005E17E7 /* NSObject+YURuntime.h in Headers */,
				183AB4A21EEFD457005E17E7 /* GCDObjC.h in Headers */,
				183AB4E31EEFD457005E17E7 /* UITableView+YU.h in Headers */,
				183AB4BC1EEFD457005E17E7 /* Valet.h in Headers */,
				183AB4CB1EEFD457005E17E7 /* UIAlertView+YU.h in Headers */,
				183AB4D51EEFD457005E17E7 /* UIControl+YU.h in Headers */,
				183AB4C21EEFD457005E17E7 /* VALValet.h in Headers */,
			);
			runOnlyForDeploymentPostprocessing = 0;
		};
/* End PBXHeadersBuildPhase section */

/* Begin PBXNativeTarget section */
		1896121E1DF9544C0019EF52 /* YUKit */ = {
			isa = PBXNativeTarget;
			buildConfigurationList = 189612271DF9544C0019EF52 /* Build configuration list for PBXNativeTarget "YUKit" */;
			buildPhases = (
				1896121A1DF9544C0019EF52 /* Sources */,
				1896121B1DF9544C0019EF52 /* Frameworks */,
				1896121C1DF9544C0019EF52 /* Headers */,
				1896121D1DF9544C0019EF52 /* Resources */,
			);
			buildRules = (
			);
			dependencies = (
			);
			name = YUKit;
			productName = YUKit;
			productReference = 1896121F1DF9544C0019EF52 /* YUKit.framework */;
			productType = "com.apple.product-type.framework";
		};
/* End PBXNativeTarget section */

/* Begin PBXProject section */
		189612161DF9544C0019EF52 /* Project object */ = {
			isa = PBXProject;
			attributes = {
				LastUpgradeCheck = 0810;
				ORGANIZATIONNAME = BruceYu;
				TargetAttributes = {
					185C316F1E1F8E78002FC465 = {
						CreatedOnToolsVersion = 8.1;
						ProvisioningStyle = Automatic;
					};
					1896121E1DF9544C0019EF52 = {
						CreatedOnToolsVersion = 8.1;
						ProvisioningStyle = Automatic;
					};
				};
			};
			buildConfigurationList = 189612191DF9544C0019EF52 /* Build configuration list for PBXProject "YUKit" */;
			compatibilityVersion = "Xcode 3.2";
			developmentRegion = English;
			hasScannedForEncodings = 0;
			knownRegions = (
				en,
			);
			mainGroup = 189612151DF9544C0019EF52;
			productRefGroup = 189612201DF9544C0019EF52 /* Products */;
			projectDirPath = "";
			projectRoot = "";
			targets = (
				1896121E1DF9544C0019EF52 /* YUKit */,
				185C316F1E1F8E78002FC465 /* YUKitAggregate */,
			);
		};
/* End PBXProject section */

/* Begin PBXResourcesBuildPhase section */
		1896121D1DF9544C0019EF52 /* Resources */ = {
			isa = PBXResourcesBuildPhase;
			buildActionMask = 2147483647;
			files = (
				183AB5081EEFD457005E17E7 /* YUKit.podspec in Resources */,
				183AB4FF1EEFD457005E17E7 /* SettingCell.xib in Resources */,
			);
			runOnlyForDeploymentPostprocessing = 0;
		};
/* End PBXResourcesBuildPhase section */

/* Begin PBXShellScriptBuildPhase section */
		185C31751E1F8E84002FC465 /* ShellScript */ = {
			isa = PBXShellScriptBuildPhase;
			buildActionMask = 2147483647;
			files = (
			);
			inputPaths = (
			);
			outputPaths = (
			);
			runOnlyForDeploymentPostprocessing = 0;
			shellPath = /bin/sh;
			shellScript = "# Sets the target folders and the final framework product.\n# 如果工程名称和Framework的Target名称不一样的话，要自定义FMKNAME\n# 例如: FMK_NAME = \"MyFramework\"\nFMK_NAME=${PROJECT_NAME}\n# Install dir will be the final output to the framework.\n# The following line create it in the root folder of the current project.\nINSTALL_DIR=${SRCROOT}/Products/${FMK_NAME}.framework\n# Working dir will be deleted after the framework creation.\nWRK_DIR=build\nDEVICE_DIR=${WRK_DIR}/Release-iphoneos/${FMK_NAME}.framework\nSIMULATOR_DIR=${WRK_DIR}/Release-iphonesimulator/${FMK_NAME}.framework\n# -configuration ${CONFIGURATION}\n# Clean and Building both architectures.\nxcodebuild -configuration \"Release\" -target \"${FMK_NAME}\" -sdk iphoneos clean build\nxcodebuild -configuration \"Release\" -target \"${FMK_NAME}\" -sdk iphonesimulator clean build\n# Cleaning the oldest.\nif [ -d \"${INSTALL_DIR}\" ]\nthen\nrm -rf \"${INSTALL_DIR}\"\nfi\nmkdir -p \"${INSTALL_DIR}\"\ncp -R \"${DEVICE_DIR}/\" \"${INSTALL_DIR}/\"\n# Uses the Lipo Tool to merge both binary files (i386 + armv6/armv7) into one Universal final product.\nlipo -create \"${DEVICE_DIR}/${FMK_NAME}\" \"${SIMULATOR_DIR}/${FMK_NAME}\" -output \"${INSTALL_DIR}/${FMK_NAME}\"\nrm -r \"${WRK_DIR}\"\nopen \"${INSTALL_DIR}\"";
		};
/* End PBXShellScriptBuildPhase section */

/* Begin PBXSourcesBuildPhase section */
		1896121A1DF9544C0019EF52 /* Sources */ = {
			isa = PBXSourcesBuildPhase;
			buildActionMask = 2147483647;
			files = (
				183AB4A01EEFD457005E17E7 /* GCDGroup.m in Sources */,
				183AB46B1EEFD457005E17E7 /* NSDictionary+YU.m in Sources */,
				183AB4791EEFD457005E17E7 /* NSObject+YUFile.m in Sources */,
				183AB4EC1EEFD457005E17E7 /* UIView+YU.m in Sources */,
				183AB5011EEFD457005E17E7 /* YU_AmountTextField.m in Sources */,
				183AB4811EEFD457005E17E7 /* NSString+YU.m in Sources */,
				183AB4E81EEFD457005E17E7 /* UITableViewHeaderFooterView+YU.m in Sources */,
				183AB4D41EEFD457005E17E7 /* UIColor+YU.m in Sources */,
				183AB4A81EEFD457005E17E7 /* GCDTimer.m in Sources */,
				183AB5031EEFD457005E17E7 /* YU_TableViewCell.m in Sources */,
				183AB4DA1EEFD457005E17E7 /* UIImageView+YU.m in Sources */,
				183AB4771EEFD457005E17E7 /* NSObject+YU.m in Sources */,
				183AB4971EEFD457005E17E7 /* YU_UserDefaults.m in Sources */,
				183AB4951EEFD457005E17E7 /* TopLeftLabel.m in Sources */,
				183AB4F81EEFD457005E17E7 /* UIViewController+YU.m in Sources */,
				183AB4BF1EEFD457005E17E7 /* VALSecureEnclaveValet.m in Sources */,
				183AB4CC1EEFD457005E17E7 /* UIAlertView+YU.m in Sources */,
				183AB4F01EEFD457005E17E7 /* UIView+YUFrame.m in Sources */,
				183AB4A41EEFD457005E17E7 /* GCDQueue.m in Sources */,
				183AB4991EEFD457005E17E7 /* YU_Device.m in Sources */,
				183AB4C81EEFD457005E17E7 /* Readme.md in Sources */,
				183AB4FE1EEFD457005E17E7 /* SettingCell.m in Sources */,
				183AB46D1EEFD457005E17E7 /* NSError+YU.m in Sources */,
				183AB49E1EEFD457005E17E7 /* YU_System.m in Sources */,
				183AB4C31EEFD457005E17E7 /* VALValet.m in Sources */,
				183AB4E01EEFD457005E17E7 /* UIResponder+YU.m in Sources */,
				183AB4DC1EEFD457005E17E7 /* UINavigationController+YU.m in Sources */,
				183AB4EE1EEFD457005E17E7 /* UIView+YUAnimation.m in Sources */,
				183AB4D21EEFD457005E17E7 /* UIButton+YU.m in Sources */,
				183AB4C61EEFD457005E17E7 /* YUKeychain.m in Sources */,
				183AB47F1EEFD457005E17E7 /* NSObject+YURuntime.m in Sources */,
				183AB46F1EEFD457005E17E7 /* NSFileManager+YU.m in Sources */,
				183AB4851EEFD457005E17E7 /* NSString+YUSize.m in Sources */,
				183AB4611EEFD456005E17E7 /* NSArray+YU.m in Sources */,
				183AB4A61EEFD457005E17E7 /* GCDSemaphore.m in Sources */,
				183AB48B1EEFD457005E17E7 /* AddressBook.m in Sources */,
				183AB4EA1EEFD457005E17E7 /* UITextField+YU.m in Sources */,
				183AB5051EEFD457005E17E7 /* YU_TextView.m in Sources */,
				183AB4901EEFD457005E17E7 /* YU_MapCoordinateConversion.cpp in Sources */,
				183AB4CE1EEFD457005E17E7 /* UIApplication+YUShare.m in Sources */,
				183AB4931EEFD457005E17E7 /* YU_WGS84TOGCJ02.m in Sources */,
				183AB4D01EEFD457005E17E7 /* UIBarButtonItem+YU.m in Sources */,
				183AB4831EEFD457005E17E7 /* NSString+YUCheck.m in Sources */,
				183AB4751EEFD457005E17E7 /* NSNumber+YU.m in Sources */,
				183AB48D1EEFD457005E17E7 /* AddressBookObj.m in Sources */,
				183AB4C11EEFD457005E17E7 /* VALSynchronizableValet.m in Sources */,
				183AB4E61EEFD457005E17E7 /* UITableViewCell+YU.m in Sources */,
				183AB4711EEFD457005E17E7 /* NSNotificationCenter+YU.m in Sources */,
				183AB4CA1EEFD457005E17E7 /* UIAlertController+YU.m in Sources */,
				183AB4631EEFD456005E17E7 /* NSAttributedString+YU.m in Sources */,
				183AB4D61EEFD457005E17E7 /* UIControl+YU.m in Sources */,
				183AB4E21EEFD457005E17E7 /* UIStoryboard+YU.m in Sources */,
				183AB47D1EEFD457005E17E7 /* NSObject+YULog.m in Sources */,
				183AB48F1EEFD457005E17E7 /* Base64.m in Sources */,
				183AB4671EEFD457005E17E7 /* NSData+YU.m in Sources */,
				183AB4731EEFD457005E17E7 /* NSNull+YU.m in Sources */,
				183AB4F41EEFD457005E17E7 /* UIViewController+Console.m in Sources */,
				183AB4D81EEFD457005E17E7 /* UIImage+YU.m in Sources */,
				183AB47B1EEFD457005E17E7 /* NSObject+YUJSON.m in Sources */,
				183AB4E41EEFD457005E17E7 /* UITableView+YU.m in Sources */,
				183AB4FC1EEFD457005E17E7 /* UIWindow+YU.m in Sources */,
				183AB49C1EEFD457005E17E7 /* YU_SysInfo.m in Sources */,
				183AB4DE1EEFD457005E17E7 /* UIPasteboard+YU.m in Sources */,
				183AB4651EEFD457005E17E7 /* NSCalendar+YU.m in Sources */,
				183AB4871EEFD457005E17E7 /* NSTimer+YU.m in Sources */,
				183AB4F61EEFD457005E17E7 /* UIViewController+Storyboard.m in Sources */,
				183AB4891EEFD457005E17E7 /* NSURL+YU.m in Sources */,
				183AB4F21EEFD457005E17E7 /* UIView+YURotate360.m in Sources */,
				183AB4AB1EEFD457005E17E7 /* Reachability.m in Sources */,
				183AB4691EEFD457005E17E7 /* NSDate+YU.m in Sources */,
				183AB4FA1EEFD457005E17E7 /* UIWebView+YU.m in Sources */,
			);
			runOnlyForDeploymentPostprocessing = 0;
		};
/* End PBXSourcesBuildPhase section */

/* Begin PBXTargetDependency section */
		185C31741E1F8E82002FC465 /* PBXTargetDependency */ = {
			isa = PBXTargetDependency;
			target = 1896121E1DF9544C0019EF52 /* YUKit */;
			targetProxy = 185C31731E1F8E82002FC465 /* PBXContainerItemProxy */;
		};
/* End PBXTargetDependency section */

/* Begin XCBuildConfiguration section */
		185C31711E1F8E78002FC465 /* Debug */ = {
			isa = XCBuildConfiguration;
			buildSettings = {
				PRODUCT_NAME = "$(TARGET_NAME)";
			};
			name = Debug;
		};
		185C31721E1F8E78002FC465 /* Release */ = {
			isa = XCBuildConfiguration;
			buildSettings = {
				PRODUCT_NAME = "$(TARGET_NAME)";
			};
			name = Release;
		};
		189612251DF9544C0019EF52 /* Debug */ = {
			isa = XCBuildConfiguration;
			buildSettings = {
				ALWAYS_SEARCH_USER_PATHS = NO;
				CLANG_ANALYZER_NONNULL = YES;
				CLANG_CXX_LANGUAGE_STANDARD = "gnu++0x";
				CLANG_CXX_LIBRARY = "libc++";
				CLANG_ENABLE_MODULES = YES;
				CLANG_ENABLE_OBJC_ARC = YES;
				CLANG_WARN_BOOL_CONVERSION = YES;
				CLANG_WARN_CONSTANT_CONVERSION = YES;
				CLANG_WARN_DIRECT_OBJC_ISA_USAGE = YES_ERROR;
				CLANG_WARN_DOCUMENTATION_COMMENTS = YES;
				CLANG_WARN_EMPTY_BODY = YES;
				CLANG_WARN_ENUM_CONVERSION = YES;
				CLANG_WARN_INFINITE_RECURSION = YES;
				CLANG_WARN_INT_CONVERSION = YES;
				CLANG_WARN_OBJC_ROOT_CLASS = YES_ERROR;
				CLANG_WARN_SUSPICIOUS_MOVE = YES;
				CLANG_WARN_SUSPICIOUS_MOVES = YES;
				CLANG_WARN_UNREACHABLE_CODE = YES;
				CLANG_WARN__DUPLICATE_METHOD_MATCH = YES;
				"CODE_SIGN_IDENTITY[sdk=iphoneos*]" = "iPhone Developer";
				COPY_PHASE_STRIP = NO;
				CURRENT_PROJECT_VERSION = 1;
				DEBUG_INFORMATION_FORMAT = dwarf;
				ENABLE_STRICT_OBJC_MSGSEND = YES;
				ENABLE_TESTABILITY = YES;
				GCC_C_LANGUAGE_STANDARD = gnu99;
				GCC_DYNAMIC_NO_PIC = NO;
				GCC_NO_COMMON_BLOCKS = YES;
				GCC_OPTIMIZATION_LEVEL = 0;
				GCC_PREPROCESSOR_DEFINITIONS = (
					"DEBUG=1",
					"$(inherited)",
				);
				GCC_WARN_64_TO_32_BIT_CONVERSION = YES;
				GCC_WARN_ABOUT_RETURN_TYPE = YES_ERROR;
				GCC_WARN_UNDECLARED_SELECTOR = YES;
				GCC_WARN_UNINITIALIZED_AUTOS = YES_AGGRESSIVE;
				GCC_WARN_UNUSED_FUNCTION = YES;
				GCC_WARN_UNUSED_VARIABLE = YES;
				IPHONEOS_DEPLOYMENT_TARGET = 10.1;
				MTL_ENABLE_DEBUG_INFO = YES;
				ONLY_ACTIVE_ARCH = YES;
				SDKROOT = iphoneos;
				TARGETED_DEVICE_FAMILY = "1,2";
				VERSIONING_SYSTEM = "apple-generic";
				VERSION_INFO_PREFIX = "";
			};
			name = Debug;
		};
		189612261DF9544C0019EF52 /* Release */ = {
			isa = XCBuildConfiguration;
			buildSettings = {
				ALWAYS_SEARCH_USER_PATHS = NO;
				CLANG_ANALYZER_NONNULL = YES;
				CLANG_CXX_LANGUAGE_STANDARD = "gnu++0x";
				CLANG_CXX_LIBRARY = "libc++";
				CLANG_ENABLE_MODULES = YES;
				CLANG_ENABLE_OBJC_ARC = YES;
				CLANG_WARN_BOOL_CONVERSION = YES;
				CLANG_WARN_CONSTANT_CONVERSION = YES;
				CLANG_WARN_DIRECT_OBJC_ISA_USAGE = YES_ERROR;
				CLANG_WARN_DOCUMENTATION_COMMENTS = YES;
				CLANG_WARN_EMPTY_BODY = YES;
				CLANG_WARN_ENUM_CONVERSION = YES;
				CLANG_WARN_INFINITE_RECURSION = YES;
				CLANG_WARN_INT_CONVERSION = YES;
				CLANG_WARN_OBJC_ROOT_CLASS = YES_ERROR;
				CLANG_WARN_SUSPICIOUS_MOVE = YES;
				CLANG_WARN_SUSPICIOUS_MOVES = YES;
				CLANG_WARN_UNREACHABLE_CODE = YES;
				CLANG_WARN__DUPLICATE_METHOD_MATCH = YES;
				"CODE_SIGN_IDENTITY[sdk=iphoneos*]" = "iPhone Developer";
				COPY_PHASE_STRIP = NO;
				CURRENT_PROJECT_VERSION = 1;
				DEBUG_INFORMATION_FORMAT = "dwarf-with-dsym";
				ENABLE_NS_ASSERTIONS = NO;
				ENABLE_STRICT_OBJC_MSGSEND = YES;
				GCC_C_LANGUAGE_STANDARD = gnu99;
				GCC_NO_COMMON_BLOCKS = YES;
				GCC_WARN_64_TO_32_BIT_CONVERSION = YES;
				GCC_WARN_ABOUT_RETURN_TYPE = YES_ERROR;
				GCC_WARN_UNDECLARED_SELECTOR = YES;
				GCC_WARN_UNINITIALIZED_AUTOS = YES_AGGRESSIVE;
				GCC_WARN_UNUSED_FUNCTION = YES;
				GCC_WARN_UNUSED_VARIABLE = YES;
				IPHONEOS_DEPLOYMENT_TARGET = 10.1;
				MTL_ENABLE_DEBUG_INFO = NO;
				SDKROOT = iphoneos;
				TARGETED_DEVICE_FAMILY = "1,2";
				VALIDATE_PRODUCT = YES;
				VERSIONING_SYSTEM = "apple-generic";
				VERSION_INFO_PREFIX = "";
			};
			name = Release;
		};
		189612281DF9544C0019EF52 /* Debug */ = {
			isa = XCBuildConfiguration;
			buildSettings = {
				CODE_SIGN_IDENTITY = "";
				DEFINES_MODULE = YES;
				DYLIB_COMPATIBILITY_VERSION = 1;
				DYLIB_CURRENT_VERSION = 1;
				DYLIB_INSTALL_NAME_BASE = "@rpath";
				FRAMEWORK_SEARCH_PATHS = (
					"$(inherited)",
					"$(PROJECT_DIR)/YUKit/framework",
				);
				INFOPLIST_FILE = Info.plist;
				INSTALL_PATH = "$(LOCAL_LIBRARY_DIR)/Frameworks";
				IPHONEOS_DEPLOYMENT_TARGET = 8.0;
				LD_RUNPATH_SEARCH_PATHS = "$(inherited) @executable_path/Frameworks @loader_path/Frameworks";
				MACH_O_TYPE = staticlib;
				PRODUCT_BUNDLE_IDENTIFIER = com.hme.YUKit;
				PRODUCT_NAME = "$(TARGET_NAME)";
				SKIP_INSTALL = YES;
			};
			name = Debug;
		};
		189612291DF9544C0019EF52 /* Release */ = {
			isa = XCBuildConfiguration;
			buildSettings = {
				CODE_SIGN_IDENTITY = "";
				DEFINES_MODULE = YES;
				DYLIB_COMPATIBILITY_VERSION = 1;
				DYLIB_CURRENT_VERSION = 1;
				DYLIB_INSTALL_NAME_BASE = "@rpath";
				FRAMEWORK_SEARCH_PATHS = (
					"$(inherited)",
					"$(PROJECT_DIR)/YUKit/framework",
				);
				INFOPLIST_FILE = Info.plist;
				INSTALL_PATH = "$(LOCAL_LIBRARY_DIR)/Frameworks";
				IPHONEOS_DEPLOYMENT_TARGET = 8.0;
				LD_RUNPATH_SEARCH_PATHS = "$(inherited) @executable_path/Frameworks @loader_path/Frameworks";
				MACH_O_TYPE = staticlib;
				PRODUCT_BUNDLE_IDENTIFIER = com.hme.YUKit;
				PRODUCT_NAME = "$(TARGET_NAME)";
				SKIP_INSTALL = YES;
			};
			name = Release;
		};
/* End XCBuildConfiguration section */

/* Begin XCConfigurationList section */
		185C31701E1F8E78002FC465 /* Build configuration list for PBXAggregateTarget "YUKitAggregate" */ = {
			isa = XCConfigurationList;
			buildConfigurations = (
				185C31711E1F8E78002FC465 /* Debug */,
				185C31721E1F8E78002FC465 /* Release */,
			);
			defaultConfigurationIsVisible = 0;
			defaultConfigurationName = Release;
		};
		189612191DF9544C0019EF52 /* Build configuration list for PBXProject "YUKit" */ = {
			isa = XCConfigurationList;
			buildConfigurations = (
				189612251DF9544C0019EF52 /* Debug */,
				189612261DF9544C0019EF52 /* Release */,
			);
			defaultConfigurationIsVisible = 0;
			defaultConfigurationName = Release;
		};
		189612271DF9544C0019EF52 /* Build configuration list for PBXNativeTarget "YUKit" */ = {
			isa = XCConfigurationList;
			buildConfigurations = (
				189612281DF9544C0019EF52 /* Debug */,
				189612291DF9544C0019EF52 /* Release */,
			);
			defaultConfigurationIsVisible = 0;
			defaultConfigurationName = Release;
		};
/* End XCConfigurationList section */
	};
	rootObject = 189612161DF9544C0019EF52 /* Project object */;
}
